
Microsoft Visual Studio Solution File, Format Version 12.00
# Visual Studio 2013
VisualStudioVersion = 12.0.21005.1
MinimumVisualStudioVersion = 10.0.40219.1
Project("{2150E333-8FDC-42A3-9474-1A3956D46DE8}") = "scripts", "scripts", "{189961D1-DFF4-406A-9D42-39B61221A73A}"
	ProjectSection(SolutionItems) = preProject
		scripts\k-install.cmd = scripts\k-install.cmd
		scripts\k-restore.cmd = scripts\k-restore.cmd
		scripts\k-run.cmd = scripts\k-run.cmd
		scripts\k.cmd = scripts\k.cmd
		scripts\klr.cmd = scripts\klr.cmd
	EndProjectSection
EndProject
Project("{2150E333-8FDC-42A3-9474-1A3956D46DE8}") = "host", "host", "{13ED5001-B871-4BC3-8499-29607F596C7C}"
EndProject
Project("{8BC9CEB8-8B4A-11D0-8D11-00A0C91BC942}") = "klr.core45", "src\klr.core45\klr.core45.vcxproj", "{1F31D08E-DE21-48F6-ADE3-315EA6268DD1}"
EndProject
Project("{8BC9CEB8-8B4A-11D0-8D11-00A0C91BC942}") = "klr.net45", "src\klr.net45\klr.net45.vcxproj", "{0E4CB542-5E58-4D24-9CAE-DAC83D932DBE}"
EndProject
Project("{8BC9CEB8-8B4A-11D0-8D11-00A0C91BC942}") = "klr", "src\klr\klr.vcxproj", "{D0E2FB09-0FEA-478A-9068-D6AA420C6DED}"
	ProjectSection(ProjectDependencies) = postProject
		{4BC51937-6B28-450C-8A97-C2A01A2B4F28} = {4BC51937-6B28-450C-8A97-C2A01A2B4F28}
		{8AC20D8B-5538-4B99-8869-C1006D79E477} = {8AC20D8B-5538-4B99-8869-C1006D79E477}
	EndProjectSection
EndProject
Project("{2150E333-8FDC-42A3-9474-1A3956D46DE8}") = "test", "test", "{C43EE429-DE10-4906-BB09-54E6A080948A}"
EndProject
Project("{2150E333-8FDC-42A3-9474-1A3956D46DE8}") = "src", "src", "{AF391791-F4B7-41AC-8F08-9485DAC543C5}"
EndProject
Project("{FAE04EC0-301F-11D3-BF4B-00C04F79EFBC}") = "Microsoft.Net.Runtime.Tests", "test\Microsoft.Net.Runtime.Tests\Microsoft.Net.Runtime.Tests.csproj", "{FB272D58-D5FD-41D1-9E02-BCE17FD97F0E}"
EndProject
Project("{2150E333-8FDC-42A3-9474-1A3956D46DE8}") = "samples", "samples", "{3F68EE40-3C6A-4FD1-B057-0427A9BF88BE}"
EndProject
Project("{FAE04EC0-301F-11D3-BF4B-00C04F79EFBC}") = "HelloWorld.net45", "samples\HelloWorld\HelloWorld.net45.csproj", "{436B9D31-FB98-40B9-AD3D-1406C688AC17}"
EndProject
Project("{FAE04EC0-301F-11D3-BF4B-00C04F79EFBC}") = "HelloWorld.k10", "samples\HelloWorld\HelloWorld.k10.csproj", "{C76FD597-7563-4905-BE33-64E87B938D6C}"
EndProject
Project("{FAE04EC0-301F-11D3-BF4B-00C04F79EFBC}") = "Microsoft.Net.ApplicationHost.net45", "src\Microsoft.Net.ApplicationHost\Microsoft.Net.ApplicationHost.net45.csproj", "{A896F2E6-55D8-4C60-9A95-E84D28884381}"
EndProject
Project("{FAE04EC0-301F-11D3-BF4B-00C04F79EFBC}") = "Microsoft.Net.ApplicationHost.k10", "src\Microsoft.Net.ApplicationHost\Microsoft.Net.ApplicationHost.k10.csproj", "{8001EDDE-E60A-4EC9-AE38-8674C0A99102}"
EndProject
Project("{FAE04EC0-301F-11D3-BF4B-00C04F79EFBC}") = "Microsoft.Net.Project.net45", "src\Microsoft.Net.Project\Microsoft.Net.Project.net45.csproj", "{FCDF5352-94C2-484B-93BE-7C9B38972C0E}"
EndProject
Project("{FAE04EC0-301F-11D3-BF4B-00C04F79EFBC}") = "Microsoft.Net.Project.k10", "src\Microsoft.Net.Project\Microsoft.Net.Project.k10.csproj", "{47F74AF1-31F7-43D4-9248-FC9B2E7A024C}"
EndProject
Project("{FAE04EC0-301F-11D3-BF4B-00C04F79EFBC}") = "Microsoft.Net.Runtime.net45", "src\Microsoft.Net.Runtime\Microsoft.Net.Runtime.net45.csproj", "{0C49C30A-2EEE-4194-8C04-A76898FBC9B4}"
EndProject
Project("{FAE04EC0-301F-11D3-BF4B-00C04F79EFBC}") = "Microsoft.Net.Runtime.k10", "src\Microsoft.Net.Runtime\Microsoft.Net.Runtime.k10.csproj", "{348F4700-A941-4C22-88C7-7453397FE39C}"
EndProject
Project("{FAE04EC0-301F-11D3-BF4B-00C04F79EFBC}") = "Microsoft.Net.Runtime.Interfaces.net45", "src\Microsoft.Net.Runtime.Interfaces\Microsoft.Net.Runtime.Interfaces.net45.csproj", "{9A85B421-066F-4B82-8DF7-608C91800E8A}"
EndProject
Project("{FAE04EC0-301F-11D3-BF4B-00C04F79EFBC}") = "Microsoft.Net.Runtime.Interfaces.k10", "src\Microsoft.Net.Runtime.Interfaces\Microsoft.Net.Runtime.Interfaces.k10.csproj", "{BE2A9418-6793-45AD-997D-D16939C124CF}"
EndProject
Project("{FAE04EC0-301F-11D3-BF4B-00C04F79EFBC}") = "klr.host.net45", "src\klr.host\klr.host.net45.csproj", "{4DE8DA58-0DB9-463D-A466-7DCAF5558D12}"
EndProject
Project("{FAE04EC0-301F-11D3-BF4B-00C04F79EFBC}") = "klr.host.k10", "src\klr.host\klr.host.k10.csproj", "{1BBF4B23-E925-446C-8BB6-09735F5CF437}"
EndProject
Project("{FAE04EC0-301F-11D3-BF4B-00C04F79EFBC}") = "klr.core45.managed.k10", "src\klr.core45.managed\klr.core45.managed.k10.csproj", "{4BC51937-6B28-450C-8A97-C2A01A2B4F28}"
EndProject
Project("{2150E333-8FDC-42A3-9474-1A3956D46DE8}") = "k10", "k10", "{5039CD22-2FCF-47EB-BD9C-42802559D1B2}"
EndProject
Project("{2150E333-8FDC-42A3-9474-1A3956D46DE8}") = "net45", "net45", "{23F2810D-899E-4BA5-8E06-22C517179AEC}"
EndProject
Project("{2150E333-8FDC-42A3-9474-1A3956D46DE8}") = "k10", "k10", "{EBAB4F47-869C-4F52-98A2-31CBAFE814DE}"
EndProject
Project("{2150E333-8FDC-42A3-9474-1A3956D46DE8}") = "net45", "net45", "{D04E68D2-2E19-485B-8C81-0D1684433CCE}"
EndProject
Project("{FAE04EC0-301F-11D3-BF4B-00C04F79EFBC}") = "Microsoft.Net.Runtime.Roslyn.net45", "src\Microsoft.Net.Runtime.Roslyn\Microsoft.Net.Runtime.Roslyn.net45.csproj", "{7628CE0A-92B6-40F3-9EE8-B144A502BACA}"
EndProject
Project("{FAE04EC0-301F-11D3-BF4B-00C04F79EFBC}") = "Microsoft.Net.Runtime.Roslyn.k10", "src\Microsoft.Net.Runtime.Roslyn\Microsoft.Net.Runtime.Roslyn.k10.csproj", "{B1F2DB96-16D4-4077-ABE9-FF39ABCB5BD2}"
EndProject
Project("{FAE04EC0-301F-11D3-BF4B-00C04F79EFBC}") = "Microsoft.Net.Runtime.Common.net45", "src\Microsoft.Net.Runtime.Common\Microsoft.Net.Runtime.Common.net45.csproj", "{0AB646A5-3B4B-42BE-AC8F-1265A97799EB}"
EndProject
Project("{FAE04EC0-301F-11D3-BF4B-00C04F79EFBC}") = "Microsoft.Net.Runtime.Common.k10", "src\Microsoft.Net.Runtime.Common\Microsoft.Net.Runtime.Common.k10.csproj", "{EA4B728C-435F-495E-84E6-C12C790C315F}"
EndProject
Project("{FAE04EC0-301F-11D3-BF4B-00C04F79EFBC}") = "klr.net45.managed.net45", "src\klr.net45.managed\klr.net45.managed.net45.csproj", "{8AC20D8B-5538-4B99-8869-C1006D79E477}"
EndProject
Project("{FAE04EC0-301F-11D3-BF4B-00C04F79EFBC}") = "Microsoft.Net.DesignTimeHost.net45", "src\Microsoft.Net.DesignTimeHost\Microsoft.Net.DesignTimeHost.net45.csproj", "{F3BE831C-8491-4736-B5C8-7963D312668F}"
EndProject
Project("{FAE04EC0-301F-11D3-BF4B-00C04F79EFBC}") = "Microsoft.Net.DesignTimeHost.k10", "src\Microsoft.Net.DesignTimeHost\Microsoft.Net.DesignTimeHost.k10.csproj", "{838A804F-954D-4F23-97D7-24D6FAC0B1FA}"
EndProject
Global
	GlobalSection(SolutionConfigurationPlatforms) = preSolution
		Debug|Any CPU = Debug|Any CPU
		Debug|Mixed Platforms = Debug|Mixed Platforms
		Debug|Win32 = Debug|Win32
		Debug|x64 = Debug|x64
		Release|Any CPU = Release|Any CPU
		Release|Mixed Platforms = Release|Mixed Platforms
		Release|Win32 = Release|Win32
		Release|x64 = Release|x64
	EndGlobalSection
	GlobalSection(ProjectConfigurationPlatforms) = postSolution
		{1F31D08E-DE21-48F6-ADE3-315EA6268DD1}.Debug|Any CPU.ActiveCfg = Debug|Win32
		{1F31D08E-DE21-48F6-ADE3-315EA6268DD1}.Debug|Mixed Platforms.ActiveCfg = Debug|Win32
		{1F31D08E-DE21-48F6-ADE3-315EA6268DD1}.Debug|Mixed Platforms.Build.0 = Debug|Win32
		{1F31D08E-DE21-48F6-ADE3-315EA6268DD1}.Debug|Win32.ActiveCfg = Debug|Win32
		{1F31D08E-DE21-48F6-ADE3-315EA6268DD1}.Debug|Win32.Build.0 = Debug|Win32
		{1F31D08E-DE21-48F6-ADE3-315EA6268DD1}.Debug|x64.ActiveCfg = Debug|x64
		{1F31D08E-DE21-48F6-ADE3-315EA6268DD1}.Debug|x64.Build.0 = Debug|x64
		{1F31D08E-DE21-48F6-ADE3-315EA6268DD1}.Release|Any CPU.ActiveCfg = Release|Win32
		{1F31D08E-DE21-48F6-ADE3-315EA6268DD1}.Release|Mixed Platforms.ActiveCfg = Release|Win32
		{1F31D08E-DE21-48F6-ADE3-315EA6268DD1}.Release|Mixed Platforms.Build.0 = Release|Win32
		{1F31D08E-DE21-48F6-ADE3-315EA6268DD1}.Release|Win32.ActiveCfg = Release|Win32
		{1F31D08E-DE21-48F6-ADE3-315EA6268DD1}.Release|Win32.Build.0 = Release|Win32
		{1F31D08E-DE21-48F6-ADE3-315EA6268DD1}.Release|x64.ActiveCfg = Release|x64
		{0E4CB542-5E58-4D24-9CAE-DAC83D932DBE}.Debug|Any CPU.ActiveCfg = Debug|Win32
		{0E4CB542-5E58-4D24-9CAE-DAC83D932DBE}.Debug|Mixed Platforms.ActiveCfg = Debug|Win32
		{0E4CB542-5E58-4D24-9CAE-DAC83D932DBE}.Debug|Mixed Platforms.Build.0 = Debug|Win32
		{0E4CB542-5E58-4D24-9CAE-DAC83D932DBE}.Debug|Win32.ActiveCfg = Debug|Win32
		{0E4CB542-5E58-4D24-9CAE-DAC83D932DBE}.Debug|Win32.Build.0 = Debug|Win32
		{0E4CB542-5E58-4D24-9CAE-DAC83D932DBE}.Debug|x64.ActiveCfg = Debug|x64
		{0E4CB542-5E58-4D24-9CAE-DAC83D932DBE}.Debug|x64.Build.0 = Debug|x64
		{0E4CB542-5E58-4D24-9CAE-DAC83D932DBE}.Release|Any CPU.ActiveCfg = Release|Win32
		{0E4CB542-5E58-4D24-9CAE-DAC83D932DBE}.Release|Mixed Platforms.ActiveCfg = Release|Win32
		{0E4CB542-5E58-4D24-9CAE-DAC83D932DBE}.Release|Mixed Platforms.Build.0 = Release|Win32
		{0E4CB542-5E58-4D24-9CAE-DAC83D932DBE}.Release|Win32.ActiveCfg = Release|Win32
		{0E4CB542-5E58-4D24-9CAE-DAC83D932DBE}.Release|Win32.Build.0 = Release|Win32
		{0E4CB542-5E58-4D24-9CAE-DAC83D932DBE}.Release|x64.ActiveCfg = Release|x64
		{D0E2FB09-0FEA-478A-9068-D6AA420C6DED}.Debug|Any CPU.ActiveCfg = Debug|Win32
		{D0E2FB09-0FEA-478A-9068-D6AA420C6DED}.Debug|Mixed Platforms.ActiveCfg = Debug|Win32
		{D0E2FB09-0FEA-478A-9068-D6AA420C6DED}.Debug|Mixed Platforms.Build.0 = Debug|Win32
		{D0E2FB09-0FEA-478A-9068-D6AA420C6DED}.Debug|Win32.ActiveCfg = Debug|Win32
		{D0E2FB09-0FEA-478A-9068-D6AA420C6DED}.Debug|Win32.Build.0 = Debug|Win32
		{D0E2FB09-0FEA-478A-9068-D6AA420C6DED}.Debug|x64.ActiveCfg = Debug|x64
		{D0E2FB09-0FEA-478A-9068-D6AA420C6DED}.Debug|x64.Build.0 = Debug|x64
		{D0E2FB09-0FEA-478A-9068-D6AA420C6DED}.Release|Any CPU.ActiveCfg = Release|Win32
		{D0E2FB09-0FEA-478A-9068-D6AA420C6DED}.Release|Mixed Platforms.ActiveCfg = Release|Win32
		{D0E2FB09-0FEA-478A-9068-D6AA420C6DED}.Release|Mixed Platforms.Build.0 = Release|Win32
		{D0E2FB09-0FEA-478A-9068-D6AA420C6DED}.Release|Win32.ActiveCfg = Release|Win32
		{D0E2FB09-0FEA-478A-9068-D6AA420C6DED}.Release|Win32.Build.0 = Release|Win32
		{D0E2FB09-0FEA-478A-9068-D6AA420C6DED}.Release|x64.ActiveCfg = Release|x64
		{FB272D58-D5FD-41D1-9E02-BCE17FD97F0E}.Debug|Any CPU.ActiveCfg = Debug|Any CPU
		{FB272D58-D5FD-41D1-9E02-BCE17FD97F0E}.Debug|Any CPU.Build.0 = Debug|Any CPU
		{FB272D58-D5FD-41D1-9E02-BCE17FD97F0E}.Debug|Mixed Platforms.ActiveCfg = Debug|Any CPU
		{FB272D58-D5FD-41D1-9E02-BCE17FD97F0E}.Debug|Mixed Platforms.Build.0 = Debug|Any CPU
		{FB272D58-D5FD-41D1-9E02-BCE17FD97F0E}.Debug|Win32.ActiveCfg = Debug|Any CPU
		{FB272D58-D5FD-41D1-9E02-BCE17FD97F0E}.Debug|x64.ActiveCfg = Debug|Any CPU
		{FB272D58-D5FD-41D1-9E02-BCE17FD97F0E}.Release|Any CPU.ActiveCfg = Release|Any CPU
		{FB272D58-D5FD-41D1-9E02-BCE17FD97F0E}.Release|Any CPU.Build.0 = Release|Any CPU
		{FB272D58-D5FD-41D1-9E02-BCE17FD97F0E}.Release|Mixed Platforms.ActiveCfg = Release|Any CPU
		{FB272D58-D5FD-41D1-9E02-BCE17FD97F0E}.Release|Mixed Platforms.Build.0 = Release|Any CPU
		{FB272D58-D5FD-41D1-9E02-BCE17FD97F0E}.Release|Win32.ActiveCfg = Release|Any CPU
		{FB272D58-D5FD-41D1-9E02-BCE17FD97F0E}.Release|x64.ActiveCfg = Release|Any CPU
		{436B9D31-FB98-40B9-AD3D-1406C688AC17}.Debug|Any CPU.ActiveCfg = Debug|Any CPU
		{436B9D31-FB98-40B9-AD3D-1406C688AC17}.Debug|Any CPU.Build.0 = Debug|Any CPU
		{436B9D31-FB98-40B9-AD3D-1406C688AC17}.Debug|Mixed Platforms.ActiveCfg = Debug|Any CPU
		{436B9D31-FB98-40B9-AD3D-1406C688AC17}.Debug|Mixed Platforms.Build.0 = Debug|Any CPU
		{436B9D31-FB98-40B9-AD3D-1406C688AC17}.Debug|Win32.ActiveCfg = Debug|Any CPU
		{436B9D31-FB98-40B9-AD3D-1406C688AC17}.Debug|x64.ActiveCfg = Debug|Any CPU
		{436B9D31-FB98-40B9-AD3D-1406C688AC17}.Release|Any CPU.ActiveCfg = Release|Any CPU
		{436B9D31-FB98-40B9-AD3D-1406C688AC17}.Release|Any CPU.Build.0 = Release|Any CPU
		{436B9D31-FB98-40B9-AD3D-1406C688AC17}.Release|Mixed Platforms.ActiveCfg = Release|Any CPU
		{436B9D31-FB98-40B9-AD3D-1406C688AC17}.Release|Mixed Platforms.Build.0 = Release|Any CPU
		{436B9D31-FB98-40B9-AD3D-1406C688AC17}.Release|Win32.ActiveCfg = Release|Any CPU
		{436B9D31-FB98-40B9-AD3D-1406C688AC17}.Release|x64.ActiveCfg = Release|Any CPU
		{C76FD597-7563-4905-BE33-64E87B938D6C}.Debug|Any CPU.ActiveCfg = Debug|Any CPU
		{C76FD597-7563-4905-BE33-64E87B938D6C}.Debug|Any CPU.Build.0 = Debug|Any CPU
		{C76FD597-7563-4905-BE33-64E87B938D6C}.Debug|Mixed Platforms.ActiveCfg = Debug|Any CPU
		{C76FD597-7563-4905-BE33-64E87B938D6C}.Debug|Mixed Platforms.Build.0 = Debug|Any CPU
		{C76FD597-7563-4905-BE33-64E87B938D6C}.Debug|Win32.ActiveCfg = Debug|Any CPU
		{C76FD597-7563-4905-BE33-64E87B938D6C}.Debug|x64.ActiveCfg = Debug|Any CPU
		{C76FD597-7563-4905-BE33-64E87B938D6C}.Release|Any CPU.ActiveCfg = Release|Any CPU
		{C76FD597-7563-4905-BE33-64E87B938D6C}.Release|Any CPU.Build.0 = Release|Any CPU
		{C76FD597-7563-4905-BE33-64E87B938D6C}.Release|Mixed Platforms.ActiveCfg = Release|Any CPU
		{C76FD597-7563-4905-BE33-64E87B938D6C}.Release|Mixed Platforms.Build.0 = Release|Any CPU
		{C76FD597-7563-4905-BE33-64E87B938D6C}.Release|Win32.ActiveCfg = Release|Any CPU
		{C76FD597-7563-4905-BE33-64E87B938D6C}.Release|x64.ActiveCfg = Release|Any CPU
		{A896F2E6-55D8-4C60-9A95-E84D28884381}.Debug|Any CPU.ActiveCfg = Debug|Any CPU
		{A896F2E6-55D8-4C60-9A95-E84D28884381}.Debug|Any CPU.Build.0 = Debug|Any CPU
		{A896F2E6-55D8-4C60-9A95-E84D28884381}.Debug|Mixed Platforms.ActiveCfg = Debug|Any CPU
		{A896F2E6-55D8-4C60-9A95-E84D28884381}.Debug|Mixed Platforms.Build.0 = Debug|Any CPU
		{A896F2E6-55D8-4C60-9A95-E84D28884381}.Debug|Win32.ActiveCfg = Debug|Any CPU
		{A896F2E6-55D8-4C60-9A95-E84D28884381}.Debug|x64.ActiveCfg = Debug|Any CPU
		{A896F2E6-55D8-4C60-9A95-E84D28884381}.Release|Any CPU.ActiveCfg = Release|Any CPU
		{A896F2E6-55D8-4C60-9A95-E84D28884381}.Release|Any CPU.Build.0 = Release|Any CPU
		{A896F2E6-55D8-4C60-9A95-E84D28884381}.Release|Mixed Platforms.ActiveCfg = Release|Any CPU
		{A896F2E6-55D8-4C60-9A95-E84D28884381}.Release|Mixed Platforms.Build.0 = Release|Any CPU
		{A896F2E6-55D8-4C60-9A95-E84D28884381}.Release|Win32.ActiveCfg = Release|Any CPU
		{A896F2E6-55D8-4C60-9A95-E84D28884381}.Release|x64.ActiveCfg = Release|Any CPU
		{8001EDDE-E60A-4EC9-AE38-8674C0A99102}.Debug|Any CPU.ActiveCfg = Debug|Any CPU
		{8001EDDE-E60A-4EC9-AE38-8674C0A99102}.Debug|Any CPU.Build.0 = Debug|Any CPU
		{8001EDDE-E60A-4EC9-AE38-8674C0A99102}.Debug|Mixed Platforms.ActiveCfg = Debug|Any CPU
		{8001EDDE-E60A-4EC9-AE38-8674C0A99102}.Debug|Mixed Platforms.Build.0 = Debug|Any CPU
		{8001EDDE-E60A-4EC9-AE38-8674C0A99102}.Debug|Win32.ActiveCfg = Debug|Any CPU
		{8001EDDE-E60A-4EC9-AE38-8674C0A99102}.Debug|x64.ActiveCfg = Debug|Any CPU
		{8001EDDE-E60A-4EC9-AE38-8674C0A99102}.Release|Any CPU.ActiveCfg = Release|Any CPU
		{8001EDDE-E60A-4EC9-AE38-8674C0A99102}.Release|Any CPU.Build.0 = Release|Any CPU
		{8001EDDE-E60A-4EC9-AE38-8674C0A99102}.Release|Mixed Platforms.ActiveCfg = Release|Any CPU
		{8001EDDE-E60A-4EC9-AE38-8674C0A99102}.Release|Mixed Platforms.Build.0 = Release|Any CPU
		{8001EDDE-E60A-4EC9-AE38-8674C0A99102}.Release|Win32.ActiveCfg = Release|Any CPU
		{8001EDDE-E60A-4EC9-AE38-8674C0A99102}.Release|x64.ActiveCfg = Release|Any CPU
		{FCDF5352-94C2-484B-93BE-7C9B38972C0E}.Debug|Any CPU.ActiveCfg = Debug|Any CPU
		{FCDF5352-94C2-484B-93BE-7C9B38972C0E}.Debug|Any CPU.Build.0 = Debug|Any CPU
		{FCDF5352-94C2-484B-93BE-7C9B38972C0E}.Debug|Mixed Platforms.ActiveCfg = Debug|Any CPU
		{FCDF5352-94C2-484B-93BE-7C9B38972C0E}.Debug|Mixed Platforms.Build.0 = Debug|Any CPU
		{FCDF5352-94C2-484B-93BE-7C9B38972C0E}.Debug|Win32.ActiveCfg = Debug|Any CPU
		{FCDF5352-94C2-484B-93BE-7C9B38972C0E}.Debug|x64.ActiveCfg = Debug|Any CPU
		{FCDF5352-94C2-484B-93BE-7C9B38972C0E}.Release|Any CPU.ActiveCfg = Release|Any CPU
		{FCDF5352-94C2-484B-93BE-7C9B38972C0E}.Release|Any CPU.Build.0 = Release|Any CPU
		{FCDF5352-94C2-484B-93BE-7C9B38972C0E}.Release|Mixed Platforms.ActiveCfg = Release|Any CPU
		{FCDF5352-94C2-484B-93BE-7C9B38972C0E}.Release|Mixed Platforms.Build.0 = Release|Any CPU
		{FCDF5352-94C2-484B-93BE-7C9B38972C0E}.Release|Win32.ActiveCfg = Release|Any CPU
		{FCDF5352-94C2-484B-93BE-7C9B38972C0E}.Release|x64.ActiveCfg = Release|Any CPU
		{47F74AF1-31F7-43D4-9248-FC9B2E7A024C}.Debug|Any CPU.ActiveCfg = Debug|Any CPU
		{47F74AF1-31F7-43D4-9248-FC9B2E7A024C}.Debug|Any CPU.Build.0 = Debug|Any CPU
		{47F74AF1-31F7-43D4-9248-FC9B2E7A024C}.Debug|Mixed Platforms.ActiveCfg = Debug|Any CPU
		{47F74AF1-31F7-43D4-9248-FC9B2E7A024C}.Debug|Mixed Platforms.Build.0 = Debug|Any CPU
		{47F74AF1-31F7-43D4-9248-FC9B2E7A024C}.Debug|Win32.ActiveCfg = Debug|Any CPU
		{47F74AF1-31F7-43D4-9248-FC9B2E7A024C}.Debug|x64.ActiveCfg = Debug|Any CPU
		{47F74AF1-31F7-43D4-9248-FC9B2E7A024C}.Release|Any CPU.ActiveCfg = Release|Any CPU
		{47F74AF1-31F7-43D4-9248-FC9B2E7A024C}.Release|Any CPU.Build.0 = Release|Any CPU
		{47F74AF1-31F7-43D4-9248-FC9B2E7A024C}.Release|Mixed Platforms.ActiveCfg = Release|Any CPU
		{47F74AF1-31F7-43D4-9248-FC9B2E7A024C}.Release|Mixed Platforms.Build.0 = Release|Any CPU
		{47F74AF1-31F7-43D4-9248-FC9B2E7A024C}.Release|Win32.ActiveCfg = Release|Any CPU
		{47F74AF1-31F7-43D4-9248-FC9B2E7A024C}.Release|x64.ActiveCfg = Release|Any CPU
		{0C49C30A-2EEE-4194-8C04-A76898FBC9B4}.Debug|Any CPU.ActiveCfg = Debug|Any CPU
		{0C49C30A-2EEE-4194-8C04-A76898FBC9B4}.Debug|Any CPU.Build.0 = Debug|Any CPU
		{0C49C30A-2EEE-4194-8C04-A76898FBC9B4}.Debug|Mixed Platforms.ActiveCfg = Debug|Any CPU
		{0C49C30A-2EEE-4194-8C04-A76898FBC9B4}.Debug|Mixed Platforms.Build.0 = Debug|Any CPU
		{0C49C30A-2EEE-4194-8C04-A76898FBC9B4}.Debug|Win32.ActiveCfg = Debug|Any CPU
		{0C49C30A-2EEE-4194-8C04-A76898FBC9B4}.Debug|x64.ActiveCfg = Debug|Any CPU
		{0C49C30A-2EEE-4194-8C04-A76898FBC9B4}.Release|Any CPU.ActiveCfg = Release|Any CPU
		{0C49C30A-2EEE-4194-8C04-A76898FBC9B4}.Release|Any CPU.Build.0 = Release|Any CPU
		{0C49C30A-2EEE-4194-8C04-A76898FBC9B4}.Release|Mixed Platforms.ActiveCfg = Release|Any CPU
		{0C49C30A-2EEE-4194-8C04-A76898FBC9B4}.Release|Mixed Platforms.Build.0 = Release|Any CPU
		{0C49C30A-2EEE-4194-8C04-A76898FBC9B4}.Release|Win32.ActiveCfg = Release|Any CPU
		{0C49C30A-2EEE-4194-8C04-A76898FBC9B4}.Release|x64.ActiveCfg = Release|Any CPU
		{348F4700-A941-4C22-88C7-7453397FE39C}.Debug|Any CPU.ActiveCfg = Debug|Any CPU
		{348F4700-A941-4C22-88C7-7453397FE39C}.Debug|Any CPU.Build.0 = Debug|Any CPU
		{348F4700-A941-4C22-88C7-7453397FE39C}.Debug|Mixed Platforms.ActiveCfg = Debug|Any CPU
		{348F4700-A941-4C22-88C7-7453397FE39C}.Debug|Mixed Platforms.Build.0 = Debug|Any CPU
		{348F4700-A941-4C22-88C7-7453397FE39C}.Debug|Win32.ActiveCfg = Debug|Any CPU
		{348F4700-A941-4C22-88C7-7453397FE39C}.Debug|x64.ActiveCfg = Debug|Any CPU
		{348F4700-A941-4C22-88C7-7453397FE39C}.Release|Any CPU.ActiveCfg = Release|Any CPU
		{348F4700-A941-4C22-88C7-7453397FE39C}.Release|Any CPU.Build.0 = Release|Any CPU
		{348F4700-A941-4C22-88C7-7453397FE39C}.Release|Mixed Platforms.ActiveCfg = Release|Any CPU
		{348F4700-A941-4C22-88C7-7453397FE39C}.Release|Mixed Platforms.Build.0 = Release|Any CPU
		{348F4700-A941-4C22-88C7-7453397FE39C}.Release|Win32.ActiveCfg = Release|Any CPU
		{348F4700-A941-4C22-88C7-7453397FE39C}.Release|x64.ActiveCfg = Release|Any CPU
		{9A85B421-066F-4B82-8DF7-608C91800E8A}.Debug|Any CPU.ActiveCfg = Debug|Any CPU
		{9A85B421-066F-4B82-8DF7-608C91800E8A}.Debug|Any CPU.Build.0 = Debug|Any CPU
		{9A85B421-066F-4B82-8DF7-608C91800E8A}.Debug|Mixed Platforms.ActiveCfg = Debug|Any CPU
		{9A85B421-066F-4B82-8DF7-608C91800E8A}.Debug|Mixed Platforms.Build.0 = Debug|Any CPU
		{9A85B421-066F-4B82-8DF7-608C91800E8A}.Debug|Win32.ActiveCfg = Debug|Any CPU
		{9A85B421-066F-4B82-8DF7-608C91800E8A}.Debug|x64.ActiveCfg = Debug|Any CPU
		{9A85B421-066F-4B82-8DF7-608C91800E8A}.Release|Any CPU.ActiveCfg = Release|Any CPU
		{9A85B421-066F-4B82-8DF7-608C91800E8A}.Release|Any CPU.Build.0 = Release|Any CPU
		{9A85B421-066F-4B82-8DF7-608C91800E8A}.Release|Mixed Platforms.ActiveCfg = Release|Any CPU
		{9A85B421-066F-4B82-8DF7-608C91800E8A}.Release|Mixed Platforms.Build.0 = Release|Any CPU
		{9A85B421-066F-4B82-8DF7-608C91800E8A}.Release|Win32.ActiveCfg = Release|Any CPU
		{9A85B421-066F-4B82-8DF7-608C91800E8A}.Release|x64.ActiveCfg = Release|Any CPU
		{BE2A9418-6793-45AD-997D-D16939C124CF}.Debug|Any CPU.ActiveCfg = Debug|Any CPU
		{BE2A9418-6793-45AD-997D-D16939C124CF}.Debug|Any CPU.Build.0 = Debug|Any CPU
		{BE2A9418-6793-45AD-997D-D16939C124CF}.Debug|Mixed Platforms.ActiveCfg = Debug|Any CPU
		{BE2A9418-6793-45AD-997D-D16939C124CF}.Debug|Mixed Platforms.Build.0 = Debug|Any CPU
		{BE2A9418-6793-45AD-997D-D16939C124CF}.Debug|Win32.ActiveCfg = Debug|Any CPU
		{BE2A9418-6793-45AD-997D-D16939C124CF}.Debug|x64.ActiveCfg = Debug|Any CPU
		{BE2A9418-6793-45AD-997D-D16939C124CF}.Release|Any CPU.ActiveCfg = Release|Any CPU
		{BE2A9418-6793-45AD-997D-D16939C124CF}.Release|Any CPU.Build.0 = Release|Any CPU
		{BE2A9418-6793-45AD-997D-D16939C124CF}.Release|Mixed Platforms.ActiveCfg = Release|Any CPU
		{BE2A9418-6793-45AD-997D-D16939C124CF}.Release|Mixed Platforms.Build.0 = Release|Any CPU
		{BE2A9418-6793-45AD-997D-D16939C124CF}.Release|Win32.ActiveCfg = Release|Any CPU
		{BE2A9418-6793-45AD-997D-D16939C124CF}.Release|x64.ActiveCfg = Release|Any CPU
		{4DE8DA58-0DB9-463D-A466-7DCAF5558D12}.Debug|Any CPU.ActiveCfg = Debug|Any CPU
		{4DE8DA58-0DB9-463D-A466-7DCAF5558D12}.Debug|Any CPU.Build.0 = Debug|Any CPU
		{4DE8DA58-0DB9-463D-A466-7DCAF5558D12}.Debug|Mixed Platforms.ActiveCfg = Debug|Any CPU
		{4DE8DA58-0DB9-463D-A466-7DCAF5558D12}.Debug|Mixed Platforms.Build.0 = Debug|Any CPU
		{4DE8DA58-0DB9-463D-A466-7DCAF5558D12}.Debug|Win32.ActiveCfg = Debug|Any CPU
		{4DE8DA58-0DB9-463D-A466-7DCAF5558D12}.Debug|x64.ActiveCfg = Debug|Any CPU
		{4DE8DA58-0DB9-463D-A466-7DCAF5558D12}.Release|Any CPU.ActiveCfg = Release|Any CPU
		{4DE8DA58-0DB9-463D-A466-7DCAF5558D12}.Release|Any CPU.Build.0 = Release|Any CPU
		{4DE8DA58-0DB9-463D-A466-7DCAF5558D12}.Release|Mixed Platforms.ActiveCfg = Release|Any CPU
		{4DE8DA58-0DB9-463D-A466-7DCAF5558D12}.Release|Mixed Platforms.Build.0 = Release|Any CPU
		{4DE8DA58-0DB9-463D-A466-7DCAF5558D12}.Release|Win32.ActiveCfg = Release|Any CPU
		{4DE8DA58-0DB9-463D-A466-7DCAF5558D12}.Release|x64.ActiveCfg = Release|Any CPU
		{1BBF4B23-E925-446C-8BB6-09735F5CF437}.Debug|Any CPU.ActiveCfg = Debug|Any CPU
		{1BBF4B23-E925-446C-8BB6-09735F5CF437}.Debug|Any CPU.Build.0 = Debug|Any CPU
		{1BBF4B23-E925-446C-8BB6-09735F5CF437}.Debug|Mixed Platforms.ActiveCfg = Debug|Any CPU
		{1BBF4B23-E925-446C-8BB6-09735F5CF437}.Debug|Mixed Platforms.Build.0 = Debug|Any CPU
		{1BBF4B23-E925-446C-8BB6-09735F5CF437}.Debug|Win32.ActiveCfg = Debug|Any CPU
		{1BBF4B23-E925-446C-8BB6-09735F5CF437}.Debug|x64.ActiveCfg = Debug|Any CPU
		{1BBF4B23-E925-446C-8BB6-09735F5CF437}.Release|Any CPU.ActiveCfg = Release|Any CPU
		{1BBF4B23-E925-446C-8BB6-09735F5CF437}.Release|Any CPU.Build.0 = Release|Any CPU
		{1BBF4B23-E925-446C-8BB6-09735F5CF437}.Release|Mixed Platforms.ActiveCfg = Release|Any CPU
		{1BBF4B23-E925-446C-8BB6-09735F5CF437}.Release|Mixed Platforms.Build.0 = Release|Any CPU
		{1BBF4B23-E925-446C-8BB6-09735F5CF437}.Release|Win32.ActiveCfg = Release|Any CPU
		{1BBF4B23-E925-446C-8BB6-09735F5CF437}.Release|x64.ActiveCfg = Release|Any CPU
		{4BC51937-6B28-450C-8A97-C2A01A2B4F28}.Debug|Any CPU.ActiveCfg = Debug|Any CPU
		{4BC51937-6B28-450C-8A97-C2A01A2B4F28}.Debug|Any CPU.Build.0 = Debug|Any CPU
		{4BC51937-6B28-450C-8A97-C2A01A2B4F28}.Debug|Mixed Platforms.ActiveCfg = Debug|Any CPU
		{4BC51937-6B28-450C-8A97-C2A01A2B4F28}.Debug|Mixed Platforms.Build.0 = Debug|Any CPU
		{4BC51937-6B28-450C-8A97-C2A01A2B4F28}.Debug|Win32.ActiveCfg = Debug|Any CPU
		{4BC51937-6B28-450C-8A97-C2A01A2B4F28}.Debug|x64.ActiveCfg = Debug|Any CPU
		{4BC51937-6B28-450C-8A97-C2A01A2B4F28}.Release|Any CPU.ActiveCfg = Release|Any CPU
		{4BC51937-6B28-450C-8A97-C2A01A2B4F28}.Release|Any CPU.Build.0 = Release|Any CPU
		{4BC51937-6B28-450C-8A97-C2A01A2B4F28}.Release|Mixed Platforms.ActiveCfg = Release|Any CPU
		{4BC51937-6B28-450C-8A97-C2A01A2B4F28}.Release|Mixed Platforms.Build.0 = Release|Any CPU
		{4BC51937-6B28-450C-8A97-C2A01A2B4F28}.Release|Win32.ActiveCfg = Release|Any CPU
		{4BC51937-6B28-450C-8A97-C2A01A2B4F28}.Release|x64.ActiveCfg = Release|Any CPU
		{7628CE0A-92B6-40F3-9EE8-B144A502BACA}.Debug|Any CPU.ActiveCfg = Debug|Any CPU
		{7628CE0A-92B6-40F3-9EE8-B144A502BACA}.Debug|Any CPU.Build.0 = Debug|Any CPU
		{7628CE0A-92B6-40F3-9EE8-B144A502BACA}.Debug|Mixed Platforms.ActiveCfg = Debug|Any CPU
		{7628CE0A-92B6-40F3-9EE8-B144A502BACA}.Debug|Mixed Platforms.Build.0 = Debug|Any CPU
		{7628CE0A-92B6-40F3-9EE8-B144A502BACA}.Debug|Win32.ActiveCfg = Debug|Any CPU
		{7628CE0A-92B6-40F3-9EE8-B144A502BACA}.Debug|x64.ActiveCfg = Debug|Any CPU
		{7628CE0A-92B6-40F3-9EE8-B144A502BACA}.Release|Any CPU.ActiveCfg = Release|Any CPU
		{7628CE0A-92B6-40F3-9EE8-B144A502BACA}.Release|Any CPU.Build.0 = Release|Any CPU
		{7628CE0A-92B6-40F3-9EE8-B144A502BACA}.Release|Mixed Platforms.ActiveCfg = Release|Any CPU
		{7628CE0A-92B6-40F3-9EE8-B144A502BACA}.Release|Mixed Platforms.Build.0 = Release|Any CPU
		{7628CE0A-92B6-40F3-9EE8-B144A502BACA}.Release|Win32.ActiveCfg = Release|Any CPU
		{7628CE0A-92B6-40F3-9EE8-B144A502BACA}.Release|x64.ActiveCfg = Release|Any CPU
		{B1F2DB96-16D4-4077-ABE9-FF39ABCB5BD2}.Debug|Any CPU.ActiveCfg = Debug|Any CPU
		{B1F2DB96-16D4-4077-ABE9-FF39ABCB5BD2}.Debug|Any CPU.Build.0 = Debug|Any CPU
		{B1F2DB96-16D4-4077-ABE9-FF39ABCB5BD2}.Debug|Mixed Platforms.ActiveCfg = Debug|Any CPU
		{B1F2DB96-16D4-4077-ABE9-FF39ABCB5BD2}.Debug|Mixed Platforms.Build.0 = Debug|Any CPU
		{B1F2DB96-16D4-4077-ABE9-FF39ABCB5BD2}.Debug|Win32.ActiveCfg = Debug|Any CPU
		{B1F2DB96-16D4-4077-ABE9-FF39ABCB5BD2}.Debug|x64.ActiveCfg = Debug|Any CPU
		{B1F2DB96-16D4-4077-ABE9-FF39ABCB5BD2}.Release|Any CPU.ActiveCfg = Release|Any CPU
		{B1F2DB96-16D4-4077-ABE9-FF39ABCB5BD2}.Release|Any CPU.Build.0 = Release|Any CPU
		{B1F2DB96-16D4-4077-ABE9-FF39ABCB5BD2}.Release|Mixed Platforms.ActiveCfg = Release|Any CPU
		{B1F2DB96-16D4-4077-ABE9-FF39ABCB5BD2}.Release|Mixed Platforms.Build.0 = Release|Any CPU
		{B1F2DB96-16D4-4077-ABE9-FF39ABCB5BD2}.Release|Win32.ActiveCfg = Release|Any CPU
		{B1F2DB96-16D4-4077-ABE9-FF39ABCB5BD2}.Release|x64.ActiveCfg = Release|Any CPU
		{0AB646A5-3B4B-42BE-AC8F-1265A97799EB}.Debug|Any CPU.ActiveCfg = Debug|Any CPU
		{0AB646A5-3B4B-42BE-AC8F-1265A97799EB}.Debug|Any CPU.Build.0 = Debug|Any CPU
		{0AB646A5-3B4B-42BE-AC8F-1265A97799EB}.Debug|Mixed Platforms.ActiveCfg = Debug|Any CPU
		{0AB646A5-3B4B-42BE-AC8F-1265A97799EB}.Debug|Mixed Platforms.Build.0 = Debug|Any CPU
		{0AB646A5-3B4B-42BE-AC8F-1265A97799EB}.Debug|Win32.ActiveCfg = Debug|Any CPU
		{0AB646A5-3B4B-42BE-AC8F-1265A97799EB}.Debug|x64.ActiveCfg = Debug|Any CPU
		{0AB646A5-3B4B-42BE-AC8F-1265A97799EB}.Release|Any CPU.ActiveCfg = Release|Any CPU
		{0AB646A5-3B4B-42BE-AC8F-1265A97799EB}.Release|Any CPU.Build.0 = Release|Any CPU
		{0AB646A5-3B4B-42BE-AC8F-1265A97799EB}.Release|Mixed Platforms.ActiveCfg = Release|Any CPU
		{0AB646A5-3B4B-42BE-AC8F-1265A97799EB}.Release|Mixed Platforms.Build.0 = Release|Any CPU
		{0AB646A5-3B4B-42BE-AC8F-1265A97799EB}.Release|Win32.ActiveCfg = Release|Any CPU
		{0AB646A5-3B4B-42BE-AC8F-1265A97799EB}.Release|x64.ActiveCfg = Release|Any CPU
		{EA4B728C-435F-495E-84E6-C12C790C315F}.Debug|Any CPU.ActiveCfg = Debug|Any CPU
		{EA4B728C-435F-495E-84E6-C12C790C315F}.Debug|Any CPU.Build.0 = Debug|Any CPU
		{EA4B728C-435F-495E-84E6-C12C790C315F}.Debug|Mixed Platforms.ActiveCfg = Debug|Any CPU
		{EA4B728C-435F-495E-84E6-C12C790C315F}.Debug|Mixed Platforms.Build.0 = Debug|Any CPU
		{EA4B728C-435F-495E-84E6-C12C790C315F}.Debug|Win32.ActiveCfg = Debug|Any CPU
		{EA4B728C-435F-495E-84E6-C12C790C315F}.Debug|x64.ActiveCfg = Debug|Any CPU
		{EA4B728C-435F-495E-84E6-C12C790C315F}.Release|Any CPU.ActiveCfg = Release|Any CPU
		{EA4B728C-435F-495E-84E6-C12C790C315F}.Release|Any CPU.Build.0 = Release|Any CPU
		{EA4B728C-435F-495E-84E6-C12C790C315F}.Release|Mixed Platforms.ActiveCfg = Release|Any CPU
		{EA4B728C-435F-495E-84E6-C12C790C315F}.Release|Mixed Platforms.Build.0 = Release|Any CPU
		{EA4B728C-435F-495E-84E6-C12C790C315F}.Release|Win32.ActiveCfg = Release|Any CPU
		{EA4B728C-435F-495E-84E6-C12C790C315F}.Release|x64.ActiveCfg = Release|Any CPU
		{8AC20D8B-5538-4B99-8869-C1006D79E477}.Debug|Any CPU.ActiveCfg = Debug|Any CPU
		{8AC20D8B-5538-4B99-8869-C1006D79E477}.Debug|Any CPU.Build.0 = Debug|Any CPU
		{8AC20D8B-5538-4B99-8869-C1006D79E477}.Debug|Mixed Platforms.ActiveCfg = Debug|Any CPU
		{8AC20D8B-5538-4B99-8869-C1006D79E477}.Debug|Mixed Platforms.Build.0 = Debug|Any CPU
		{8AC20D8B-5538-4B99-8869-C1006D79E477}.Debug|Win32.ActiveCfg = Debug|Any CPU
		{8AC20D8B-5538-4B99-8869-C1006D79E477}.Debug|x64.ActiveCfg = Debug|Any CPU
		{8AC20D8B-5538-4B99-8869-C1006D79E477}.Release|Any CPU.ActiveCfg = Release|Any CPU
		{8AC20D8B-5538-4B99-8869-C1006D79E477}.Release|Any CPU.Build.0 = Release|Any CPU
		{8AC20D8B-5538-4B99-8869-C1006D79E477}.Release|Mixed Platforms.ActiveCfg = Release|Any CPU
		{8AC20D8B-5538-4B99-8869-C1006D79E477}.Release|Mixed Platforms.Build.0 = Release|Any CPU
		{8AC20D8B-5538-4B99-8869-C1006D79E477}.Release|Win32.ActiveCfg = Release|Any CPU
		{8AC20D8B-5538-4B99-8869-C1006D79E477}.Release|x64.ActiveCfg = Release|Any CPU
		{F3BE831C-8491-4736-B5C8-7963D312668F}.Debug|Any CPU.ActiveCfg = Debug|Any CPU
		{F3BE831C-8491-4736-B5C8-7963D312668F}.Debug|Any CPU.Build.0 = Debug|Any CPU
		{F3BE831C-8491-4736-B5C8-7963D312668F}.Debug|Mixed Platforms.ActiveCfg = Debug|Any CPU
		{F3BE831C-8491-4736-B5C8-7963D312668F}.Debug|Mixed Platforms.Build.0 = Debug|Any CPU
		{F3BE831C-8491-4736-B5C8-7963D312668F}.Debug|Win32.ActiveCfg = Debug|Any CPU
		{F3BE831C-8491-4736-B5C8-7963D312668F}.Debug|x64.ActiveCfg = Debug|Any CPU
		{F3BE831C-8491-4736-B5C8-7963D312668F}.Release|Any CPU.ActiveCfg = Release|Any CPU
		{F3BE831C-8491-4736-B5C8-7963D312668F}.Release|Any CPU.Build.0 = Release|Any CPU
		{F3BE831C-8491-4736-B5C8-7963D312668F}.Release|Mixed Platforms.ActiveCfg = Release|Any CPU
		{F3BE831C-8491-4736-B5C8-7963D312668F}.Release|Mixed Platforms.Build.0 = Release|Any CPU
		{F3BE831C-8491-4736-B5C8-7963D312668F}.Release|Win32.ActiveCfg = Release|Any CPU
		{F3BE831C-8491-4736-B5C8-7963D312668F}.Release|x64.ActiveCfg = Release|Any CPU
		{838A804F-954D-4F23-97D7-24D6FAC0B1FA}.Debug|Any CPU.ActiveCfg = Debug|Any CPU
		{838A804F-954D-4F23-97D7-24D6FAC0B1FA}.Debug|Any CPU.Build.0 = Debug|Any CPU
		{838A804F-954D-4F23-97D7-24D6FAC0B1FA}.Debug|Mixed Platforms.ActiveCfg = Debug|Any CPU
		{838A804F-954D-4F23-97D7-24D6FAC0B1FA}.Debug|Mixed Platforms.Build.0 = Debug|Any CPU
		{838A804F-954D-4F23-97D7-24D6FAC0B1FA}.Debug|Win32.ActiveCfg = Debug|Any CPU
		{838A804F-954D-4F23-97D7-24D6FAC0B1FA}.Debug|x64.ActiveCfg = Debug|Any CPU
		{838A804F-954D-4F23-97D7-24D6FAC0B1FA}.Release|Any CPU.ActiveCfg = Release|Any CPU
		{838A804F-954D-4F23-97D7-24D6FAC0B1FA}.Release|Any CPU.Build.0 = Release|Any CPU
		{838A804F-954D-4F23-97D7-24D6FAC0B1FA}.Release|Mixed Platforms.ActiveCfg = Release|Any CPU
		{838A804F-954D-4F23-97D7-24D6FAC0B1FA}.Release|Mixed Platforms.Build.0 = Release|Any CPU
		{838A804F-954D-4F23-97D7-24D6FAC0B1FA}.Release|Win32.ActiveCfg = Release|Any CPU
		{838A804F-954D-4F23-97D7-24D6FAC0B1FA}.Release|x64.ActiveCfg = Release|Any CPU
	EndGlobalSection
	GlobalSection(SolutionProperties) = preSolution
		HideSolutionNode = FALSE
	EndGlobalSection
	GlobalSection(NestedProjects) = preSolution
		{13ED5001-B871-4BC3-8499-29607F596C7C} = {AF391791-F4B7-41AC-8F08-9485DAC543C5}
		{23F2810D-899E-4BA5-8E06-22C517179AEC} = {AF391791-F4B7-41AC-8F08-9485DAC543C5}
		{5039CD22-2FCF-47EB-BD9C-42802559D1B2} = {AF391791-F4B7-41AC-8F08-9485DAC543C5}
		{0E4CB542-5E58-4D24-9CAE-DAC83D932DBE} = {13ED5001-B871-4BC3-8499-29607F596C7C}
		{D0E2FB09-0FEA-478A-9068-D6AA420C6DED} = {13ED5001-B871-4BC3-8499-29607F596C7C}
		{1F31D08E-DE21-48F6-ADE3-315EA6268DD1} = {13ED5001-B871-4BC3-8499-29607F596C7C}
		{4DE8DA58-0DB9-463D-A466-7DCAF5558D12} = {13ED5001-B871-4BC3-8499-29607F596C7C}
		{1BBF4B23-E925-446C-8BB6-09735F5CF437} = {13ED5001-B871-4BC3-8499-29607F596C7C}
		{4BC51937-6B28-450C-8A97-C2A01A2B4F28} = {13ED5001-B871-4BC3-8499-29607F596C7C}
		{8AC20D8B-5538-4B99-8869-C1006D79E477} = {13ED5001-B871-4BC3-8499-29607F596C7C}
		{FB272D58-D5FD-41D1-9E02-BCE17FD97F0E} = {C43EE429-DE10-4906-BB09-54E6A080948A}
		{D04E68D2-2E19-485B-8C81-0D1684433CCE} = {3F68EE40-3C6A-4FD1-B057-0427A9BF88BE}
		{EBAB4F47-869C-4F52-98A2-31CBAFE814DE} = {3F68EE40-3C6A-4FD1-B057-0427A9BF88BE}
		{436B9D31-FB98-40B9-AD3D-1406C688AC17} = {D04E68D2-2E19-485B-8C81-0D1684433CCE}
		{C76FD597-7563-4905-BE33-64E87B938D6C} = {EBAB4F47-869C-4F52-98A2-31CBAFE814DE}
		{FCDF5352-94C2-484B-93BE-7C9B38972C0E} = {23F2810D-899E-4BA5-8E06-22C517179AEC}
		{0C49C30A-2EEE-4194-8C04-A76898FBC9B4} = {23F2810D-899E-4BA5-8E06-22C517179AEC}
		{9A85B421-066F-4B82-8DF7-608C91800E8A} = {23F2810D-899E-4BA5-8E06-22C517179AEC}
		{A896F2E6-55D8-4C60-9A95-E84D28884381} = {23F2810D-899E-4BA5-8E06-22C517179AEC}
		{7628CE0A-92B6-40F3-9EE8-B144A502BACA} = {23F2810D-899E-4BA5-8E06-22C517179AEC}
		{0AB646A5-3B4B-42BE-AC8F-1265A97799EB} = {23F2810D-899E-4BA5-8E06-22C517179AEC}
		{F3BE831C-8491-4736-B5C8-7963D312668F} = {23F2810D-899E-4BA5-8E06-22C517179AEC}
		{47F74AF1-31F7-43D4-9248-FC9B2E7A024C} = {5039CD22-2FCF-47EB-BD9C-42802559D1B2}
		{348F4700-A941-4C22-88C7-7453397FE39C} = {5039CD22-2FCF-47EB-BD9C-42802559D1B2}
		{BE2A9418-6793-45AD-997D-D16939C124CF} = {5039CD22-2FCF-47EB-BD9C-42802559D1B2}
		{8001EDDE-E60A-4EC9-AE38-8674C0A99102} = {5039CD22-2FCF-47EB-BD9C-42802559D1B2}
		{B1F2DB96-16D4-4077-ABE9-FF39ABCB5BD2} = {5039CD22-2FCF-47EB-BD9C-42802559D1B2}
		{EA4B728C-435F-495E-84E6-C12C790C315F} = {5039CD22-2FCF-47EB-BD9C-42802559D1B2}
		{838A804F-954D-4F23-97D7-24D6FAC0B1FA} = {5039CD22-2FCF-47EB-BD9C-42802559D1B2}
	EndGlobalSection
EndGlobal
