
Microsoft Visual Studio Solution File, Format Version 12.00
# Visual Studio 2013
VisualStudioVersion = 12.0.21005.1
MinimumVisualStudioVersion = 10.0.40219.1
Project("{2150E333-8FDC-42A3-9474-1A3956D46DE8}") = "scripts", "scripts", "{189961D1-DFF4-406A-9D42-39B61221A73A}"
	ProjectSection(SolutionItems) = preProject
		scripts\k-install.cmd = scripts\k-install.cmd
		scripts\k-restore.cmd = scripts\k-restore.cmd
		scripts\k-run.cmd = scripts\k-run.cmd
		scripts\k.cmd = scripts\k.cmd
		scripts\klr.cmd = scripts\klr.cmd
		scripts\Web.cmd = scripts\Web.cmd
	EndProjectSection
EndProject
Project("{2150E333-8FDC-42A3-9474-1A3956D46DE8}") = "host", "host", "{13ED5001-B871-4BC3-8499-29607F596C7C}"
EndProject
Project("{8BC9CEB8-8B4A-11D0-8D11-00A0C91BC942}") = "klr.core45", "src\klr.core45\klr.core45.vcxproj", "{1F31D08E-DE21-48F6-ADE3-315EA6268DD1}"
EndProject
Project("{FAE04EC0-301F-11D3-BF4B-00C04F79EFBC}") = "klr.core45.managed", "src\klr.core45.managed\klr.core45.managed.csproj", "{98244D18-FB16-45B6-806C-2766A40DF810}"
EndProject
Project("{FAE04EC0-301F-11D3-BF4B-00C04F79EFBC}") = "klr.host", "src\klr.host\klr.host.csproj", "{AB05D4F0-3A27-4475-93FA-2BB23064A69A}"
EndProject
Project("{8BC9CEB8-8B4A-11D0-8D11-00A0C91BC942}") = "klr.net45", "src\klr.net45\klr.net45.vcxproj", "{0E4CB542-5E58-4D24-9CAE-DAC83D932DBE}"
EndProject
Project("{FAE04EC0-301F-11D3-BF4B-00C04F79EFBC}") = "klr.net45.managed", "src\klr.net45.managed\klr.net45.managed.csproj", "{48CC04A6-169E-4DF5-AC70-11DD6C4F0143}"
EndProject
Project("{8BC9CEB8-8B4A-11D0-8D11-00A0C91BC942}") = "klr", "src\klr\klr.vcxproj", "{D0E2FB09-0FEA-478A-9068-D6AA420C6DED}"
EndProject
Project("{2150E333-8FDC-42A3-9474-1A3956D46DE8}") = "test", "test", "{C43EE429-DE10-4906-BB09-54E6A080948A}"
EndProject
Project("{2150E333-8FDC-42A3-9474-1A3956D46DE8}") = "src", "src", "{AF391791-F4B7-41AC-8F08-9485DAC543C5}"
EndProject
Project("{FAE04EC0-301F-11D3-BF4B-00C04F79EFBC}") = "Microsoft.Net.Runtime", "src\Microsoft.Net.Runtime\Microsoft.Net.Runtime.csproj", "{8FAF6303-4AD0-4468-8DBC-B8D32B1A9F9D}"
EndProject
Project("{FAE04EC0-301F-11D3-BF4B-00C04F79EFBC}") = "Microsoft.Net.Runtime.Interfaces", "src\Microsoft.Net.Runtime.Interfaces\Microsoft.Net.Runtime.Interfaces.csproj", "{499736F5-6277-4FDA-BEA8-4D6400510FAC}"
EndProject
Project("{FAE04EC0-301F-11D3-BF4B-00C04F79EFBC}") = "Microsoft.Net.Runtime.Tests", "test\Microsoft.Net.Runtime.Tests\Microsoft.Net.Runtime.Tests.csproj", "{FB272D58-D5FD-41D1-9E02-BCE17FD97F0E}"
EndProject
Project("{FAE04EC0-301F-11D3-BF4B-00C04F79EFBC}") = "Microsoft.Net.Project", "src\Microsoft.Net.Project\Microsoft.Net.Project.csproj", "{F4F33DA0-0671-4FC1-A136-CC94C6887A10}"
EndProject
Project("{FAE04EC0-301F-11D3-BF4B-00C04F79EFBC}") = "Microsoft.Net.ApplicationHost", "src\Microsoft.Net.ApplicationHost\Microsoft.Net.ApplicationHost.csproj", "{EB9971E1-8BBA-478C-9AB3-C7327B6DA006}"
EndProject
Global
	GlobalSection(SolutionConfigurationPlatforms) = preSolution
		Debug|Any CPU = Debug|Any CPU
		Debug|Mixed Platforms = Debug|Mixed Platforms
		Debug|Win32 = Debug|Win32
		Release|Any CPU = Release|Any CPU
		Release|Mixed Platforms = Release|Mixed Platforms
		Release|Win32 = Release|Win32
	EndGlobalSection
	GlobalSection(ProjectConfigurationPlatforms) = postSolution
		{1F31D08E-DE21-48F6-ADE3-315EA6268DD1}.Debug|Any CPU.ActiveCfg = Debug|Win32
		{1F31D08E-DE21-48F6-ADE3-315EA6268DD1}.Debug|Mixed Platforms.ActiveCfg = Debug|Win32
		{1F31D08E-DE21-48F6-ADE3-315EA6268DD1}.Debug|Mixed Platforms.Build.0 = Debug|Win32
		{1F31D08E-DE21-48F6-ADE3-315EA6268DD1}.Debug|Win32.ActiveCfg = Debug|Win32
		{1F31D08E-DE21-48F6-ADE3-315EA6268DD1}.Debug|Win32.Build.0 = Debug|Win32
		{1F31D08E-DE21-48F6-ADE3-315EA6268DD1}.Release|Any CPU.ActiveCfg = Release|Win32
		{1F31D08E-DE21-48F6-ADE3-315EA6268DD1}.Release|Mixed Platforms.ActiveCfg = Release|Win32
		{1F31D08E-DE21-48F6-ADE3-315EA6268DD1}.Release|Mixed Platforms.Build.0 = Release|Win32
		{1F31D08E-DE21-48F6-ADE3-315EA6268DD1}.Release|Win32.ActiveCfg = Release|Win32
		{1F31D08E-DE21-48F6-ADE3-315EA6268DD1}.Release|Win32.Build.0 = Release|Win32
		{98244D18-FB16-45B6-806C-2766A40DF810}.Debug|Any CPU.ActiveCfg = Debug|Any CPU
		{98244D18-FB16-45B6-806C-2766A40DF810}.Debug|Any CPU.Build.0 = Debug|Any CPU
		{98244D18-FB16-45B6-806C-2766A40DF810}.Debug|Mixed Platforms.ActiveCfg = Debug|Any CPU
		{98244D18-FB16-45B6-806C-2766A40DF810}.Debug|Mixed Platforms.Build.0 = Debug|Any CPU
		{98244D18-FB16-45B6-806C-2766A40DF810}.Debug|Win32.ActiveCfg = Debug|Any CPU
		{98244D18-FB16-45B6-806C-2766A40DF810}.Release|Any CPU.ActiveCfg = Release|Any CPU
		{98244D18-FB16-45B6-806C-2766A40DF810}.Release|Any CPU.Build.0 = Release|Any CPU
		{98244D18-FB16-45B6-806C-2766A40DF810}.Release|Mixed Platforms.ActiveCfg = Release|Any CPU
		{98244D18-FB16-45B6-806C-2766A40DF810}.Release|Mixed Platforms.Build.0 = Release|Any CPU
		{98244D18-FB16-45B6-806C-2766A40DF810}.Release|Win32.ActiveCfg = Release|Any CPU
		{AB05D4F0-3A27-4475-93FA-2BB23064A69A}.Debug|Any CPU.ActiveCfg = Debug|Any CPU
		{AB05D4F0-3A27-4475-93FA-2BB23064A69A}.Debug|Any CPU.Build.0 = Debug|Any CPU
		{AB05D4F0-3A27-4475-93FA-2BB23064A69A}.Debug|Mixed Platforms.ActiveCfg = Debug|Any CPU
		{AB05D4F0-3A27-4475-93FA-2BB23064A69A}.Debug|Mixed Platforms.Build.0 = Debug|Any CPU
		{AB05D4F0-3A27-4475-93FA-2BB23064A69A}.Debug|Win32.ActiveCfg = Debug|Any CPU
		{AB05D4F0-3A27-4475-93FA-2BB23064A69A}.Release|Any CPU.ActiveCfg = Release|Any CPU
		{AB05D4F0-3A27-4475-93FA-2BB23064A69A}.Release|Any CPU.Build.0 = Release|Any CPU
		{AB05D4F0-3A27-4475-93FA-2BB23064A69A}.Release|Mixed Platforms.ActiveCfg = Release|Any CPU
		{AB05D4F0-3A27-4475-93FA-2BB23064A69A}.Release|Mixed Platforms.Build.0 = Release|Any CPU
		{AB05D4F0-3A27-4475-93FA-2BB23064A69A}.Release|Win32.ActiveCfg = Release|Any CPU
		{0E4CB542-5E58-4D24-9CAE-DAC83D932DBE}.Debug|Any CPU.ActiveCfg = Debug|Win32
		{0E4CB542-5E58-4D24-9CAE-DAC83D932DBE}.Debug|Mixed Platforms.ActiveCfg = Debug|Win32
		{0E4CB542-5E58-4D24-9CAE-DAC83D932DBE}.Debug|Mixed Platforms.Build.0 = Debug|Win32
		{0E4CB542-5E58-4D24-9CAE-DAC83D932DBE}.Debug|Win32.ActiveCfg = Debug|Win32
		{0E4CB542-5E58-4D24-9CAE-DAC83D932DBE}.Debug|Win32.Build.0 = Debug|Win32
		{0E4CB542-5E58-4D24-9CAE-DAC83D932DBE}.Release|Any CPU.ActiveCfg = Release|Win32
		{0E4CB542-5E58-4D24-9CAE-DAC83D932DBE}.Release|Mixed Platforms.ActiveCfg = Release|Win32
		{0E4CB542-5E58-4D24-9CAE-DAC83D932DBE}.Release|Mixed Platforms.Build.0 = Release|Win32
		{0E4CB542-5E58-4D24-9CAE-DAC83D932DBE}.Release|Win32.ActiveCfg = Release|Win32
		{0E4CB542-5E58-4D24-9CAE-DAC83D932DBE}.Release|Win32.Build.0 = Release|Win32
		{48CC04A6-169E-4DF5-AC70-11DD6C4F0143}.Debug|Any CPU.ActiveCfg = Debug|Any CPU
		{48CC04A6-169E-4DF5-AC70-11DD6C4F0143}.Debug|Any CPU.Build.0 = Debug|Any CPU
		{48CC04A6-169E-4DF5-AC70-11DD6C4F0143}.Debug|Mixed Platforms.ActiveCfg = Debug|Any CPU
		{48CC04A6-169E-4DF5-AC70-11DD6C4F0143}.Debug|Mixed Platforms.Build.0 = Debug|Any CPU
		{48CC04A6-169E-4DF5-AC70-11DD6C4F0143}.Debug|Win32.ActiveCfg = Debug|Any CPU
		{48CC04A6-169E-4DF5-AC70-11DD6C4F0143}.Release|Any CPU.ActiveCfg = Release|Any CPU
		{48CC04A6-169E-4DF5-AC70-11DD6C4F0143}.Release|Any CPU.Build.0 = Release|Any CPU
		{48CC04A6-169E-4DF5-AC70-11DD6C4F0143}.Release|Mixed Platforms.ActiveCfg = Release|Any CPU
		{48CC04A6-169E-4DF5-AC70-11DD6C4F0143}.Release|Mixed Platforms.Build.0 = Release|Any CPU
		{48CC04A6-169E-4DF5-AC70-11DD6C4F0143}.Release|Win32.ActiveCfg = Release|Any CPU
		{D0E2FB09-0FEA-478A-9068-D6AA420C6DED}.Debug|Any CPU.ActiveCfg = Debug|Win32
		{D0E2FB09-0FEA-478A-9068-D6AA420C6DED}.Debug|Mixed Platforms.ActiveCfg = Debug|Win32
		{D0E2FB09-0FEA-478A-9068-D6AA420C6DED}.Debug|Mixed Platforms.Build.0 = Debug|Win32
		{D0E2FB09-0FEA-478A-9068-D6AA420C6DED}.Debug|Win32.ActiveCfg = Debug|Win32
		{D0E2FB09-0FEA-478A-9068-D6AA420C6DED}.Debug|Win32.Build.0 = Debug|Win32
		{D0E2FB09-0FEA-478A-9068-D6AA420C6DED}.Release|Any CPU.ActiveCfg = Release|Win32
		{D0E2FB09-0FEA-478A-9068-D6AA420C6DED}.Release|Mixed Platforms.ActiveCfg = Release|Win32
		{D0E2FB09-0FEA-478A-9068-D6AA420C6DED}.Release|Mixed Platforms.Build.0 = Release|Win32
		{D0E2FB09-0FEA-478A-9068-D6AA420C6DED}.Release|Win32.ActiveCfg = Release|Win32
		{D0E2FB09-0FEA-478A-9068-D6AA420C6DED}.Release|Win32.Build.0 = Release|Win32
		{8FAF6303-4AD0-4468-8DBC-B8D32B1A9F9D}.Debug|Any CPU.ActiveCfg = Debug|Any CPU
		{8FAF6303-4AD0-4468-8DBC-B8D32B1A9F9D}.Debug|Any CPU.Build.0 = Debug|Any CPU
		{8FAF6303-4AD0-4468-8DBC-B8D32B1A9F9D}.Debug|Mixed Platforms.ActiveCfg = Debug|Any CPU
		{8FAF6303-4AD0-4468-8DBC-B8D32B1A9F9D}.Debug|Mixed Platforms.Build.0 = Debug|Any CPU
		{8FAF6303-4AD0-4468-8DBC-B8D32B1A9F9D}.Debug|Win32.ActiveCfg = Debug|Any CPU
		{8FAF6303-4AD0-4468-8DBC-B8D32B1A9F9D}.Release|Any CPU.ActiveCfg = Release|Any CPU
		{8FAF6303-4AD0-4468-8DBC-B8D32B1A9F9D}.Release|Any CPU.Build.0 = Release|Any CPU
		{8FAF6303-4AD0-4468-8DBC-B8D32B1A9F9D}.Release|Mixed Platforms.ActiveCfg = Release|Any CPU
		{8FAF6303-4AD0-4468-8DBC-B8D32B1A9F9D}.Release|Mixed Platforms.Build.0 = Release|Any CPU
		{8FAF6303-4AD0-4468-8DBC-B8D32B1A9F9D}.Release|Win32.ActiveCfg = Release|Any CPU
		{499736F5-6277-4FDA-BEA8-4D6400510FAC}.Debug|Any CPU.ActiveCfg = Debug|Any CPU
		{499736F5-6277-4FDA-BEA8-4D6400510FAC}.Debug|Any CPU.Build.0 = Debug|Any CPU
		{499736F5-6277-4FDA-BEA8-4D6400510FAC}.Debug|Mixed Platforms.ActiveCfg = Debug|Any CPU
		{499736F5-6277-4FDA-BEA8-4D6400510FAC}.Debug|Mixed Platforms.Build.0 = Debug|Any CPU
		{499736F5-6277-4FDA-BEA8-4D6400510FAC}.Debug|Win32.ActiveCfg = Debug|Any CPU
		{499736F5-6277-4FDA-BEA8-4D6400510FAC}.Release|Any CPU.ActiveCfg = Release|Any CPU
		{499736F5-6277-4FDA-BEA8-4D6400510FAC}.Release|Any CPU.Build.0 = Release|Any CPU
		{499736F5-6277-4FDA-BEA8-4D6400510FAC}.Release|Mixed Platforms.ActiveCfg = Release|Any CPU
		{499736F5-6277-4FDA-BEA8-4D6400510FAC}.Release|Mixed Platforms.Build.0 = Release|Any CPU
		{499736F5-6277-4FDA-BEA8-4D6400510FAC}.Release|Win32.ActiveCfg = Release|Any CPU
		{FB272D58-D5FD-41D1-9E02-BCE17FD97F0E}.Debug|Any CPU.ActiveCfg = Debug|Any CPU
		{FB272D58-D5FD-41D1-9E02-BCE17FD97F0E}.Debug|Any CPU.Build.0 = Debug|Any CPU
		{FB272D58-D5FD-41D1-9E02-BCE17FD97F0E}.Debug|Mixed Platforms.ActiveCfg = Debug|Any CPU
		{FB272D58-D5FD-41D1-9E02-BCE17FD97F0E}.Debug|Mixed Platforms.Build.0 = Debug|Any CPU
		{FB272D58-D5FD-41D1-9E02-BCE17FD97F0E}.Debug|Win32.ActiveCfg = Debug|Any CPU
		{FB272D58-D5FD-41D1-9E02-BCE17FD97F0E}.Release|Any CPU.ActiveCfg = Release|Any CPU
		{FB272D58-D5FD-41D1-9E02-BCE17FD97F0E}.Release|Any CPU.Build.0 = Release|Any CPU
		{FB272D58-D5FD-41D1-9E02-BCE17FD97F0E}.Release|Mixed Platforms.ActiveCfg = Release|Any CPU
		{FB272D58-D5FD-41D1-9E02-BCE17FD97F0E}.Release|Mixed Platforms.Build.0 = Release|Any CPU
		{FB272D58-D5FD-41D1-9E02-BCE17FD97F0E}.Release|Win32.ActiveCfg = Release|Any CPU
		{F4F33DA0-0671-4FC1-A136-CC94C6887A10}.Debug|Any CPU.ActiveCfg = Debug|Any CPU
		{F4F33DA0-0671-4FC1-A136-CC94C6887A10}.Debug|Any CPU.Build.0 = Debug|Any CPU
		{F4F33DA0-0671-4FC1-A136-CC94C6887A10}.Debug|Mixed Platforms.ActiveCfg = Debug|Any CPU
		{F4F33DA0-0671-4FC1-A136-CC94C6887A10}.Debug|Mixed Platforms.Build.0 = Debug|Any CPU
		{F4F33DA0-0671-4FC1-A136-CC94C6887A10}.Debug|Win32.ActiveCfg = Debug|Any CPU
		{F4F33DA0-0671-4FC1-A136-CC94C6887A10}.Release|Any CPU.ActiveCfg = Release|Any CPU
		{F4F33DA0-0671-4FC1-A136-CC94C6887A10}.Release|Any CPU.Build.0 = Release|Any CPU
		{F4F33DA0-0671-4FC1-A136-CC94C6887A10}.Release|Mixed Platforms.ActiveCfg = Release|Any CPU
		{F4F33DA0-0671-4FC1-A136-CC94C6887A10}.Release|Mixed Platforms.Build.0 = Release|Any CPU
		{F4F33DA0-0671-4FC1-A136-CC94C6887A10}.Release|Win32.ActiveCfg = Release|Any CPU
		{EB9971E1-8BBA-478C-9AB3-C7327B6DA006}.Debug|Any CPU.ActiveCfg = Debug|Any CPU
		{EB9971E1-8BBA-478C-9AB3-C7327B6DA006}.Debug|Any CPU.Build.0 = Debug|Any CPU
		{EB9971E1-8BBA-478C-9AB3-C7327B6DA006}.Debug|Mixed Platforms.ActiveCfg = Debug|Any CPU
		{EB9971E1-8BBA-478C-9AB3-C7327B6DA006}.Debug|Mixed Platforms.Build.0 = Debug|Any CPU
		{EB9971E1-8BBA-478C-9AB3-C7327B6DA006}.Debug|Win32.ActiveCfg = Debug|Any CPU
		{EB9971E1-8BBA-478C-9AB3-C7327B6DA006}.Release|Any CPU.ActiveCfg = Release|Any CPU
		{EB9971E1-8BBA-478C-9AB3-C7327B6DA006}.Release|Any CPU.Build.0 = Release|Any CPU
		{EB9971E1-8BBA-478C-9AB3-C7327B6DA006}.Release|Mixed Platforms.ActiveCfg = Release|Any CPU
		{EB9971E1-8BBA-478C-9AB3-C7327B6DA006}.Release|Mixed Platforms.Build.0 = Release|Any CPU
		{EB9971E1-8BBA-478C-9AB3-C7327B6DA006}.Release|Win32.ActiveCfg = Release|Any CPU
	EndGlobalSection
	GlobalSection(SolutionProperties) = preSolution
		HideSolutionNode = FALSE
	EndGlobalSection
	GlobalSection(NestedProjects) = preSolution
		{13ED5001-B871-4BC3-8499-29607F596C7C} = {AF391791-F4B7-41AC-8F08-9485DAC543C5}
		{8FAF6303-4AD0-4468-8DBC-B8D32B1A9F9D} = {AF391791-F4B7-41AC-8F08-9485DAC543C5}
		{499736F5-6277-4FDA-BEA8-4D6400510FAC} = {AF391791-F4B7-41AC-8F08-9485DAC543C5}
		{F4F33DA0-0671-4FC1-A136-CC94C6887A10} = {AF391791-F4B7-41AC-8F08-9485DAC543C5}
		{EB9971E1-8BBA-478C-9AB3-C7327B6DA006} = {AF391791-F4B7-41AC-8F08-9485DAC543C5}
		{98244D18-FB16-45B6-806C-2766A40DF810} = {13ED5001-B871-4BC3-8499-29607F596C7C}
		{AB05D4F0-3A27-4475-93FA-2BB23064A69A} = {13ED5001-B871-4BC3-8499-29607F596C7C}
		{0E4CB542-5E58-4D24-9CAE-DAC83D932DBE} = {13ED5001-B871-4BC3-8499-29607F596C7C}
		{48CC04A6-169E-4DF5-AC70-11DD6C4F0143} = {13ED5001-B871-4BC3-8499-29607F596C7C}
		{D0E2FB09-0FEA-478A-9068-D6AA420C6DED} = {13ED5001-B871-4BC3-8499-29607F596C7C}
		{1F31D08E-DE21-48F6-ADE3-315EA6268DD1} = {13ED5001-B871-4BC3-8499-29607F596C7C}
		{FB272D58-D5FD-41D1-9E02-BCE17FD97F0E} = {C43EE429-DE10-4906-BB09-54E6A080948A}
	EndGlobalSection
EndGlobal
