Microsoft Visual Studio Solution File, Format Version 12.00
# Visual Studio 14
VisualStudioVersion = 14.0.22613.0
MinimumVisualStudioVersion = 10.0.40219.1
Project("{2150E333-8FDC-42A3-9474-1A3956D46DE8}") = "scripts", "scripts", "{189961D1-DFF4-406A-9D42-39B61221A73A}"
	ProjectSection(SolutionItems) = preProject
		scripts\k-crossgen.cmd = scripts\k-crossgen.cmd
		scripts\k.cmd = scripts\k.cmd
		scripts\klr.cmd = scripts\klr.cmd
		makefile.shade = makefile.shade
	EndProjectSection
EndProject
Project("{2150E333-8FDC-42A3-9474-1A3956D46DE8}") = "host", "host", "{13ED5001-B871-4BC3-8499-29607F596C7C}"
EndProject
Project("{2150E333-8FDC-42A3-9474-1A3956D46DE8}") = "test", "test", "{C43EE429-DE10-4906-BB09-54E6A080948A}"
EndProject
Project("{2150E333-8FDC-42A3-9474-1A3956D46DE8}") = "src", "src", "{AF391791-F4B7-41AC-8F08-9485DAC543C5}"
EndProject
Project("{2150E333-8FDC-42A3-9474-1A3956D46DE8}") = "samples", "samples", "{3F68EE40-3C6A-4FD1-B057-0427A9BF88BE}"
EndProject
Project("{8BB2217D-0F2D-49D1-97BC-3654ED321F3B}") = "Microsoft.Framework.Runtime.Tests", "test\Microsoft.Framework.Runtime.Tests\Microsoft.Framework.Runtime.Tests.kproj", "{CCC1F7F8-8D3B-49C3-BAD4-17C784499AF1}"
EndProject
Project("{8BB2217D-0F2D-49D1-97BC-3654ED321F3B}") = "Microsoft.Framework.Runtime.Interfaces", "src\Microsoft.Framework.Runtime.Interfaces\Microsoft.Framework.Runtime.Interfaces.kproj", "{34E6FF7E-EACA-4542-A569-812738A83EB8}"
EndProject
Project("{8BB2217D-0F2D-49D1-97BC-3654ED321F3B}") = "Microsoft.Framework.Runtime", "src\Microsoft.Framework.Runtime\Microsoft.Framework.Runtime.kproj", "{D346515A-D457-49AC-B74D-1A343D870449}"
EndProject
Project("{8BB2217D-0F2D-49D1-97BC-3654ED321F3B}") = "Microsoft.Framework.Runtime.Common", "src\Microsoft.Framework.Runtime.Common\Microsoft.Framework.Runtime.Common.kproj", "{FFA613E0-5AA7-4385-AD3D-B1B4ABD959FA}"
EndProject
Project("{8BB2217D-0F2D-49D1-97BC-3654ED321F3B}") = "Microsoft.Framework.Runtime.Roslyn.Tests", "test\Microsoft.Framework.Runtime.Roslyn.Tests\Microsoft.Framework.Runtime.Roslyn.Tests.kproj", "{E2C080E8-EA5B-4F49-AFD8-2534C8F5CA78}"
EndProject
Project("{8BB2217D-0F2D-49D1-97BC-3654ED321F3B}") = "Microsoft.Framework.Runtime.Roslyn", "src\Microsoft.Framework.Runtime.Roslyn\Microsoft.Framework.Runtime.Roslyn.kproj", "{8B24A782-7A34-4258-B397-733C6728952C}"
EndProject
Project("{8BB2217D-0F2D-49D1-97BC-3654ED321F3B}") = "Microsoft.Framework.ApplicationHost", "src\Microsoft.Framework.ApplicationHost\Microsoft.Framework.ApplicationHost.kproj", "{7829F696-AFC4-4011-B9DE-6F1C24846D67}"
EndProject
Project("{8BB2217D-0F2D-49D1-97BC-3654ED321F3B}") = "Microsoft.Framework.CommandLineUtils", "src\Microsoft.Framework.CommandLineUtils\Microsoft.Framework.CommandLineUtils.kproj", "{C46A8C00-CD50-4478-8639-6A6CF8CDD05B}"
EndProject
Project("{8BB2217D-0F2D-49D1-97BC-3654ED321F3B}") = "Microsoft.Framework.DesignTimeHost", "src\Microsoft.Framework.DesignTimeHost\Microsoft.Framework.DesignTimeHost.kproj", "{B8208D93-75C4-44BF-80BC-DEB9678FA05E}"
EndProject
Project("{8BB2217D-0F2D-49D1-97BC-3654ED321F3B}") = "Microsoft.Framework.Project", "src\Microsoft.Framework.Project\Microsoft.Framework.Project.kproj", "{AE99F965-68E2-4E7A-947A-0D2C61992792}"
EndProject
Project("{8BB2217D-0F2D-49D1-97BC-3654ED321F3B}") = "HelloWorld", "samples\HelloWorld\HelloWorld.kproj", "{BF98054D-21EB-46B2-994B-007B145D32A1}"
EndProject
Project("{8BB2217D-0F2D-49D1-97BC-3654ED321F3B}") = "HelloShared", "samples\HelloShared\HelloShared.kproj", "{87F66056-D3D9-47E0-8F9B-DF385CCF03AD}"
EndProject
Project("{8BB2217D-0F2D-49D1-97BC-3654ED321F3B}") = "Microsoft.Framework.PackageManager", "src\Microsoft.Framework.PackageManager\Microsoft.Framework.PackageManager.kproj", "{0D752D1C-3985-4E27-92C4-0BEE72B1F58D}"
EndProject
Project("{8BB2217D-0F2D-49D1-97BC-3654ED321F3B}") = "Microsoft.Framework.CommandLineUtils.Tests", "test\Microsoft.Framework.CommandLineUtils.Tests\Microsoft.Framework.CommandLineUtils.Tests.kproj", "{7E6564C3-04E3-418C-B96A-463FE2906F09}"
EndProject
Project("{2150E333-8FDC-42A3-9474-1A3956D46DE8}") = "Solution Items", "Solution Items", "{9B91C1A4-0DDF-4F1A-A353-5E2BF7A824F2}"
	ProjectSection(SolutionItems) = preProject
		global.json = global.json
	EndProjectSection
EndProject
Project("{8BB2217D-0F2D-49D1-97BC-3654ED321F3B}") = "Microsoft.Framework.PackageManager.FunctionalTests", "test\Microsoft.Framework.PackageManager.FunctionalTests\Microsoft.Framework.PackageManager.FunctionalTests.kproj", "{C8404BE7-504E-477C-BC29-41A49B1BCBD9}"
EndProject
Project("{8BB2217D-0F2D-49D1-97BC-3654ED321F3B}") = "Microsoft.Framework.PackageManager.Tests", "test\Microsoft.Framework.PackageManager.Tests\Microsoft.Framework.PackageManager.Tests.kproj", "{C5E5BC63-37C2-44F1-B2CF-906CABE4B614}"
EndProject
Project("{8BB2217D-0F2D-49D1-97BC-3654ED321F3B}") = "Microsoft.Framework.Runtime.Loader", "src\Microsoft.Framework.Runtime.Loader\Microsoft.Framework.Runtime.Loader.kproj", "{462B03CA-FF32-4DBE-AA73-9204F6AAAF66}"
EndProject
Project("{8BB2217D-0F2D-49D1-97BC-3654ED321F3B}") = "Microsoft.Framework.FunctionalTestUtils", "test\Microsoft.Framework.FunctionalTestUtils\Microsoft.Framework.FunctionalTestUtils.kproj", "{51E18677-FBF2-4CF1-AA6F-06C79DE619C2}"
EndProject
Project("{8BB2217D-0F2D-49D1-97BC-3654ED321F3B}") = "Microsoft.Framework.ApplicationHost.FunctionalTests", "test\Microsoft.Framework.ApplicationHost.FunctionalTests\Microsoft.Framework.ApplicationHost.FunctionalTests.kproj", "{A296F9FC-B5BE-4C01-ACC1-8F3DD1549B72}"
EndProject
Project("{8BB2217D-0F2D-49D1-97BC-3654ED321F3B}") = "Microsoft.Framework.Runtime.Roslyn.Common", "src\Microsoft.Framework.Runtime.Roslyn.Common\Microsoft.Framework.Runtime.Roslyn.Common.kproj", "{AEC44752-F844-4396-A02A-160E66D1A78F}"
EndProject
Project("{8BB2217D-0F2D-49D1-97BC-3654ED321F3B}") = "Microsoft.Framework.Runtime.FunctionalTests", "test\Microsoft.Framework.Runtime.FunctionalTests\Microsoft.Framework.Runtime.FunctionalTests.kproj", "{5DCA7A59-3B5E-4751-A563-B78201F97AE3}"
EndProject
Project("{8BC9CEB8-8B4A-11D0-8D11-00A0C91BC942}") = "klr", "src\klr\klr.vcxproj", "{D0E2FB09-0FEA-478A-9068-D6AA420C6DED}"
EndProject
Project("{8BC9CEB8-8B4A-11D0-8D11-00A0C91BC942}") = "kre.clr", "src\kre.clr\kre.clr.vcxproj", "{0E4CB542-5E58-4D24-9CAE-DAC83D932DBE}"
EndProject
Project("{8BB2217D-0F2D-49D1-97BC-3654ED321F3B}") = "kre.clr.managed", "src\kre.clr.managed\kre.clr.managed.kproj", "{2D50D502-E10A-4B1C-8A49-DBC52B5CE9CB}"
EndProject
Project("{8BC9CEB8-8B4A-11D0-8D11-00A0C91BC942}") = "kre.coreclr", "src\kre.coreclr\kre.coreclr.vcxproj", "{1F31D08E-DE21-48F6-ADE3-315EA6268DD1}"
EndProject
Project("{8BB2217D-0F2D-49D1-97BC-3654ED321F3B}") = "kre.coreclr.managed", "src\kre.coreclr.managed\kre.coreclr.managed.kproj", "{1DEBD970-0B84-41F7-B247-D4E853432432}"
EndProject
Project("{8BB2217D-0F2D-49D1-97BC-3654ED321F3B}") = "kre.host", "src\kre.host\kre.host.kproj", "{68048350-2996-4B4A-90BE-3405F088BD5A}"
EndProject
Project("{8BB2217D-0F2D-49D1-97BC-3654ED321F3B}") = "kre.hosting.shared", "src\kre.hosting.shared\kre.hosting.shared.kproj", "{FE569E9D-AAAE-43CE-BE29-2C2197C0DF8F}"
EndProject
Project("{8BB2217D-0F2D-49D1-97BC-3654ED321F3B}") = "Bootstrapper.FunctionalTests", "test\Bootstrapper.FunctionalTests\Bootstrapper.FunctionalTests.kproj", "{3F59A0B7-745D-4ADA-A913-6A1AD1A149C2}"
EndProject
Project("{8BB2217D-0F2D-49D1-97BC-3654ED321F3B}") = "Microsoft.Framework.ApplicationHost2", "src\Microsoft.Framework.ApplicationHost2\Microsoft.Framework.ApplicationHost2.kproj", "{F6AA0E08-2A20-4019-9720-588D3A0DAF2C}"
EndProject
Project("{8BB2217D-0F2D-49D1-97BC-3654ED321F3B}") = "Microsoft.Framework.DesignTimeHost.Interfaces", "src\Microsoft.Framework.DesignTimeHost.Interfaces\Microsoft.Framework.DesignTimeHost.Interfaces.kproj", "{88772B8E-1D5D-47D5-BDEB-1FDADA481845}"
EndProject
Project("{8BB2217D-0F2D-49D1-97BC-3654ED321F3B}") = "Microsoft.Framework.Runtime.Roslyn.Interfaces", "src\Microsoft.Framework.Runtime.Roslyn.Interfaces\Microsoft.Framework.Runtime.Roslyn.Interfaces.kproj", "{F8DC9AE8-54E1-443C-BF04-60AB0D169E3A}"
EndProject
Project("{8BB2217D-0F2D-49D1-97BC-3654ED321F3B}") = "Microsoft.Framework.DesignTimeHost.Tests", "test\Microsoft.Framework.DesignTimeHost.Tests\Microsoft.Framework.DesignTimeHost.Tests.kproj", "{D2B06998-051A-4BCA-B005-F9F03FA83AD6}"
EndProject
Project("{2150E333-8FDC-42A3-9474-1A3956D46DE8}") = "submodules", "submodules", "{D825D676-CEB4-4D32-8049-A6383AD1929B}"
EndProject
Project("{2150E333-8FDC-42A3-9474-1A3956D46DE8}") = "NuGet.Versioning", "NuGet.Versioning", "{A6FE6180-B68C-447F-9CD6-66287B329B80}"
EndProject
Project("{2150E333-8FDC-42A3-9474-1A3956D46DE8}") = "NuGet.Packaging", "NuGet.Packaging", "{46C749A6-9957-4C9F-8B4D-08B8A00B1A95}"
EndProject
Project("{2150E333-8FDC-42A3-9474-1A3956D46DE8}") = "src", "src", "{CAF3AE3C-D013-43E7-9AFD-AC6956B2999F}"
EndProject
Project("{8BB2217D-0F2D-49D1-97BC-3654ED321F3B}") = "NuGet.Frameworks", "submodules\NuGet.Packaging\src\NuGet.Frameworks\NuGet.Frameworks.kproj", "{9A9A9F26-597A-4FA6-A4F1-415063484D9C}"
EndProject
Project("{8BB2217D-0F2D-49D1-97BC-3654ED321F3B}") = "NuGet.Versioning", "submodules\NuGet.Versioning\src\NuGet.Versioning\NuGet.Versioning.kproj", "{24E62AB7-64E4-4975-9417-883559D1BC19}"
EndProject
Project("{8BB2217D-0F2D-49D1-97BC-3654ED321F3B}") = "NuGet.Packaging.Core", "submodules\NuGet.Packaging\src\NuGet.Packaging.Core\NuGet.Packaging.Core.kproj", "{D65583E4-8084-466A-BA4B-55A797EA047B}"
EndProject
Project("{8BB2217D-0F2D-49D1-97BC-3654ED321F3B}") = "NuGet.Packaging", "submodules\NuGet.Packaging\src\NuGet.Packaging\NuGet.Packaging.kproj", "{BD6BBC90-60BE-4E7D-8458-91E9CDA66ABE}"
EndProject
Project("{2150E333-8FDC-42A3-9474-1A3956D46DE8}") = "src", "src", "{AF8C0E0F-D6F2-4F22-BF0D-0E904F46DD95}"
EndProject
Project("{8BB2217D-0F2D-49D1-97BC-3654ED321F3B}") = "Microsoft.Framework.Runtime.Hosting", "src\Microsoft.Framework.Runtime.Hosting\Microsoft.Framework.Runtime.Hosting.kproj", "{209FE200-D4E8-4E52-9AEA-7F77A10696A8}"
EndProject
Project("{8BB2217D-0F2D-49D1-97BC-3654ED321F3B}") = "NuGet.Packaging.Core.Types", "submodules\NuGet.Packaging\src\NuGet.Packaging.Core.Types\NuGet.Packaging.Core.Types.kproj", "{46275450-3B62-4E89-8F7E-3FE2EE8513D2}"
EndProject
Project("{8BB2217D-0F2D-49D1-97BC-3654ED321F3B}") = "NuGet.ProjectModel", "submodules\NuGet.Packaging\src\NuGet.ProjectModel\NuGet.ProjectModel.kproj", "{18006692-AFCC-49FD-95F6-66E8A0C49E9B}"
EndProject
Project("{8BB2217D-0F2D-49D1-97BC-3654ED321F3B}") = "NuGet.LibraryModel", "submodules\NuGet.Packaging\src\NuGet.LibraryModel\NuGet.LibraryModel.kproj", "{13883E8E-7DE1-4EDD-8E4A-C5357BA8CD81}"
EndProject
Project("{8BB2217D-0F2D-49D1-97BC-3654ED321F3B}") = "NuGet.DependencyResolver.Core", "submodules\NuGet.Packaging\src\NuGet.DependencyResolver.Core\NuGet.DependencyResolver.Core.kproj", "{CF8E1753-EE98-410F-BB4B-6624B19C6B64}"
EndProject
Project("{8BB2217D-0F2D-49D1-97BC-3654ED321F3B}") = "NuGet.Repositories", "submodules\NuGet.Packaging\src\NuGet.Repositories\NuGet.Repositories.kproj", "{24DE9E2C-4ADC-48E6-ADF0-1E2B00596ECD}"
EndProject
Project("{8BB2217D-0F2D-49D1-97BC-3654ED321F3B}") = "Microsoft.Framework.FileSystemGlobbing", "submodules\FileSystem\src\Microsoft.Framework.FileSystemGlobbing\Microsoft.Framework.FileSystemGlobbing.kproj", "{970449A2-3BBB-4E87-8513-C41F109B1A3E}"
EndProject
Project("{2150E333-8FDC-42A3-9474-1A3956D46DE8}") = "FileSystem", "FileSystem", "{A95304E0-DA56-45EE-B5DA-BB6B46D83D88}"
EndProject
Project("{2150E333-8FDC-42A3-9474-1A3956D46DE8}") = "src", "src", "{0661BDE0-6471-49A4-B902-F826D92EB96D}"
EndProject
Global
	GlobalSection(SolutionConfigurationPlatforms) = preSolution
		Debug|Any CPU = Debug|Any CPU
		Debug|Mixed Platforms = Debug|Mixed Platforms
		Debug|Win32 = Debug|Win32
		Debug|x64 = Debug|x64
		Debug|x86 = Debug|x86
		Release|Any CPU = Release|Any CPU
		Release|Mixed Platforms = Release|Mixed Platforms
		Release|Win32 = Release|Win32
		Release|x64 = Release|x64
		Release|x86 = Release|x86
	EndGlobalSection
	GlobalSection(ProjectConfigurationPlatforms) = postSolution
		{CCC1F7F8-8D3B-49C3-BAD4-17C784499AF1}.Debug|Any CPU.ActiveCfg = Debug|Any CPU
		{CCC1F7F8-8D3B-49C3-BAD4-17C784499AF1}.Debug|Any CPU.Build.0 = Debug|Any CPU
		{CCC1F7F8-8D3B-49C3-BAD4-17C784499AF1}.Debug|Mixed Platforms.ActiveCfg = Debug|Any CPU
		{CCC1F7F8-8D3B-49C3-BAD4-17C784499AF1}.Debug|Mixed Platforms.Build.0 = Debug|Any CPU
		{CCC1F7F8-8D3B-49C3-BAD4-17C784499AF1}.Debug|Win32.ActiveCfg = Debug|Any CPU
		{CCC1F7F8-8D3B-49C3-BAD4-17C784499AF1}.Debug|x64.ActiveCfg = Debug|Any CPU
		{CCC1F7F8-8D3B-49C3-BAD4-17C784499AF1}.Debug|x86.ActiveCfg = Debug|Any CPU
		{CCC1F7F8-8D3B-49C3-BAD4-17C784499AF1}.Release|Any CPU.ActiveCfg = Release|Any CPU
		{CCC1F7F8-8D3B-49C3-BAD4-17C784499AF1}.Release|Any CPU.Build.0 = Release|Any CPU
		{CCC1F7F8-8D3B-49C3-BAD4-17C784499AF1}.Release|Mixed Platforms.ActiveCfg = Release|Any CPU
		{CCC1F7F8-8D3B-49C3-BAD4-17C784499AF1}.Release|Mixed Platforms.Build.0 = Release|Any CPU
		{CCC1F7F8-8D3B-49C3-BAD4-17C784499AF1}.Release|Win32.ActiveCfg = Release|Any CPU
		{CCC1F7F8-8D3B-49C3-BAD4-17C784499AF1}.Release|x64.ActiveCfg = Release|Any CPU
		{CCC1F7F8-8D3B-49C3-BAD4-17C784499AF1}.Release|x86.ActiveCfg = Release|Any CPU
		{34E6FF7E-EACA-4542-A569-812738A83EB8}.Debug|Any CPU.ActiveCfg = Debug|Any CPU
		{34E6FF7E-EACA-4542-A569-812738A83EB8}.Debug|Any CPU.Build.0 = Debug|Any CPU
		{34E6FF7E-EACA-4542-A569-812738A83EB8}.Debug|Mixed Platforms.ActiveCfg = Debug|Any CPU
		{34E6FF7E-EACA-4542-A569-812738A83EB8}.Debug|Mixed Platforms.Build.0 = Debug|Any CPU
		{34E6FF7E-EACA-4542-A569-812738A83EB8}.Debug|Win32.ActiveCfg = Debug|Any CPU
		{34E6FF7E-EACA-4542-A569-812738A83EB8}.Debug|x64.ActiveCfg = Debug|Any CPU
		{34E6FF7E-EACA-4542-A569-812738A83EB8}.Debug|x86.ActiveCfg = Debug|Any CPU
		{34E6FF7E-EACA-4542-A569-812738A83EB8}.Release|Any CPU.ActiveCfg = Release|Any CPU
		{34E6FF7E-EACA-4542-A569-812738A83EB8}.Release|Any CPU.Build.0 = Release|Any CPU
		{34E6FF7E-EACA-4542-A569-812738A83EB8}.Release|Mixed Platforms.ActiveCfg = Release|Any CPU
		{34E6FF7E-EACA-4542-A569-812738A83EB8}.Release|Mixed Platforms.Build.0 = Release|Any CPU
		{34E6FF7E-EACA-4542-A569-812738A83EB8}.Release|Win32.ActiveCfg = Release|Any CPU
		{34E6FF7E-EACA-4542-A569-812738A83EB8}.Release|x64.ActiveCfg = Release|Any CPU
		{34E6FF7E-EACA-4542-A569-812738A83EB8}.Release|x86.ActiveCfg = Release|Any CPU
		{D346515A-D457-49AC-B74D-1A343D870449}.Debug|Any CPU.ActiveCfg = Debug|Any CPU
		{D346515A-D457-49AC-B74D-1A343D870449}.Debug|Any CPU.Build.0 = Debug|Any CPU
		{D346515A-D457-49AC-B74D-1A343D870449}.Debug|Mixed Platforms.ActiveCfg = Debug|Any CPU
		{D346515A-D457-49AC-B74D-1A343D870449}.Debug|Mixed Platforms.Build.0 = Debug|Any CPU
		{D346515A-D457-49AC-B74D-1A343D870449}.Debug|Win32.ActiveCfg = Debug|Any CPU
		{D346515A-D457-49AC-B74D-1A343D870449}.Debug|x64.ActiveCfg = Debug|Any CPU
		{D346515A-D457-49AC-B74D-1A343D870449}.Debug|x86.ActiveCfg = Debug|Any CPU
		{D346515A-D457-49AC-B74D-1A343D870449}.Release|Any CPU.ActiveCfg = Release|Any CPU
		{D346515A-D457-49AC-B74D-1A343D870449}.Release|Any CPU.Build.0 = Release|Any CPU
		{D346515A-D457-49AC-B74D-1A343D870449}.Release|Mixed Platforms.ActiveCfg = Release|Any CPU
		{D346515A-D457-49AC-B74D-1A343D870449}.Release|Mixed Platforms.Build.0 = Release|Any CPU
		{D346515A-D457-49AC-B74D-1A343D870449}.Release|Win32.ActiveCfg = Release|Any CPU
		{D346515A-D457-49AC-B74D-1A343D870449}.Release|x64.ActiveCfg = Release|Any CPU
		{D346515A-D457-49AC-B74D-1A343D870449}.Release|x86.ActiveCfg = Release|Any CPU
		{FFA613E0-5AA7-4385-AD3D-B1B4ABD959FA}.Debug|Any CPU.ActiveCfg = Debug|Any CPU
		{FFA613E0-5AA7-4385-AD3D-B1B4ABD959FA}.Debug|Any CPU.Build.0 = Debug|Any CPU
		{FFA613E0-5AA7-4385-AD3D-B1B4ABD959FA}.Debug|Mixed Platforms.ActiveCfg = Debug|Any CPU
		{FFA613E0-5AA7-4385-AD3D-B1B4ABD959FA}.Debug|Mixed Platforms.Build.0 = Debug|Any CPU
		{FFA613E0-5AA7-4385-AD3D-B1B4ABD959FA}.Debug|Win32.ActiveCfg = Debug|Any CPU
		{FFA613E0-5AA7-4385-AD3D-B1B4ABD959FA}.Debug|x64.ActiveCfg = Debug|Any CPU
		{FFA613E0-5AA7-4385-AD3D-B1B4ABD959FA}.Debug|x86.ActiveCfg = Debug|Any CPU
		{FFA613E0-5AA7-4385-AD3D-B1B4ABD959FA}.Release|Any CPU.ActiveCfg = Release|Any CPU
		{FFA613E0-5AA7-4385-AD3D-B1B4ABD959FA}.Release|Any CPU.Build.0 = Release|Any CPU
		{FFA613E0-5AA7-4385-AD3D-B1B4ABD959FA}.Release|Mixed Platforms.ActiveCfg = Release|Any CPU
		{FFA613E0-5AA7-4385-AD3D-B1B4ABD959FA}.Release|Mixed Platforms.Build.0 = Release|Any CPU
		{FFA613E0-5AA7-4385-AD3D-B1B4ABD959FA}.Release|Win32.ActiveCfg = Release|Any CPU
		{FFA613E0-5AA7-4385-AD3D-B1B4ABD959FA}.Release|x64.ActiveCfg = Release|Any CPU
		{FFA613E0-5AA7-4385-AD3D-B1B4ABD959FA}.Release|x86.ActiveCfg = Release|Any CPU
		{E2C080E8-EA5B-4F49-AFD8-2534C8F5CA78}.Debug|Any CPU.ActiveCfg = Debug|Any CPU
		{E2C080E8-EA5B-4F49-AFD8-2534C8F5CA78}.Debug|Any CPU.Build.0 = Debug|Any CPU
		{E2C080E8-EA5B-4F49-AFD8-2534C8F5CA78}.Debug|Mixed Platforms.ActiveCfg = Debug|Any CPU
		{E2C080E8-EA5B-4F49-AFD8-2534C8F5CA78}.Debug|Mixed Platforms.Build.0 = Debug|Any CPU
		{E2C080E8-EA5B-4F49-AFD8-2534C8F5CA78}.Debug|Win32.ActiveCfg = Debug|Any CPU
		{E2C080E8-EA5B-4F49-AFD8-2534C8F5CA78}.Debug|x64.ActiveCfg = Debug|Any CPU
		{E2C080E8-EA5B-4F49-AFD8-2534C8F5CA78}.Debug|x86.ActiveCfg = Debug|Any CPU
		{E2C080E8-EA5B-4F49-AFD8-2534C8F5CA78}.Release|Any CPU.ActiveCfg = Release|Any CPU
		{E2C080E8-EA5B-4F49-AFD8-2534C8F5CA78}.Release|Any CPU.Build.0 = Release|Any CPU
		{E2C080E8-EA5B-4F49-AFD8-2534C8F5CA78}.Release|Mixed Platforms.ActiveCfg = Release|Any CPU
		{E2C080E8-EA5B-4F49-AFD8-2534C8F5CA78}.Release|Mixed Platforms.Build.0 = Release|Any CPU
		{E2C080E8-EA5B-4F49-AFD8-2534C8F5CA78}.Release|Win32.ActiveCfg = Release|Any CPU
		{E2C080E8-EA5B-4F49-AFD8-2534C8F5CA78}.Release|x64.ActiveCfg = Release|Any CPU
		{E2C080E8-EA5B-4F49-AFD8-2534C8F5CA78}.Release|x86.ActiveCfg = Release|Any CPU
		{8B24A782-7A34-4258-B397-733C6728952C}.Debug|Any CPU.ActiveCfg = Debug|Any CPU
		{8B24A782-7A34-4258-B397-733C6728952C}.Debug|Any CPU.Build.0 = Debug|Any CPU
		{8B24A782-7A34-4258-B397-733C6728952C}.Debug|Mixed Platforms.ActiveCfg = Debug|Any CPU
		{8B24A782-7A34-4258-B397-733C6728952C}.Debug|Mixed Platforms.Build.0 = Debug|Any CPU
		{8B24A782-7A34-4258-B397-733C6728952C}.Debug|Win32.ActiveCfg = Debug|Any CPU
		{8B24A782-7A34-4258-B397-733C6728952C}.Debug|x64.ActiveCfg = Debug|Any CPU
		{8B24A782-7A34-4258-B397-733C6728952C}.Debug|x86.ActiveCfg = Debug|Any CPU
		{8B24A782-7A34-4258-B397-733C6728952C}.Release|Any CPU.ActiveCfg = Release|Any CPU
		{8B24A782-7A34-4258-B397-733C6728952C}.Release|Any CPU.Build.0 = Release|Any CPU
		{8B24A782-7A34-4258-B397-733C6728952C}.Release|Mixed Platforms.ActiveCfg = Release|Any CPU
		{8B24A782-7A34-4258-B397-733C6728952C}.Release|Mixed Platforms.Build.0 = Release|Any CPU
		{8B24A782-7A34-4258-B397-733C6728952C}.Release|Win32.ActiveCfg = Release|Any CPU
		{8B24A782-7A34-4258-B397-733C6728952C}.Release|x64.ActiveCfg = Release|Any CPU
		{8B24A782-7A34-4258-B397-733C6728952C}.Release|x86.ActiveCfg = Release|Any CPU
		{7829F696-AFC4-4011-B9DE-6F1C24846D67}.Debug|Any CPU.ActiveCfg = Debug|Any CPU
		{7829F696-AFC4-4011-B9DE-6F1C24846D67}.Debug|Any CPU.Build.0 = Debug|Any CPU
		{7829F696-AFC4-4011-B9DE-6F1C24846D67}.Debug|Mixed Platforms.ActiveCfg = Debug|Any CPU
		{7829F696-AFC4-4011-B9DE-6F1C24846D67}.Debug|Mixed Platforms.Build.0 = Debug|Any CPU
		{7829F696-AFC4-4011-B9DE-6F1C24846D67}.Debug|Win32.ActiveCfg = Debug|Any CPU
		{7829F696-AFC4-4011-B9DE-6F1C24846D67}.Debug|x64.ActiveCfg = Debug|Any CPU
		{7829F696-AFC4-4011-B9DE-6F1C24846D67}.Debug|x86.ActiveCfg = Debug|Any CPU
		{7829F696-AFC4-4011-B9DE-6F1C24846D67}.Release|Any CPU.ActiveCfg = Release|Any CPU
		{7829F696-AFC4-4011-B9DE-6F1C24846D67}.Release|Any CPU.Build.0 = Release|Any CPU
		{7829F696-AFC4-4011-B9DE-6F1C24846D67}.Release|Mixed Platforms.ActiveCfg = Release|Any CPU
		{7829F696-AFC4-4011-B9DE-6F1C24846D67}.Release|Mixed Platforms.Build.0 = Release|Any CPU
		{7829F696-AFC4-4011-B9DE-6F1C24846D67}.Release|Win32.ActiveCfg = Release|Any CPU
		{7829F696-AFC4-4011-B9DE-6F1C24846D67}.Release|x64.ActiveCfg = Release|Any CPU
		{7829F696-AFC4-4011-B9DE-6F1C24846D67}.Release|x86.ActiveCfg = Release|Any CPU
		{C46A8C00-CD50-4478-8639-6A6CF8CDD05B}.Debug|Any CPU.ActiveCfg = Debug|Any CPU
		{C46A8C00-CD50-4478-8639-6A6CF8CDD05B}.Debug|Any CPU.Build.0 = Debug|Any CPU
		{C46A8C00-CD50-4478-8639-6A6CF8CDD05B}.Debug|Mixed Platforms.ActiveCfg = Debug|Any CPU
		{C46A8C00-CD50-4478-8639-6A6CF8CDD05B}.Debug|Mixed Platforms.Build.0 = Debug|Any CPU
		{C46A8C00-CD50-4478-8639-6A6CF8CDD05B}.Debug|Win32.ActiveCfg = Debug|Any CPU
		{C46A8C00-CD50-4478-8639-6A6CF8CDD05B}.Debug|x64.ActiveCfg = Debug|Any CPU
		{C46A8C00-CD50-4478-8639-6A6CF8CDD05B}.Debug|x86.ActiveCfg = Debug|Any CPU
		{C46A8C00-CD50-4478-8639-6A6CF8CDD05B}.Release|Any CPU.ActiveCfg = Release|Any CPU
		{C46A8C00-CD50-4478-8639-6A6CF8CDD05B}.Release|Any CPU.Build.0 = Release|Any CPU
		{C46A8C00-CD50-4478-8639-6A6CF8CDD05B}.Release|Mixed Platforms.ActiveCfg = Release|Any CPU
		{C46A8C00-CD50-4478-8639-6A6CF8CDD05B}.Release|Mixed Platforms.Build.0 = Release|Any CPU
		{C46A8C00-CD50-4478-8639-6A6CF8CDD05B}.Release|Win32.ActiveCfg = Release|Any CPU
		{C46A8C00-CD50-4478-8639-6A6CF8CDD05B}.Release|x64.ActiveCfg = Release|Any CPU
		{C46A8C00-CD50-4478-8639-6A6CF8CDD05B}.Release|x86.ActiveCfg = Release|Any CPU
		{B8208D93-75C4-44BF-80BC-DEB9678FA05E}.Debug|Any CPU.ActiveCfg = Debug|Any CPU
		{B8208D93-75C4-44BF-80BC-DEB9678FA05E}.Debug|Any CPU.Build.0 = Debug|Any CPU
		{B8208D93-75C4-44BF-80BC-DEB9678FA05E}.Debug|Mixed Platforms.ActiveCfg = Debug|Any CPU
		{B8208D93-75C4-44BF-80BC-DEB9678FA05E}.Debug|Mixed Platforms.Build.0 = Debug|Any CPU
		{B8208D93-75C4-44BF-80BC-DEB9678FA05E}.Debug|Win32.ActiveCfg = Debug|Any CPU
		{B8208D93-75C4-44BF-80BC-DEB9678FA05E}.Debug|x64.ActiveCfg = Debug|Any CPU
		{B8208D93-75C4-44BF-80BC-DEB9678FA05E}.Debug|x86.ActiveCfg = Debug|Any CPU
		{B8208D93-75C4-44BF-80BC-DEB9678FA05E}.Release|Any CPU.ActiveCfg = Release|Any CPU
		{B8208D93-75C4-44BF-80BC-DEB9678FA05E}.Release|Any CPU.Build.0 = Release|Any CPU
		{B8208D93-75C4-44BF-80BC-DEB9678FA05E}.Release|Mixed Platforms.ActiveCfg = Release|Any CPU
		{B8208D93-75C4-44BF-80BC-DEB9678FA05E}.Release|Mixed Platforms.Build.0 = Release|Any CPU
		{B8208D93-75C4-44BF-80BC-DEB9678FA05E}.Release|Win32.ActiveCfg = Release|Any CPU
		{B8208D93-75C4-44BF-80BC-DEB9678FA05E}.Release|x64.ActiveCfg = Release|Any CPU
		{B8208D93-75C4-44BF-80BC-DEB9678FA05E}.Release|x86.ActiveCfg = Release|Any CPU
		{AE99F965-68E2-4E7A-947A-0D2C61992792}.Debug|Any CPU.ActiveCfg = Debug|Any CPU
		{AE99F965-68E2-4E7A-947A-0D2C61992792}.Debug|Any CPU.Build.0 = Debug|Any CPU
		{AE99F965-68E2-4E7A-947A-0D2C61992792}.Debug|Mixed Platforms.ActiveCfg = Debug|Any CPU
		{AE99F965-68E2-4E7A-947A-0D2C61992792}.Debug|Mixed Platforms.Build.0 = Debug|Any CPU
		{AE99F965-68E2-4E7A-947A-0D2C61992792}.Debug|Win32.ActiveCfg = Debug|Any CPU
		{AE99F965-68E2-4E7A-947A-0D2C61992792}.Debug|x64.ActiveCfg = Debug|Any CPU
		{AE99F965-68E2-4E7A-947A-0D2C61992792}.Debug|x86.ActiveCfg = Debug|Any CPU
		{AE99F965-68E2-4E7A-947A-0D2C61992792}.Release|Any CPU.ActiveCfg = Release|Any CPU
		{AE99F965-68E2-4E7A-947A-0D2C61992792}.Release|Any CPU.Build.0 = Release|Any CPU
		{AE99F965-68E2-4E7A-947A-0D2C61992792}.Release|Mixed Platforms.ActiveCfg = Release|Any CPU
		{AE99F965-68E2-4E7A-947A-0D2C61992792}.Release|Mixed Platforms.Build.0 = Release|Any CPU
		{AE99F965-68E2-4E7A-947A-0D2C61992792}.Release|Win32.ActiveCfg = Release|Any CPU
		{AE99F965-68E2-4E7A-947A-0D2C61992792}.Release|x64.ActiveCfg = Release|Any CPU
		{AE99F965-68E2-4E7A-947A-0D2C61992792}.Release|x86.ActiveCfg = Release|Any CPU
		{BF98054D-21EB-46B2-994B-007B145D32A1}.Debug|Any CPU.ActiveCfg = Debug|Any CPU
		{BF98054D-21EB-46B2-994B-007B145D32A1}.Debug|Any CPU.Build.0 = Debug|Any CPU
		{BF98054D-21EB-46B2-994B-007B145D32A1}.Debug|Mixed Platforms.ActiveCfg = Debug|Any CPU
		{BF98054D-21EB-46B2-994B-007B145D32A1}.Debug|Mixed Platforms.Build.0 = Debug|Any CPU
		{BF98054D-21EB-46B2-994B-007B145D32A1}.Debug|Win32.ActiveCfg = Debug|Any CPU
		{BF98054D-21EB-46B2-994B-007B145D32A1}.Debug|x64.ActiveCfg = Debug|Any CPU
		{BF98054D-21EB-46B2-994B-007B145D32A1}.Debug|x86.ActiveCfg = Debug|Any CPU
		{BF98054D-21EB-46B2-994B-007B145D32A1}.Release|Any CPU.ActiveCfg = Release|Any CPU
		{BF98054D-21EB-46B2-994B-007B145D32A1}.Release|Any CPU.Build.0 = Release|Any CPU
		{BF98054D-21EB-46B2-994B-007B145D32A1}.Release|Mixed Platforms.ActiveCfg = Release|Any CPU
		{BF98054D-21EB-46B2-994B-007B145D32A1}.Release|Mixed Platforms.Build.0 = Release|Any CPU
		{BF98054D-21EB-46B2-994B-007B145D32A1}.Release|Win32.ActiveCfg = Release|Any CPU
		{BF98054D-21EB-46B2-994B-007B145D32A1}.Release|x64.ActiveCfg = Release|Any CPU
		{BF98054D-21EB-46B2-994B-007B145D32A1}.Release|x86.ActiveCfg = Release|Any CPU
		{87F66056-D3D9-47E0-8F9B-DF385CCF03AD}.Debug|Any CPU.ActiveCfg = Debug|Any CPU
		{87F66056-D3D9-47E0-8F9B-DF385CCF03AD}.Debug|Any CPU.Build.0 = Debug|Any CPU
		{87F66056-D3D9-47E0-8F9B-DF385CCF03AD}.Debug|Mixed Platforms.ActiveCfg = Debug|Any CPU
		{87F66056-D3D9-47E0-8F9B-DF385CCF03AD}.Debug|Mixed Platforms.Build.0 = Debug|Any CPU
		{87F66056-D3D9-47E0-8F9B-DF385CCF03AD}.Debug|Win32.ActiveCfg = Debug|Any CPU
		{87F66056-D3D9-47E0-8F9B-DF385CCF03AD}.Debug|x64.ActiveCfg = Debug|Any CPU
		{87F66056-D3D9-47E0-8F9B-DF385CCF03AD}.Debug|x86.ActiveCfg = Debug|Any CPU
		{87F66056-D3D9-47E0-8F9B-DF385CCF03AD}.Release|Any CPU.ActiveCfg = Release|Any CPU
		{87F66056-D3D9-47E0-8F9B-DF385CCF03AD}.Release|Any CPU.Build.0 = Release|Any CPU
		{87F66056-D3D9-47E0-8F9B-DF385CCF03AD}.Release|Mixed Platforms.ActiveCfg = Release|Any CPU
		{87F66056-D3D9-47E0-8F9B-DF385CCF03AD}.Release|Mixed Platforms.Build.0 = Release|Any CPU
		{87F66056-D3D9-47E0-8F9B-DF385CCF03AD}.Release|Win32.ActiveCfg = Release|Any CPU
		{87F66056-D3D9-47E0-8F9B-DF385CCF03AD}.Release|x64.ActiveCfg = Release|Any CPU
		{87F66056-D3D9-47E0-8F9B-DF385CCF03AD}.Release|x86.ActiveCfg = Release|Any CPU
		{0D752D1C-3985-4E27-92C4-0BEE72B1F58D}.Debug|Any CPU.ActiveCfg = Debug|Any CPU
		{0D752D1C-3985-4E27-92C4-0BEE72B1F58D}.Debug|Any CPU.Build.0 = Debug|Any CPU
		{0D752D1C-3985-4E27-92C4-0BEE72B1F58D}.Debug|Mixed Platforms.ActiveCfg = Debug|Any CPU
		{0D752D1C-3985-4E27-92C4-0BEE72B1F58D}.Debug|Mixed Platforms.Build.0 = Debug|Any CPU
		{0D752D1C-3985-4E27-92C4-0BEE72B1F58D}.Debug|Win32.ActiveCfg = Debug|Any CPU
		{0D752D1C-3985-4E27-92C4-0BEE72B1F58D}.Debug|x64.ActiveCfg = Debug|Any CPU
		{0D752D1C-3985-4E27-92C4-0BEE72B1F58D}.Debug|x86.ActiveCfg = Debug|Any CPU
		{0D752D1C-3985-4E27-92C4-0BEE72B1F58D}.Release|Any CPU.ActiveCfg = Release|Any CPU
		{0D752D1C-3985-4E27-92C4-0BEE72B1F58D}.Release|Any CPU.Build.0 = Release|Any CPU
		{0D752D1C-3985-4E27-92C4-0BEE72B1F58D}.Release|Mixed Platforms.ActiveCfg = Release|Any CPU
		{0D752D1C-3985-4E27-92C4-0BEE72B1F58D}.Release|Mixed Platforms.Build.0 = Release|Any CPU
		{0D752D1C-3985-4E27-92C4-0BEE72B1F58D}.Release|Win32.ActiveCfg = Release|Any CPU
		{0D752D1C-3985-4E27-92C4-0BEE72B1F58D}.Release|x64.ActiveCfg = Release|Any CPU
		{0D752D1C-3985-4E27-92C4-0BEE72B1F58D}.Release|x86.ActiveCfg = Release|Any CPU
		{7E6564C3-04E3-418C-B96A-463FE2906F09}.Debug|Any CPU.ActiveCfg = Debug|Any CPU
		{7E6564C3-04E3-418C-B96A-463FE2906F09}.Debug|Any CPU.Build.0 = Debug|Any CPU
		{7E6564C3-04E3-418C-B96A-463FE2906F09}.Debug|Mixed Platforms.ActiveCfg = Debug|Any CPU
		{7E6564C3-04E3-418C-B96A-463FE2906F09}.Debug|Mixed Platforms.Build.0 = Debug|Any CPU
		{7E6564C3-04E3-418C-B96A-463FE2906F09}.Debug|Win32.ActiveCfg = Debug|Any CPU
		{7E6564C3-04E3-418C-B96A-463FE2906F09}.Debug|x64.ActiveCfg = Debug|Any CPU
		{7E6564C3-04E3-418C-B96A-463FE2906F09}.Debug|x86.ActiveCfg = Debug|Any CPU
		{7E6564C3-04E3-418C-B96A-463FE2906F09}.Release|Any CPU.ActiveCfg = Release|Any CPU
		{7E6564C3-04E3-418C-B96A-463FE2906F09}.Release|Any CPU.Build.0 = Release|Any CPU
		{7E6564C3-04E3-418C-B96A-463FE2906F09}.Release|Mixed Platforms.ActiveCfg = Release|Any CPU
		{7E6564C3-04E3-418C-B96A-463FE2906F09}.Release|Mixed Platforms.Build.0 = Release|Any CPU
		{7E6564C3-04E3-418C-B96A-463FE2906F09}.Release|Win32.ActiveCfg = Release|Any CPU
		{7E6564C3-04E3-418C-B96A-463FE2906F09}.Release|x64.ActiveCfg = Release|Any CPU
		{7E6564C3-04E3-418C-B96A-463FE2906F09}.Release|x86.ActiveCfg = Release|Any CPU
		{C8404BE7-504E-477C-BC29-41A49B1BCBD9}.Debug|Any CPU.ActiveCfg = Debug|Any CPU
		{C8404BE7-504E-477C-BC29-41A49B1BCBD9}.Debug|Any CPU.Build.0 = Debug|Any CPU
		{C8404BE7-504E-477C-BC29-41A49B1BCBD9}.Debug|Mixed Platforms.ActiveCfg = Debug|Any CPU
		{C8404BE7-504E-477C-BC29-41A49B1BCBD9}.Debug|Mixed Platforms.Build.0 = Debug|Any CPU
		{C8404BE7-504E-477C-BC29-41A49B1BCBD9}.Debug|Win32.ActiveCfg = Debug|Any CPU
		{C8404BE7-504E-477C-BC29-41A49B1BCBD9}.Debug|x64.ActiveCfg = Debug|Any CPU
		{C8404BE7-504E-477C-BC29-41A49B1BCBD9}.Debug|x86.ActiveCfg = Debug|Any CPU
		{C8404BE7-504E-477C-BC29-41A49B1BCBD9}.Release|Any CPU.ActiveCfg = Release|Any CPU
		{C8404BE7-504E-477C-BC29-41A49B1BCBD9}.Release|Any CPU.Build.0 = Release|Any CPU
		{C8404BE7-504E-477C-BC29-41A49B1BCBD9}.Release|Mixed Platforms.ActiveCfg = Release|Any CPU
		{C8404BE7-504E-477C-BC29-41A49B1BCBD9}.Release|Mixed Platforms.Build.0 = Release|Any CPU
		{C8404BE7-504E-477C-BC29-41A49B1BCBD9}.Release|Win32.ActiveCfg = Release|Any CPU
		{C8404BE7-504E-477C-BC29-41A49B1BCBD9}.Release|x64.ActiveCfg = Release|Any CPU
		{C8404BE7-504E-477C-BC29-41A49B1BCBD9}.Release|x86.ActiveCfg = Release|Any CPU
		{C5E5BC63-37C2-44F1-B2CF-906CABE4B614}.Debug|Any CPU.ActiveCfg = Debug|Any CPU
		{C5E5BC63-37C2-44F1-B2CF-906CABE4B614}.Debug|Any CPU.Build.0 = Debug|Any CPU
		{C5E5BC63-37C2-44F1-B2CF-906CABE4B614}.Debug|Mixed Platforms.ActiveCfg = Debug|Any CPU
		{C5E5BC63-37C2-44F1-B2CF-906CABE4B614}.Debug|Mixed Platforms.Build.0 = Debug|Any CPU
		{C5E5BC63-37C2-44F1-B2CF-906CABE4B614}.Debug|Win32.ActiveCfg = Debug|Any CPU
		{C5E5BC63-37C2-44F1-B2CF-906CABE4B614}.Debug|x64.ActiveCfg = Debug|Any CPU
		{C5E5BC63-37C2-44F1-B2CF-906CABE4B614}.Debug|x86.ActiveCfg = Debug|Any CPU
		{C5E5BC63-37C2-44F1-B2CF-906CABE4B614}.Release|Any CPU.ActiveCfg = Release|Any CPU
		{C5E5BC63-37C2-44F1-B2CF-906CABE4B614}.Release|Any CPU.Build.0 = Release|Any CPU
		{C5E5BC63-37C2-44F1-B2CF-906CABE4B614}.Release|Mixed Platforms.ActiveCfg = Release|Any CPU
		{C5E5BC63-37C2-44F1-B2CF-906CABE4B614}.Release|Mixed Platforms.Build.0 = Release|Any CPU
		{C5E5BC63-37C2-44F1-B2CF-906CABE4B614}.Release|Win32.ActiveCfg = Release|Any CPU
		{C5E5BC63-37C2-44F1-B2CF-906CABE4B614}.Release|x64.ActiveCfg = Release|Any CPU
		{C5E5BC63-37C2-44F1-B2CF-906CABE4B614}.Release|x86.ActiveCfg = Release|Any CPU
		{462B03CA-FF32-4DBE-AA73-9204F6AAAF66}.Debug|Any CPU.ActiveCfg = Debug|Any CPU
		{462B03CA-FF32-4DBE-AA73-9204F6AAAF66}.Debug|Any CPU.Build.0 = Debug|Any CPU
		{462B03CA-FF32-4DBE-AA73-9204F6AAAF66}.Debug|Mixed Platforms.ActiveCfg = Debug|Any CPU
		{462B03CA-FF32-4DBE-AA73-9204F6AAAF66}.Debug|Mixed Platforms.Build.0 = Debug|Any CPU
		{462B03CA-FF32-4DBE-AA73-9204F6AAAF66}.Debug|Win32.ActiveCfg = Debug|Any CPU
		{462B03CA-FF32-4DBE-AA73-9204F6AAAF66}.Debug|x64.ActiveCfg = Debug|Any CPU
		{462B03CA-FF32-4DBE-AA73-9204F6AAAF66}.Debug|x86.ActiveCfg = Debug|Any CPU
		{462B03CA-FF32-4DBE-AA73-9204F6AAAF66}.Release|Any CPU.ActiveCfg = Release|Any CPU
		{462B03CA-FF32-4DBE-AA73-9204F6AAAF66}.Release|Any CPU.Build.0 = Release|Any CPU
		{462B03CA-FF32-4DBE-AA73-9204F6AAAF66}.Release|Mixed Platforms.ActiveCfg = Release|Any CPU
		{462B03CA-FF32-4DBE-AA73-9204F6AAAF66}.Release|Mixed Platforms.Build.0 = Release|Any CPU
		{462B03CA-FF32-4DBE-AA73-9204F6AAAF66}.Release|Win32.ActiveCfg = Release|Any CPU
		{462B03CA-FF32-4DBE-AA73-9204F6AAAF66}.Release|x64.ActiveCfg = Release|Any CPU
		{462B03CA-FF32-4DBE-AA73-9204F6AAAF66}.Release|x86.ActiveCfg = Release|Any CPU
		{51E18677-FBF2-4CF1-AA6F-06C79DE619C2}.Debug|Any CPU.ActiveCfg = Debug|Any CPU
		{51E18677-FBF2-4CF1-AA6F-06C79DE619C2}.Debug|Any CPU.Build.0 = Debug|Any CPU
		{51E18677-FBF2-4CF1-AA6F-06C79DE619C2}.Debug|Mixed Platforms.ActiveCfg = Debug|Any CPU
		{51E18677-FBF2-4CF1-AA6F-06C79DE619C2}.Debug|Mixed Platforms.Build.0 = Debug|Any CPU
		{51E18677-FBF2-4CF1-AA6F-06C79DE619C2}.Debug|Win32.ActiveCfg = Debug|Any CPU
		{51E18677-FBF2-4CF1-AA6F-06C79DE619C2}.Debug|Win32.Build.0 = Debug|Any CPU
		{51E18677-FBF2-4CF1-AA6F-06C79DE619C2}.Debug|x64.ActiveCfg = Debug|Any CPU
		{51E18677-FBF2-4CF1-AA6F-06C79DE619C2}.Debug|x64.Build.0 = Debug|Any CPU
		{51E18677-FBF2-4CF1-AA6F-06C79DE619C2}.Debug|x86.ActiveCfg = Debug|Any CPU
		{51E18677-FBF2-4CF1-AA6F-06C79DE619C2}.Debug|x86.Build.0 = Debug|Any CPU
		{51E18677-FBF2-4CF1-AA6F-06C79DE619C2}.Release|Any CPU.ActiveCfg = Release|Any CPU
		{51E18677-FBF2-4CF1-AA6F-06C79DE619C2}.Release|Any CPU.Build.0 = Release|Any CPU
		{51E18677-FBF2-4CF1-AA6F-06C79DE619C2}.Release|Mixed Platforms.ActiveCfg = Release|Any CPU
		{51E18677-FBF2-4CF1-AA6F-06C79DE619C2}.Release|Mixed Platforms.Build.0 = Release|Any CPU
		{51E18677-FBF2-4CF1-AA6F-06C79DE619C2}.Release|Win32.ActiveCfg = Release|Any CPU
		{51E18677-FBF2-4CF1-AA6F-06C79DE619C2}.Release|Win32.Build.0 = Release|Any CPU
		{51E18677-FBF2-4CF1-AA6F-06C79DE619C2}.Release|x64.ActiveCfg = Release|Any CPU
		{51E18677-FBF2-4CF1-AA6F-06C79DE619C2}.Release|x64.Build.0 = Release|Any CPU
		{51E18677-FBF2-4CF1-AA6F-06C79DE619C2}.Release|x86.ActiveCfg = Release|Any CPU
		{51E18677-FBF2-4CF1-AA6F-06C79DE619C2}.Release|x86.Build.0 = Release|Any CPU
		{A296F9FC-B5BE-4C01-ACC1-8F3DD1549B72}.Debug|Any CPU.ActiveCfg = Debug|Any CPU
		{A296F9FC-B5BE-4C01-ACC1-8F3DD1549B72}.Debug|Any CPU.Build.0 = Debug|Any CPU
		{A296F9FC-B5BE-4C01-ACC1-8F3DD1549B72}.Debug|Mixed Platforms.ActiveCfg = Debug|Any CPU
		{A296F9FC-B5BE-4C01-ACC1-8F3DD1549B72}.Debug|Mixed Platforms.Build.0 = Debug|Any CPU
		{A296F9FC-B5BE-4C01-ACC1-8F3DD1549B72}.Debug|Win32.ActiveCfg = Debug|Any CPU
		{A296F9FC-B5BE-4C01-ACC1-8F3DD1549B72}.Debug|Win32.Build.0 = Debug|Any CPU
		{A296F9FC-B5BE-4C01-ACC1-8F3DD1549B72}.Debug|x64.ActiveCfg = Debug|Any CPU
		{A296F9FC-B5BE-4C01-ACC1-8F3DD1549B72}.Debug|x64.Build.0 = Debug|Any CPU
		{A296F9FC-B5BE-4C01-ACC1-8F3DD1549B72}.Debug|x86.ActiveCfg = Debug|Any CPU
		{A296F9FC-B5BE-4C01-ACC1-8F3DD1549B72}.Debug|x86.Build.0 = Debug|Any CPU
		{A296F9FC-B5BE-4C01-ACC1-8F3DD1549B72}.Release|Any CPU.ActiveCfg = Release|Any CPU
		{A296F9FC-B5BE-4C01-ACC1-8F3DD1549B72}.Release|Any CPU.Build.0 = Release|Any CPU
		{A296F9FC-B5BE-4C01-ACC1-8F3DD1549B72}.Release|Mixed Platforms.ActiveCfg = Release|Any CPU
		{A296F9FC-B5BE-4C01-ACC1-8F3DD1549B72}.Release|Mixed Platforms.Build.0 = Release|Any CPU
		{A296F9FC-B5BE-4C01-ACC1-8F3DD1549B72}.Release|Win32.ActiveCfg = Release|Any CPU
		{A296F9FC-B5BE-4C01-ACC1-8F3DD1549B72}.Release|Win32.Build.0 = Release|Any CPU
		{A296F9FC-B5BE-4C01-ACC1-8F3DD1549B72}.Release|x64.ActiveCfg = Release|Any CPU
		{A296F9FC-B5BE-4C01-ACC1-8F3DD1549B72}.Release|x64.Build.0 = Release|Any CPU
		{A296F9FC-B5BE-4C01-ACC1-8F3DD1549B72}.Release|x86.ActiveCfg = Release|Any CPU
		{A296F9FC-B5BE-4C01-ACC1-8F3DD1549B72}.Release|x86.Build.0 = Release|Any CPU
		{AEC44752-F844-4396-A02A-160E66D1A78F}.Debug|Any CPU.ActiveCfg = Debug|Any CPU
		{AEC44752-F844-4396-A02A-160E66D1A78F}.Debug|Any CPU.Build.0 = Debug|Any CPU
		{AEC44752-F844-4396-A02A-160E66D1A78F}.Debug|Mixed Platforms.ActiveCfg = Debug|Any CPU
		{AEC44752-F844-4396-A02A-160E66D1A78F}.Debug|Mixed Platforms.Build.0 = Debug|Any CPU
		{AEC44752-F844-4396-A02A-160E66D1A78F}.Debug|Win32.ActiveCfg = Debug|Any CPU
		{AEC44752-F844-4396-A02A-160E66D1A78F}.Debug|Win32.Build.0 = Debug|Any CPU
		{AEC44752-F844-4396-A02A-160E66D1A78F}.Debug|x64.ActiveCfg = Debug|Any CPU
		{AEC44752-F844-4396-A02A-160E66D1A78F}.Debug|x64.Build.0 = Debug|Any CPU
		{AEC44752-F844-4396-A02A-160E66D1A78F}.Debug|x86.ActiveCfg = Debug|Any CPU
		{AEC44752-F844-4396-A02A-160E66D1A78F}.Debug|x86.Build.0 = Debug|Any CPU
		{AEC44752-F844-4396-A02A-160E66D1A78F}.Release|Any CPU.ActiveCfg = Release|Any CPU
		{AEC44752-F844-4396-A02A-160E66D1A78F}.Release|Any CPU.Build.0 = Release|Any CPU
		{AEC44752-F844-4396-A02A-160E66D1A78F}.Release|Mixed Platforms.ActiveCfg = Release|Any CPU
		{AEC44752-F844-4396-A02A-160E66D1A78F}.Release|Mixed Platforms.Build.0 = Release|Any CPU
		{AEC44752-F844-4396-A02A-160E66D1A78F}.Release|Win32.ActiveCfg = Release|Any CPU
		{AEC44752-F844-4396-A02A-160E66D1A78F}.Release|Win32.Build.0 = Release|Any CPU
		{AEC44752-F844-4396-A02A-160E66D1A78F}.Release|x64.ActiveCfg = Release|Any CPU
		{AEC44752-F844-4396-A02A-160E66D1A78F}.Release|x64.Build.0 = Release|Any CPU
		{AEC44752-F844-4396-A02A-160E66D1A78F}.Release|x86.ActiveCfg = Release|Any CPU
		{AEC44752-F844-4396-A02A-160E66D1A78F}.Release|x86.Build.0 = Release|Any CPU
		{5DCA7A59-3B5E-4751-A563-B78201F97AE3}.Debug|Any CPU.ActiveCfg = Debug|Any CPU
		{5DCA7A59-3B5E-4751-A563-B78201F97AE3}.Debug|Any CPU.Build.0 = Debug|Any CPU
		{5DCA7A59-3B5E-4751-A563-B78201F97AE3}.Debug|Mixed Platforms.ActiveCfg = Debug|Any CPU
		{5DCA7A59-3B5E-4751-A563-B78201F97AE3}.Debug|Mixed Platforms.Build.0 = Debug|Any CPU
		{5DCA7A59-3B5E-4751-A563-B78201F97AE3}.Debug|Win32.ActiveCfg = Debug|Any CPU
		{5DCA7A59-3B5E-4751-A563-B78201F97AE3}.Debug|Win32.Build.0 = Debug|Any CPU
		{5DCA7A59-3B5E-4751-A563-B78201F97AE3}.Debug|x64.ActiveCfg = Debug|Any CPU
		{5DCA7A59-3B5E-4751-A563-B78201F97AE3}.Debug|x64.Build.0 = Debug|Any CPU
		{5DCA7A59-3B5E-4751-A563-B78201F97AE3}.Debug|x86.ActiveCfg = Debug|Any CPU
		{5DCA7A59-3B5E-4751-A563-B78201F97AE3}.Debug|x86.Build.0 = Debug|Any CPU
		{5DCA7A59-3B5E-4751-A563-B78201F97AE3}.Release|Any CPU.ActiveCfg = Release|Any CPU
		{5DCA7A59-3B5E-4751-A563-B78201F97AE3}.Release|Any CPU.Build.0 = Release|Any CPU
		{5DCA7A59-3B5E-4751-A563-B78201F97AE3}.Release|Mixed Platforms.ActiveCfg = Release|Any CPU
		{5DCA7A59-3B5E-4751-A563-B78201F97AE3}.Release|Mixed Platforms.Build.0 = Release|Any CPU
		{5DCA7A59-3B5E-4751-A563-B78201F97AE3}.Release|Win32.ActiveCfg = Release|Any CPU
		{5DCA7A59-3B5E-4751-A563-B78201F97AE3}.Release|Win32.Build.0 = Release|Any CPU
		{5DCA7A59-3B5E-4751-A563-B78201F97AE3}.Release|x64.ActiveCfg = Release|Any CPU
		{5DCA7A59-3B5E-4751-A563-B78201F97AE3}.Release|x64.Build.0 = Release|Any CPU
		{5DCA7A59-3B5E-4751-A563-B78201F97AE3}.Release|x86.ActiveCfg = Release|Any CPU
		{5DCA7A59-3B5E-4751-A563-B78201F97AE3}.Release|x86.Build.0 = Release|Any CPU
		{D0E2FB09-0FEA-478A-9068-D6AA420C6DED}.Debug|Any CPU.ActiveCfg = Debug|Win32
		{D0E2FB09-0FEA-478A-9068-D6AA420C6DED}.Debug|Mixed Platforms.ActiveCfg = Debug|Win32
		{D0E2FB09-0FEA-478A-9068-D6AA420C6DED}.Debug|Mixed Platforms.Build.0 = Debug|Win32
		{D0E2FB09-0FEA-478A-9068-D6AA420C6DED}.Debug|Win32.ActiveCfg = Debug|Win32
		{D0E2FB09-0FEA-478A-9068-D6AA420C6DED}.Debug|Win32.Build.0 = Debug|Win32
		{D0E2FB09-0FEA-478A-9068-D6AA420C6DED}.Debug|x64.ActiveCfg = Debug|x64
		{D0E2FB09-0FEA-478A-9068-D6AA420C6DED}.Debug|x64.Build.0 = Debug|x64
		{D0E2FB09-0FEA-478A-9068-D6AA420C6DED}.Debug|x86.ActiveCfg = Debug|Win32
		{D0E2FB09-0FEA-478A-9068-D6AA420C6DED}.Debug|x86.Build.0 = Debug|Win32
		{D0E2FB09-0FEA-478A-9068-D6AA420C6DED}.Release|Any CPU.ActiveCfg = Release|Win32
		{D0E2FB09-0FEA-478A-9068-D6AA420C6DED}.Release|Mixed Platforms.ActiveCfg = Release|Win32
		{D0E2FB09-0FEA-478A-9068-D6AA420C6DED}.Release|Mixed Platforms.Build.0 = Release|Win32
		{D0E2FB09-0FEA-478A-9068-D6AA420C6DED}.Release|Win32.ActiveCfg = Release|Win32
		{D0E2FB09-0FEA-478A-9068-D6AA420C6DED}.Release|Win32.Build.0 = Release|Win32
		{D0E2FB09-0FEA-478A-9068-D6AA420C6DED}.Release|x64.ActiveCfg = Release|x64
		{D0E2FB09-0FEA-478A-9068-D6AA420C6DED}.Release|x64.Build.0 = Release|x64
		{D0E2FB09-0FEA-478A-9068-D6AA420C6DED}.Release|x86.ActiveCfg = Release|Win32
		{D0E2FB09-0FEA-478A-9068-D6AA420C6DED}.Release|x86.Build.0 = Release|Win32
		{0E4CB542-5E58-4D24-9CAE-DAC83D932DBE}.Debug|Any CPU.ActiveCfg = Debug|Win32
		{0E4CB542-5E58-4D24-9CAE-DAC83D932DBE}.Debug|Mixed Platforms.ActiveCfg = Debug|Win32
		{0E4CB542-5E58-4D24-9CAE-DAC83D932DBE}.Debug|Mixed Platforms.Build.0 = Debug|Win32
		{0E4CB542-5E58-4D24-9CAE-DAC83D932DBE}.Debug|Win32.ActiveCfg = Debug|Win32
		{0E4CB542-5E58-4D24-9CAE-DAC83D932DBE}.Debug|Win32.Build.0 = Debug|Win32
		{0E4CB542-5E58-4D24-9CAE-DAC83D932DBE}.Debug|x64.ActiveCfg = Debug|x64
		{0E4CB542-5E58-4D24-9CAE-DAC83D932DBE}.Debug|x64.Build.0 = Debug|x64
		{0E4CB542-5E58-4D24-9CAE-DAC83D932DBE}.Debug|x86.ActiveCfg = Debug|Win32
		{0E4CB542-5E58-4D24-9CAE-DAC83D932DBE}.Debug|x86.Build.0 = Debug|Win32
		{0E4CB542-5E58-4D24-9CAE-DAC83D932DBE}.Release|Any CPU.ActiveCfg = Release|Win32
		{0E4CB542-5E58-4D24-9CAE-DAC83D932DBE}.Release|Mixed Platforms.ActiveCfg = Release|Win32
		{0E4CB542-5E58-4D24-9CAE-DAC83D932DBE}.Release|Mixed Platforms.Build.0 = Release|Win32
		{0E4CB542-5E58-4D24-9CAE-DAC83D932DBE}.Release|Win32.ActiveCfg = Release|Win32
		{0E4CB542-5E58-4D24-9CAE-DAC83D932DBE}.Release|Win32.Build.0 = Release|Win32
		{0E4CB542-5E58-4D24-9CAE-DAC83D932DBE}.Release|x64.ActiveCfg = Release|x64
		{0E4CB542-5E58-4D24-9CAE-DAC83D932DBE}.Release|x64.Build.0 = Release|x64
		{0E4CB542-5E58-4D24-9CAE-DAC83D932DBE}.Release|x86.ActiveCfg = Release|Win32
		{0E4CB542-5E58-4D24-9CAE-DAC83D932DBE}.Release|x86.Build.0 = Release|Win32
		{2D50D502-E10A-4B1C-8A49-DBC52B5CE9CB}.Debug|Any CPU.ActiveCfg = Debug|Any CPU
		{2D50D502-E10A-4B1C-8A49-DBC52B5CE9CB}.Debug|Any CPU.Build.0 = Debug|Any CPU
		{2D50D502-E10A-4B1C-8A49-DBC52B5CE9CB}.Debug|Mixed Platforms.ActiveCfg = Debug|Any CPU
		{2D50D502-E10A-4B1C-8A49-DBC52B5CE9CB}.Debug|Mixed Platforms.Build.0 = Debug|Any CPU
		{2D50D502-E10A-4B1C-8A49-DBC52B5CE9CB}.Debug|Win32.ActiveCfg = Debug|Any CPU
		{2D50D502-E10A-4B1C-8A49-DBC52B5CE9CB}.Debug|Win32.Build.0 = Debug|Any CPU
		{2D50D502-E10A-4B1C-8A49-DBC52B5CE9CB}.Debug|x64.ActiveCfg = Debug|Any CPU
		{2D50D502-E10A-4B1C-8A49-DBC52B5CE9CB}.Debug|x64.Build.0 = Debug|Any CPU
		{2D50D502-E10A-4B1C-8A49-DBC52B5CE9CB}.Debug|x86.ActiveCfg = Debug|Any CPU
		{2D50D502-E10A-4B1C-8A49-DBC52B5CE9CB}.Debug|x86.Build.0 = Debug|Any CPU
		{2D50D502-E10A-4B1C-8A49-DBC52B5CE9CB}.Release|Any CPU.ActiveCfg = Release|Any CPU
		{2D50D502-E10A-4B1C-8A49-DBC52B5CE9CB}.Release|Any CPU.Build.0 = Release|Any CPU
		{2D50D502-E10A-4B1C-8A49-DBC52B5CE9CB}.Release|Mixed Platforms.ActiveCfg = Release|Any CPU
		{2D50D502-E10A-4B1C-8A49-DBC52B5CE9CB}.Release|Mixed Platforms.Build.0 = Release|Any CPU
		{2D50D502-E10A-4B1C-8A49-DBC52B5CE9CB}.Release|Win32.ActiveCfg = Release|Any CPU
		{2D50D502-E10A-4B1C-8A49-DBC52B5CE9CB}.Release|Win32.Build.0 = Release|Any CPU
		{2D50D502-E10A-4B1C-8A49-DBC52B5CE9CB}.Release|x64.ActiveCfg = Release|Any CPU
		{2D50D502-E10A-4B1C-8A49-DBC52B5CE9CB}.Release|x64.Build.0 = Release|Any CPU
		{2D50D502-E10A-4B1C-8A49-DBC52B5CE9CB}.Release|x86.ActiveCfg = Release|Any CPU
		{2D50D502-E10A-4B1C-8A49-DBC52B5CE9CB}.Release|x86.Build.0 = Release|Any CPU
		{1F31D08E-DE21-48F6-ADE3-315EA6268DD1}.Debug|Any CPU.ActiveCfg = Debug|Win32
		{1F31D08E-DE21-48F6-ADE3-315EA6268DD1}.Debug|Mixed Platforms.ActiveCfg = Debug|Win32
		{1F31D08E-DE21-48F6-ADE3-315EA6268DD1}.Debug|Mixed Platforms.Build.0 = Debug|Win32
		{1F31D08E-DE21-48F6-ADE3-315EA6268DD1}.Debug|Win32.ActiveCfg = Debug|Win32
		{1F31D08E-DE21-48F6-ADE3-315EA6268DD1}.Debug|Win32.Build.0 = Debug|Win32
		{1F31D08E-DE21-48F6-ADE3-315EA6268DD1}.Debug|x64.ActiveCfg = Debug|x64
		{1F31D08E-DE21-48F6-ADE3-315EA6268DD1}.Debug|x64.Build.0 = Debug|x64
		{1F31D08E-DE21-48F6-ADE3-315EA6268DD1}.Debug|x86.ActiveCfg = Debug|Win32
		{1F31D08E-DE21-48F6-ADE3-315EA6268DD1}.Debug|x86.Build.0 = Debug|Win32
		{1F31D08E-DE21-48F6-ADE3-315EA6268DD1}.Release|Any CPU.ActiveCfg = Release|Win32
		{1F31D08E-DE21-48F6-ADE3-315EA6268DD1}.Release|Mixed Platforms.ActiveCfg = Release|Win32
		{1F31D08E-DE21-48F6-ADE3-315EA6268DD1}.Release|Mixed Platforms.Build.0 = Release|Win32
		{1F31D08E-DE21-48F6-ADE3-315EA6268DD1}.Release|Win32.ActiveCfg = Release|Win32
		{1F31D08E-DE21-48F6-ADE3-315EA6268DD1}.Release|Win32.Build.0 = Release|Win32
		{1F31D08E-DE21-48F6-ADE3-315EA6268DD1}.Release|x64.ActiveCfg = Release|x64
		{1F31D08E-DE21-48F6-ADE3-315EA6268DD1}.Release|x64.Build.0 = Release|x64
		{1F31D08E-DE21-48F6-ADE3-315EA6268DD1}.Release|x86.ActiveCfg = Release|Win32
		{1F31D08E-DE21-48F6-ADE3-315EA6268DD1}.Release|x86.Build.0 = Release|Win32
		{1DEBD970-0B84-41F7-B247-D4E853432432}.Debug|Any CPU.ActiveCfg = Debug|Any CPU
		{1DEBD970-0B84-41F7-B247-D4E853432432}.Debug|Any CPU.Build.0 = Debug|Any CPU
		{1DEBD970-0B84-41F7-B247-D4E853432432}.Debug|Mixed Platforms.ActiveCfg = Debug|Any CPU
		{1DEBD970-0B84-41F7-B247-D4E853432432}.Debug|Mixed Platforms.Build.0 = Debug|Any CPU
		{1DEBD970-0B84-41F7-B247-D4E853432432}.Debug|Win32.ActiveCfg = Debug|Any CPU
		{1DEBD970-0B84-41F7-B247-D4E853432432}.Debug|Win32.Build.0 = Debug|Any CPU
		{1DEBD970-0B84-41F7-B247-D4E853432432}.Debug|x64.ActiveCfg = Debug|Any CPU
		{1DEBD970-0B84-41F7-B247-D4E853432432}.Debug|x64.Build.0 = Debug|Any CPU
		{1DEBD970-0B84-41F7-B247-D4E853432432}.Debug|x86.ActiveCfg = Debug|Any CPU
		{1DEBD970-0B84-41F7-B247-D4E853432432}.Debug|x86.Build.0 = Debug|Any CPU
		{1DEBD970-0B84-41F7-B247-D4E853432432}.Release|Any CPU.ActiveCfg = Release|Any CPU
		{1DEBD970-0B84-41F7-B247-D4E853432432}.Release|Any CPU.Build.0 = Release|Any CPU
		{1DEBD970-0B84-41F7-B247-D4E853432432}.Release|Mixed Platforms.ActiveCfg = Release|Any CPU
		{1DEBD970-0B84-41F7-B247-D4E853432432}.Release|Mixed Platforms.Build.0 = Release|Any CPU
		{1DEBD970-0B84-41F7-B247-D4E853432432}.Release|Win32.ActiveCfg = Release|Any CPU
		{1DEBD970-0B84-41F7-B247-D4E853432432}.Release|Win32.Build.0 = Release|Any CPU
		{1DEBD970-0B84-41F7-B247-D4E853432432}.Release|x64.ActiveCfg = Release|Any CPU
		{1DEBD970-0B84-41F7-B247-D4E853432432}.Release|x64.Build.0 = Release|Any CPU
		{1DEBD970-0B84-41F7-B247-D4E853432432}.Release|x86.ActiveCfg = Release|Any CPU
		{1DEBD970-0B84-41F7-B247-D4E853432432}.Release|x86.Build.0 = Release|Any CPU
		{68048350-2996-4B4A-90BE-3405F088BD5A}.Debug|Any CPU.ActiveCfg = Debug|Any CPU
		{68048350-2996-4B4A-90BE-3405F088BD5A}.Debug|Any CPU.Build.0 = Debug|Any CPU
		{68048350-2996-4B4A-90BE-3405F088BD5A}.Debug|Mixed Platforms.ActiveCfg = Debug|Any CPU
		{68048350-2996-4B4A-90BE-3405F088BD5A}.Debug|Mixed Platforms.Build.0 = Debug|Any CPU
		{68048350-2996-4B4A-90BE-3405F088BD5A}.Debug|Win32.ActiveCfg = Debug|Any CPU
		{68048350-2996-4B4A-90BE-3405F088BD5A}.Debug|Win32.Build.0 = Debug|Any CPU
		{68048350-2996-4B4A-90BE-3405F088BD5A}.Debug|x64.ActiveCfg = Debug|Any CPU
		{68048350-2996-4B4A-90BE-3405F088BD5A}.Debug|x64.Build.0 = Debug|Any CPU
		{68048350-2996-4B4A-90BE-3405F088BD5A}.Debug|x86.ActiveCfg = Debug|Any CPU
		{68048350-2996-4B4A-90BE-3405F088BD5A}.Debug|x86.Build.0 = Debug|Any CPU
		{68048350-2996-4B4A-90BE-3405F088BD5A}.Release|Any CPU.ActiveCfg = Release|Any CPU
		{68048350-2996-4B4A-90BE-3405F088BD5A}.Release|Any CPU.Build.0 = Release|Any CPU
		{68048350-2996-4B4A-90BE-3405F088BD5A}.Release|Mixed Platforms.ActiveCfg = Release|Any CPU
		{68048350-2996-4B4A-90BE-3405F088BD5A}.Release|Mixed Platforms.Build.0 = Release|Any CPU
		{68048350-2996-4B4A-90BE-3405F088BD5A}.Release|Win32.ActiveCfg = Release|Any CPU
		{68048350-2996-4B4A-90BE-3405F088BD5A}.Release|Win32.Build.0 = Release|Any CPU
		{68048350-2996-4B4A-90BE-3405F088BD5A}.Release|x64.ActiveCfg = Release|Any CPU
		{68048350-2996-4B4A-90BE-3405F088BD5A}.Release|x64.Build.0 = Release|Any CPU
		{68048350-2996-4B4A-90BE-3405F088BD5A}.Release|x86.ActiveCfg = Release|Any CPU
		{68048350-2996-4B4A-90BE-3405F088BD5A}.Release|x86.Build.0 = Release|Any CPU
		{FE569E9D-AAAE-43CE-BE29-2C2197C0DF8F}.Debug|Any CPU.ActiveCfg = Debug|Any CPU
		{FE569E9D-AAAE-43CE-BE29-2C2197C0DF8F}.Debug|Any CPU.Build.0 = Debug|Any CPU
		{FE569E9D-AAAE-43CE-BE29-2C2197C0DF8F}.Debug|Mixed Platforms.ActiveCfg = Debug|Any CPU
		{FE569E9D-AAAE-43CE-BE29-2C2197C0DF8F}.Debug|Mixed Platforms.Build.0 = Debug|Any CPU
		{FE569E9D-AAAE-43CE-BE29-2C2197C0DF8F}.Debug|Win32.ActiveCfg = Debug|Any CPU
		{FE569E9D-AAAE-43CE-BE29-2C2197C0DF8F}.Debug|Win32.Build.0 = Debug|Any CPU
		{FE569E9D-AAAE-43CE-BE29-2C2197C0DF8F}.Debug|x64.ActiveCfg = Debug|Any CPU
		{FE569E9D-AAAE-43CE-BE29-2C2197C0DF8F}.Debug|x64.Build.0 = Debug|Any CPU
		{FE569E9D-AAAE-43CE-BE29-2C2197C0DF8F}.Debug|x86.ActiveCfg = Debug|Any CPU
		{FE569E9D-AAAE-43CE-BE29-2C2197C0DF8F}.Debug|x86.Build.0 = Debug|Any CPU
		{FE569E9D-AAAE-43CE-BE29-2C2197C0DF8F}.Release|Any CPU.ActiveCfg = Release|Any CPU
		{FE569E9D-AAAE-43CE-BE29-2C2197C0DF8F}.Release|Any CPU.Build.0 = Release|Any CPU
		{FE569E9D-AAAE-43CE-BE29-2C2197C0DF8F}.Release|Mixed Platforms.ActiveCfg = Release|Any CPU
		{FE569E9D-AAAE-43CE-BE29-2C2197C0DF8F}.Release|Mixed Platforms.Build.0 = Release|Any CPU
		{FE569E9D-AAAE-43CE-BE29-2C2197C0DF8F}.Release|Win32.ActiveCfg = Release|Any CPU
		{FE569E9D-AAAE-43CE-BE29-2C2197C0DF8F}.Release|Win32.Build.0 = Release|Any CPU
		{FE569E9D-AAAE-43CE-BE29-2C2197C0DF8F}.Release|x64.ActiveCfg = Release|Any CPU
		{FE569E9D-AAAE-43CE-BE29-2C2197C0DF8F}.Release|x64.Build.0 = Release|Any CPU
		{FE569E9D-AAAE-43CE-BE29-2C2197C0DF8F}.Release|x86.ActiveCfg = Release|Any CPU
		{FE569E9D-AAAE-43CE-BE29-2C2197C0DF8F}.Release|x86.Build.0 = Release|Any CPU
		{3F59A0B7-745D-4ADA-A913-6A1AD1A149C2}.Debug|Any CPU.ActiveCfg = Debug|Any CPU
		{3F59A0B7-745D-4ADA-A913-6A1AD1A149C2}.Debug|Any CPU.Build.0 = Debug|Any CPU
		{3F59A0B7-745D-4ADA-A913-6A1AD1A149C2}.Debug|Mixed Platforms.ActiveCfg = Debug|Any CPU
		{3F59A0B7-745D-4ADA-A913-6A1AD1A149C2}.Debug|Mixed Platforms.Build.0 = Debug|Any CPU
		{3F59A0B7-745D-4ADA-A913-6A1AD1A149C2}.Debug|Win32.ActiveCfg = Debug|Any CPU
		{3F59A0B7-745D-4ADA-A913-6A1AD1A149C2}.Debug|Win32.Build.0 = Debug|Any CPU
		{3F59A0B7-745D-4ADA-A913-6A1AD1A149C2}.Debug|x64.ActiveCfg = Debug|Any CPU
		{3F59A0B7-745D-4ADA-A913-6A1AD1A149C2}.Debug|x64.Build.0 = Debug|Any CPU
		{3F59A0B7-745D-4ADA-A913-6A1AD1A149C2}.Debug|x86.ActiveCfg = Debug|Any CPU
		{3F59A0B7-745D-4ADA-A913-6A1AD1A149C2}.Debug|x86.Build.0 = Debug|Any CPU
		{3F59A0B7-745D-4ADA-A913-6A1AD1A149C2}.Release|Any CPU.ActiveCfg = Release|Any CPU
		{3F59A0B7-745D-4ADA-A913-6A1AD1A149C2}.Release|Any CPU.Build.0 = Release|Any CPU
		{3F59A0B7-745D-4ADA-A913-6A1AD1A149C2}.Release|Mixed Platforms.ActiveCfg = Release|Any CPU
		{3F59A0B7-745D-4ADA-A913-6A1AD1A149C2}.Release|Mixed Platforms.Build.0 = Release|Any CPU
		{3F59A0B7-745D-4ADA-A913-6A1AD1A149C2}.Release|Win32.ActiveCfg = Release|Any CPU
		{3F59A0B7-745D-4ADA-A913-6A1AD1A149C2}.Release|Win32.Build.0 = Release|Any CPU
		{3F59A0B7-745D-4ADA-A913-6A1AD1A149C2}.Release|x64.ActiveCfg = Release|Any CPU
		{3F59A0B7-745D-4ADA-A913-6A1AD1A149C2}.Release|x64.Build.0 = Release|Any CPU
		{3F59A0B7-745D-4ADA-A913-6A1AD1A149C2}.Release|x86.ActiveCfg = Release|Any CPU
		{3F59A0B7-745D-4ADA-A913-6A1AD1A149C2}.Release|x86.Build.0 = Release|Any CPU
		{F6AA0E08-2A20-4019-9720-588D3A0DAF2C}.Debug|Any CPU.ActiveCfg = Debug|Any CPU
		{F6AA0E08-2A20-4019-9720-588D3A0DAF2C}.Debug|Any CPU.Build.0 = Debug|Any CPU
		{F6AA0E08-2A20-4019-9720-588D3A0DAF2C}.Debug|Mixed Platforms.ActiveCfg = Debug|Any CPU
		{F6AA0E08-2A20-4019-9720-588D3A0DAF2C}.Debug|Mixed Platforms.Build.0 = Debug|Any CPU
		{F6AA0E08-2A20-4019-9720-588D3A0DAF2C}.Debug|Win32.ActiveCfg = Debug|Any CPU
		{F6AA0E08-2A20-4019-9720-588D3A0DAF2C}.Debug|Win32.Build.0 = Debug|Any CPU
		{F6AA0E08-2A20-4019-9720-588D3A0DAF2C}.Debug|x64.ActiveCfg = Debug|Any CPU
		{F6AA0E08-2A20-4019-9720-588D3A0DAF2C}.Debug|x64.Build.0 = Debug|Any CPU
		{F6AA0E08-2A20-4019-9720-588D3A0DAF2C}.Debug|x86.ActiveCfg = Debug|Any CPU
		{F6AA0E08-2A20-4019-9720-588D3A0DAF2C}.Debug|x86.Build.0 = Debug|Any CPU
		{F6AA0E08-2A20-4019-9720-588D3A0DAF2C}.Release|Any CPU.ActiveCfg = Release|Any CPU
		{F6AA0E08-2A20-4019-9720-588D3A0DAF2C}.Release|Any CPU.Build.0 = Release|Any CPU
		{F6AA0E08-2A20-4019-9720-588D3A0DAF2C}.Release|Mixed Platforms.ActiveCfg = Release|Any CPU
		{F6AA0E08-2A20-4019-9720-588D3A0DAF2C}.Release|Mixed Platforms.Build.0 = Release|Any CPU
		{F6AA0E08-2A20-4019-9720-588D3A0DAF2C}.Release|Win32.ActiveCfg = Release|Any CPU
		{F6AA0E08-2A20-4019-9720-588D3A0DAF2C}.Release|Win32.Build.0 = Release|Any CPU
		{F6AA0E08-2A20-4019-9720-588D3A0DAF2C}.Release|x64.ActiveCfg = Release|Any CPU
		{F6AA0E08-2A20-4019-9720-588D3A0DAF2C}.Release|x64.Build.0 = Release|Any CPU
		{F6AA0E08-2A20-4019-9720-588D3A0DAF2C}.Release|x86.ActiveCfg = Release|Any CPU
		{F6AA0E08-2A20-4019-9720-588D3A0DAF2C}.Release|x86.Build.0 = Release|Any CPU
		{88772B8E-1D5D-47D5-BDEB-1FDADA481845}.Debug|Any CPU.ActiveCfg = Debug|Any CPU
		{88772B8E-1D5D-47D5-BDEB-1FDADA481845}.Debug|Any CPU.Build.0 = Debug|Any CPU
		{88772B8E-1D5D-47D5-BDEB-1FDADA481845}.Debug|Mixed Platforms.ActiveCfg = Debug|Any CPU
		{88772B8E-1D5D-47D5-BDEB-1FDADA481845}.Debug|Mixed Platforms.Build.0 = Debug|Any CPU
		{88772B8E-1D5D-47D5-BDEB-1FDADA481845}.Debug|Win32.ActiveCfg = Debug|Any CPU
		{88772B8E-1D5D-47D5-BDEB-1FDADA481845}.Debug|Win32.Build.0 = Debug|Any CPU
		{88772B8E-1D5D-47D5-BDEB-1FDADA481845}.Debug|x64.ActiveCfg = Debug|Any CPU
		{88772B8E-1D5D-47D5-BDEB-1FDADA481845}.Debug|x64.Build.0 = Debug|Any CPU
		{88772B8E-1D5D-47D5-BDEB-1FDADA481845}.Debug|x86.ActiveCfg = Debug|Any CPU
		{88772B8E-1D5D-47D5-BDEB-1FDADA481845}.Debug|x86.Build.0 = Debug|Any CPU
		{88772B8E-1D5D-47D5-BDEB-1FDADA481845}.Release|Any CPU.ActiveCfg = Release|Any CPU
		{88772B8E-1D5D-47D5-BDEB-1FDADA481845}.Release|Any CPU.Build.0 = Release|Any CPU
		{88772B8E-1D5D-47D5-BDEB-1FDADA481845}.Release|Mixed Platforms.ActiveCfg = Release|Any CPU
		{88772B8E-1D5D-47D5-BDEB-1FDADA481845}.Release|Mixed Platforms.Build.0 = Release|Any CPU
		{88772B8E-1D5D-47D5-BDEB-1FDADA481845}.Release|Win32.ActiveCfg = Release|Any CPU
		{88772B8E-1D5D-47D5-BDEB-1FDADA481845}.Release|Win32.Build.0 = Release|Any CPU
		{88772B8E-1D5D-47D5-BDEB-1FDADA481845}.Release|x64.ActiveCfg = Release|Any CPU
		{88772B8E-1D5D-47D5-BDEB-1FDADA481845}.Release|x64.Build.0 = Release|Any CPU
		{88772B8E-1D5D-47D5-BDEB-1FDADA481845}.Release|x86.ActiveCfg = Release|Any CPU
		{88772B8E-1D5D-47D5-BDEB-1FDADA481845}.Release|x86.Build.0 = Release|Any CPU
		{F8DC9AE8-54E1-443C-BF04-60AB0D169E3A}.Debug|Any CPU.ActiveCfg = Debug|Any CPU
		{F8DC9AE8-54E1-443C-BF04-60AB0D169E3A}.Debug|Any CPU.Build.0 = Debug|Any CPU
		{F8DC9AE8-54E1-443C-BF04-60AB0D169E3A}.Debug|Mixed Platforms.ActiveCfg = Debug|Any CPU
		{F8DC9AE8-54E1-443C-BF04-60AB0D169E3A}.Debug|Mixed Platforms.Build.0 = Debug|Any CPU
		{F8DC9AE8-54E1-443C-BF04-60AB0D169E3A}.Debug|Win32.ActiveCfg = Debug|Any CPU
		{F8DC9AE8-54E1-443C-BF04-60AB0D169E3A}.Debug|Win32.Build.0 = Debug|Any CPU
		{F8DC9AE8-54E1-443C-BF04-60AB0D169E3A}.Debug|x64.ActiveCfg = Debug|Any CPU
		{F8DC9AE8-54E1-443C-BF04-60AB0D169E3A}.Debug|x64.Build.0 = Debug|Any CPU
		{F8DC9AE8-54E1-443C-BF04-60AB0D169E3A}.Debug|x86.ActiveCfg = Debug|Any CPU
		{F8DC9AE8-54E1-443C-BF04-60AB0D169E3A}.Debug|x86.Build.0 = Debug|Any CPU
		{F8DC9AE8-54E1-443C-BF04-60AB0D169E3A}.Release|Any CPU.ActiveCfg = Release|Any CPU
		{F8DC9AE8-54E1-443C-BF04-60AB0D169E3A}.Release|Any CPU.Build.0 = Release|Any CPU
		{F8DC9AE8-54E1-443C-BF04-60AB0D169E3A}.Release|Mixed Platforms.ActiveCfg = Release|Any CPU
		{F8DC9AE8-54E1-443C-BF04-60AB0D169E3A}.Release|Mixed Platforms.Build.0 = Release|Any CPU
		{F8DC9AE8-54E1-443C-BF04-60AB0D169E3A}.Release|Win32.ActiveCfg = Release|Any CPU
		{F8DC9AE8-54E1-443C-BF04-60AB0D169E3A}.Release|Win32.Build.0 = Release|Any CPU
		{F8DC9AE8-54E1-443C-BF04-60AB0D169E3A}.Release|x64.ActiveCfg = Release|Any CPU
		{F8DC9AE8-54E1-443C-BF04-60AB0D169E3A}.Release|x64.Build.0 = Release|Any CPU
		{F8DC9AE8-54E1-443C-BF04-60AB0D169E3A}.Release|x86.ActiveCfg = Release|Any CPU
		{F8DC9AE8-54E1-443C-BF04-60AB0D169E3A}.Release|x86.Build.0 = Release|Any CPU
		{D2B06998-051A-4BCA-B005-F9F03FA83AD6}.Debug|Any CPU.ActiveCfg = Debug|Any CPU
		{D2B06998-051A-4BCA-B005-F9F03FA83AD6}.Debug|Any CPU.Build.0 = Debug|Any CPU
		{D2B06998-051A-4BCA-B005-F9F03FA83AD6}.Debug|Mixed Platforms.ActiveCfg = Debug|Any CPU
		{D2B06998-051A-4BCA-B005-F9F03FA83AD6}.Debug|Mixed Platforms.Build.0 = Debug|Any CPU
		{D2B06998-051A-4BCA-B005-F9F03FA83AD6}.Debug|Win32.ActiveCfg = Debug|Any CPU
		{D2B06998-051A-4BCA-B005-F9F03FA83AD6}.Debug|Win32.Build.0 = Debug|Any CPU
		{D2B06998-051A-4BCA-B005-F9F03FA83AD6}.Debug|x64.ActiveCfg = Debug|Any CPU
		{D2B06998-051A-4BCA-B005-F9F03FA83AD6}.Debug|x64.Build.0 = Debug|Any CPU
		{D2B06998-051A-4BCA-B005-F9F03FA83AD6}.Debug|x86.ActiveCfg = Debug|Any CPU
		{D2B06998-051A-4BCA-B005-F9F03FA83AD6}.Debug|x86.Build.0 = Debug|Any CPU
		{D2B06998-051A-4BCA-B005-F9F03FA83AD6}.Release|Any CPU.ActiveCfg = Release|Any CPU
		{D2B06998-051A-4BCA-B005-F9F03FA83AD6}.Release|Any CPU.Build.0 = Release|Any CPU
		{D2B06998-051A-4BCA-B005-F9F03FA83AD6}.Release|Mixed Platforms.ActiveCfg = Release|Any CPU
		{D2B06998-051A-4BCA-B005-F9F03FA83AD6}.Release|Mixed Platforms.Build.0 = Release|Any CPU
		{D2B06998-051A-4BCA-B005-F9F03FA83AD6}.Release|Win32.ActiveCfg = Release|Any CPU
		{D2B06998-051A-4BCA-B005-F9F03FA83AD6}.Release|Win32.Build.0 = Release|Any CPU
		{D2B06998-051A-4BCA-B005-F9F03FA83AD6}.Release|x64.ActiveCfg = Release|Any CPU
		{D2B06998-051A-4BCA-B005-F9F03FA83AD6}.Release|x64.Build.0 = Release|Any CPU
		{D2B06998-051A-4BCA-B005-F9F03FA83AD6}.Release|x86.ActiveCfg = Release|Any CPU
		{D2B06998-051A-4BCA-B005-F9F03FA83AD6}.Release|x86.Build.0 = Release|Any CPU
		{9A9A9F26-597A-4FA6-A4F1-415063484D9C}.Debug|Any CPU.ActiveCfg = Debug|Any CPU
		{9A9A9F26-597A-4FA6-A4F1-415063484D9C}.Debug|Any CPU.Build.0 = Debug|Any CPU
		{9A9A9F26-597A-4FA6-A4F1-415063484D9C}.Debug|Mixed Platforms.ActiveCfg = Debug|Any CPU
		{9A9A9F26-597A-4FA6-A4F1-415063484D9C}.Debug|Mixed Platforms.Build.0 = Debug|Any CPU
		{9A9A9F26-597A-4FA6-A4F1-415063484D9C}.Debug|Win32.ActiveCfg = Debug|Any CPU
		{9A9A9F26-597A-4FA6-A4F1-415063484D9C}.Debug|Win32.Build.0 = Debug|Any CPU
		{9A9A9F26-597A-4FA6-A4F1-415063484D9C}.Debug|x64.ActiveCfg = Debug|Any CPU
		{9A9A9F26-597A-4FA6-A4F1-415063484D9C}.Debug|x64.Build.0 = Debug|Any CPU
		{9A9A9F26-597A-4FA6-A4F1-415063484D9C}.Debug|x86.ActiveCfg = Debug|Any CPU
		{9A9A9F26-597A-4FA6-A4F1-415063484D9C}.Debug|x86.Build.0 = Debug|Any CPU
		{9A9A9F26-597A-4FA6-A4F1-415063484D9C}.Release|Any CPU.ActiveCfg = Release|Any CPU
		{9A9A9F26-597A-4FA6-A4F1-415063484D9C}.Release|Any CPU.Build.0 = Release|Any CPU
		{9A9A9F26-597A-4FA6-A4F1-415063484D9C}.Release|Mixed Platforms.ActiveCfg = Release|Any CPU
		{9A9A9F26-597A-4FA6-A4F1-415063484D9C}.Release|Mixed Platforms.Build.0 = Release|Any CPU
		{9A9A9F26-597A-4FA6-A4F1-415063484D9C}.Release|Win32.ActiveCfg = Release|Any CPU
		{9A9A9F26-597A-4FA6-A4F1-415063484D9C}.Release|Win32.Build.0 = Release|Any CPU
		{9A9A9F26-597A-4FA6-A4F1-415063484D9C}.Release|x64.ActiveCfg = Release|Any CPU
		{9A9A9F26-597A-4FA6-A4F1-415063484D9C}.Release|x64.Build.0 = Release|Any CPU
		{9A9A9F26-597A-4FA6-A4F1-415063484D9C}.Release|x86.ActiveCfg = Release|Any CPU
		{9A9A9F26-597A-4FA6-A4F1-415063484D9C}.Release|x86.Build.0 = Release|Any CPU
		{24E62AB7-64E4-4975-9417-883559D1BC19}.Debug|Any CPU.ActiveCfg = Debug|Any CPU
		{24E62AB7-64E4-4975-9417-883559D1BC19}.Debug|Any CPU.Build.0 = Debug|Any CPU
		{24E62AB7-64E4-4975-9417-883559D1BC19}.Debug|Mixed Platforms.ActiveCfg = Debug|Any CPU
		{24E62AB7-64E4-4975-9417-883559D1BC19}.Debug|Mixed Platforms.Build.0 = Debug|Any CPU
		{24E62AB7-64E4-4975-9417-883559D1BC19}.Debug|Win32.ActiveCfg = Debug|Any CPU
		{24E62AB7-64E4-4975-9417-883559D1BC19}.Debug|Win32.Build.0 = Debug|Any CPU
		{24E62AB7-64E4-4975-9417-883559D1BC19}.Debug|x64.ActiveCfg = Debug|Any CPU
		{24E62AB7-64E4-4975-9417-883559D1BC19}.Debug|x64.Build.0 = Debug|Any CPU
		{24E62AB7-64E4-4975-9417-883559D1BC19}.Debug|x86.ActiveCfg = Debug|Any CPU
		{24E62AB7-64E4-4975-9417-883559D1BC19}.Debug|x86.Build.0 = Debug|Any CPU
		{24E62AB7-64E4-4975-9417-883559D1BC19}.Release|Any CPU.ActiveCfg = Release|Any CPU
		{24E62AB7-64E4-4975-9417-883559D1BC19}.Release|Any CPU.Build.0 = Release|Any CPU
		{24E62AB7-64E4-4975-9417-883559D1BC19}.Release|Mixed Platforms.ActiveCfg = Release|Any CPU
		{24E62AB7-64E4-4975-9417-883559D1BC19}.Release|Mixed Platforms.Build.0 = Release|Any CPU
		{24E62AB7-64E4-4975-9417-883559D1BC19}.Release|Win32.ActiveCfg = Release|Any CPU
		{24E62AB7-64E4-4975-9417-883559D1BC19}.Release|Win32.Build.0 = Release|Any CPU
		{24E62AB7-64E4-4975-9417-883559D1BC19}.Release|x64.ActiveCfg = Release|Any CPU
		{24E62AB7-64E4-4975-9417-883559D1BC19}.Release|x64.Build.0 = Release|Any CPU
		{24E62AB7-64E4-4975-9417-883559D1BC19}.Release|x86.ActiveCfg = Release|Any CPU
		{24E62AB7-64E4-4975-9417-883559D1BC19}.Release|x86.Build.0 = Release|Any CPU
		{D65583E4-8084-466A-BA4B-55A797EA047B}.Debug|Any CPU.ActiveCfg = Debug|Any CPU
		{D65583E4-8084-466A-BA4B-55A797EA047B}.Debug|Any CPU.Build.0 = Debug|Any CPU
		{D65583E4-8084-466A-BA4B-55A797EA047B}.Debug|Mixed Platforms.ActiveCfg = Debug|Any CPU
		{D65583E4-8084-466A-BA4B-55A797EA047B}.Debug|Mixed Platforms.Build.0 = Debug|Any CPU
		{D65583E4-8084-466A-BA4B-55A797EA047B}.Debug|Win32.ActiveCfg = Debug|Any CPU
		{D65583E4-8084-466A-BA4B-55A797EA047B}.Debug|Win32.Build.0 = Debug|Any CPU
		{D65583E4-8084-466A-BA4B-55A797EA047B}.Debug|x64.ActiveCfg = Debug|Any CPU
		{D65583E4-8084-466A-BA4B-55A797EA047B}.Debug|x64.Build.0 = Debug|Any CPU
		{D65583E4-8084-466A-BA4B-55A797EA047B}.Debug|x86.ActiveCfg = Debug|Any CPU
		{D65583E4-8084-466A-BA4B-55A797EA047B}.Debug|x86.Build.0 = Debug|Any CPU
		{D65583E4-8084-466A-BA4B-55A797EA047B}.Release|Any CPU.ActiveCfg = Release|Any CPU
		{D65583E4-8084-466A-BA4B-55A797EA047B}.Release|Any CPU.Build.0 = Release|Any CPU
		{D65583E4-8084-466A-BA4B-55A797EA047B}.Release|Mixed Platforms.ActiveCfg = Release|Any CPU
		{D65583E4-8084-466A-BA4B-55A797EA047B}.Release|Mixed Platforms.Build.0 = Release|Any CPU
		{D65583E4-8084-466A-BA4B-55A797EA047B}.Release|Win32.ActiveCfg = Release|Any CPU
		{D65583E4-8084-466A-BA4B-55A797EA047B}.Release|Win32.Build.0 = Release|Any CPU
		{D65583E4-8084-466A-BA4B-55A797EA047B}.Release|x64.ActiveCfg = Release|Any CPU
		{D65583E4-8084-466A-BA4B-55A797EA047B}.Release|x64.Build.0 = Release|Any CPU
		{D65583E4-8084-466A-BA4B-55A797EA047B}.Release|x86.ActiveCfg = Release|Any CPU
		{D65583E4-8084-466A-BA4B-55A797EA047B}.Release|x86.Build.0 = Release|Any CPU
		{BD6BBC90-60BE-4E7D-8458-91E9CDA66ABE}.Debug|Any CPU.ActiveCfg = Debug|Any CPU
		{BD6BBC90-60BE-4E7D-8458-91E9CDA66ABE}.Debug|Any CPU.Build.0 = Debug|Any CPU
		{BD6BBC90-60BE-4E7D-8458-91E9CDA66ABE}.Debug|Mixed Platforms.ActiveCfg = Debug|Any CPU
		{BD6BBC90-60BE-4E7D-8458-91E9CDA66ABE}.Debug|Mixed Platforms.Build.0 = Debug|Any CPU
		{BD6BBC90-60BE-4E7D-8458-91E9CDA66ABE}.Debug|Win32.ActiveCfg = Debug|Any CPU
		{BD6BBC90-60BE-4E7D-8458-91E9CDA66ABE}.Debug|Win32.Build.0 = Debug|Any CPU
		{BD6BBC90-60BE-4E7D-8458-91E9CDA66ABE}.Debug|x64.ActiveCfg = Debug|Any CPU
		{BD6BBC90-60BE-4E7D-8458-91E9CDA66ABE}.Debug|x64.Build.0 = Debug|Any CPU
		{BD6BBC90-60BE-4E7D-8458-91E9CDA66ABE}.Debug|x86.ActiveCfg = Debug|Any CPU
		{BD6BBC90-60BE-4E7D-8458-91E9CDA66ABE}.Debug|x86.Build.0 = Debug|Any CPU
		{BD6BBC90-60BE-4E7D-8458-91E9CDA66ABE}.Release|Any CPU.ActiveCfg = Release|Any CPU
		{BD6BBC90-60BE-4E7D-8458-91E9CDA66ABE}.Release|Any CPU.Build.0 = Release|Any CPU
		{BD6BBC90-60BE-4E7D-8458-91E9CDA66ABE}.Release|Mixed Platforms.ActiveCfg = Release|Any CPU
		{BD6BBC90-60BE-4E7D-8458-91E9CDA66ABE}.Release|Mixed Platforms.Build.0 = Release|Any CPU
		{BD6BBC90-60BE-4E7D-8458-91E9CDA66ABE}.Release|Win32.ActiveCfg = Release|Any CPU
		{BD6BBC90-60BE-4E7D-8458-91E9CDA66ABE}.Release|Win32.Build.0 = Release|Any CPU
		{BD6BBC90-60BE-4E7D-8458-91E9CDA66ABE}.Release|x64.ActiveCfg = Release|Any CPU
		{BD6BBC90-60BE-4E7D-8458-91E9CDA66ABE}.Release|x64.Build.0 = Release|Any CPU
		{BD6BBC90-60BE-4E7D-8458-91E9CDA66ABE}.Release|x86.ActiveCfg = Release|Any CPU
		{BD6BBC90-60BE-4E7D-8458-91E9CDA66ABE}.Release|x86.Build.0 = Release|Any CPU
		{209FE200-D4E8-4E52-9AEA-7F77A10696A8}.Debug|Any CPU.ActiveCfg = Debug|Any CPU
		{209FE200-D4E8-4E52-9AEA-7F77A10696A8}.Debug|Any CPU.Build.0 = Debug|Any CPU
		{209FE200-D4E8-4E52-9AEA-7F77A10696A8}.Debug|Mixed Platforms.ActiveCfg = Debug|Any CPU
		{209FE200-D4E8-4E52-9AEA-7F77A10696A8}.Debug|Mixed Platforms.Build.0 = Debug|Any CPU
		{209FE200-D4E8-4E52-9AEA-7F77A10696A8}.Debug|Win32.ActiveCfg = Debug|Any CPU
		{209FE200-D4E8-4E52-9AEA-7F77A10696A8}.Debug|Win32.Build.0 = Debug|Any CPU
		{209FE200-D4E8-4E52-9AEA-7F77A10696A8}.Debug|x64.ActiveCfg = Debug|Any CPU
		{209FE200-D4E8-4E52-9AEA-7F77A10696A8}.Debug|x64.Build.0 = Debug|Any CPU
		{209FE200-D4E8-4E52-9AEA-7F77A10696A8}.Debug|x86.ActiveCfg = Debug|Any CPU
		{209FE200-D4E8-4E52-9AEA-7F77A10696A8}.Debug|x86.Build.0 = Debug|Any CPU
		{209FE200-D4E8-4E52-9AEA-7F77A10696A8}.Release|Any CPU.ActiveCfg = Release|Any CPU
		{209FE200-D4E8-4E52-9AEA-7F77A10696A8}.Release|Any CPU.Build.0 = Release|Any CPU
		{209FE200-D4E8-4E52-9AEA-7F77A10696A8}.Release|Mixed Platforms.ActiveCfg = Release|Any CPU
		{209FE200-D4E8-4E52-9AEA-7F77A10696A8}.Release|Mixed Platforms.Build.0 = Release|Any CPU
		{209FE200-D4E8-4E52-9AEA-7F77A10696A8}.Release|Win32.ActiveCfg = Release|Any CPU
		{209FE200-D4E8-4E52-9AEA-7F77A10696A8}.Release|Win32.Build.0 = Release|Any CPU
		{209FE200-D4E8-4E52-9AEA-7F77A10696A8}.Release|x64.ActiveCfg = Release|Any CPU
		{209FE200-D4E8-4E52-9AEA-7F77A10696A8}.Release|x64.Build.0 = Release|Any CPU
		{209FE200-D4E8-4E52-9AEA-7F77A10696A8}.Release|x86.ActiveCfg = Release|Any CPU
		{209FE200-D4E8-4E52-9AEA-7F77A10696A8}.Release|x86.Build.0 = Release|Any CPU
		{46275450-3B62-4E89-8F7E-3FE2EE8513D2}.Debug|Any CPU.ActiveCfg = Debug|Any CPU
		{46275450-3B62-4E89-8F7E-3FE2EE8513D2}.Debug|Any CPU.Build.0 = Debug|Any CPU
		{46275450-3B62-4E89-8F7E-3FE2EE8513D2}.Debug|Mixed Platforms.ActiveCfg = Debug|Any CPU
		{46275450-3B62-4E89-8F7E-3FE2EE8513D2}.Debug|Mixed Platforms.Build.0 = Debug|Any CPU
		{46275450-3B62-4E89-8F7E-3FE2EE8513D2}.Debug|Win32.ActiveCfg = Debug|Any CPU
		{46275450-3B62-4E89-8F7E-3FE2EE8513D2}.Debug|Win32.Build.0 = Debug|Any CPU
		{46275450-3B62-4E89-8F7E-3FE2EE8513D2}.Debug|x64.ActiveCfg = Debug|Any CPU
		{46275450-3B62-4E89-8F7E-3FE2EE8513D2}.Debug|x64.Build.0 = Debug|Any CPU
		{46275450-3B62-4E89-8F7E-3FE2EE8513D2}.Debug|x86.ActiveCfg = Debug|Any CPU
		{46275450-3B62-4E89-8F7E-3FE2EE8513D2}.Debug|x86.Build.0 = Debug|Any CPU
		{46275450-3B62-4E89-8F7E-3FE2EE8513D2}.Release|Any CPU.ActiveCfg = Release|Any CPU
		{46275450-3B62-4E89-8F7E-3FE2EE8513D2}.Release|Any CPU.Build.0 = Release|Any CPU
		{46275450-3B62-4E89-8F7E-3FE2EE8513D2}.Release|Mixed Platforms.ActiveCfg = Release|Any CPU
		{46275450-3B62-4E89-8F7E-3FE2EE8513D2}.Release|Mixed Platforms.Build.0 = Release|Any CPU
		{46275450-3B62-4E89-8F7E-3FE2EE8513D2}.Release|Win32.ActiveCfg = Release|Any CPU
		{46275450-3B62-4E89-8F7E-3FE2EE8513D2}.Release|Win32.Build.0 = Release|Any CPU
		{46275450-3B62-4E89-8F7E-3FE2EE8513D2}.Release|x64.ActiveCfg = Release|Any CPU
		{46275450-3B62-4E89-8F7E-3FE2EE8513D2}.Release|x64.Build.0 = Release|Any CPU
		{46275450-3B62-4E89-8F7E-3FE2EE8513D2}.Release|x86.ActiveCfg = Release|Any CPU
		{46275450-3B62-4E89-8F7E-3FE2EE8513D2}.Release|x86.Build.0 = Release|Any CPU
		{18006692-AFCC-49FD-95F6-66E8A0C49E9B}.Debug|Any CPU.ActiveCfg = Debug|Any CPU
		{18006692-AFCC-49FD-95F6-66E8A0C49E9B}.Debug|Any CPU.Build.0 = Debug|Any CPU
		{18006692-AFCC-49FD-95F6-66E8A0C49E9B}.Debug|Mixed Platforms.ActiveCfg = Debug|Any CPU
		{18006692-AFCC-49FD-95F6-66E8A0C49E9B}.Debug|Mixed Platforms.Build.0 = Debug|Any CPU
		{18006692-AFCC-49FD-95F6-66E8A0C49E9B}.Debug|Win32.ActiveCfg = Debug|Any CPU
		{18006692-AFCC-49FD-95F6-66E8A0C49E9B}.Debug|Win32.Build.0 = Debug|Any CPU
		{18006692-AFCC-49FD-95F6-66E8A0C49E9B}.Debug|x64.ActiveCfg = Debug|Any CPU
		{18006692-AFCC-49FD-95F6-66E8A0C49E9B}.Debug|x64.Build.0 = Debug|Any CPU
		{18006692-AFCC-49FD-95F6-66E8A0C49E9B}.Debug|x86.ActiveCfg = Debug|Any CPU
		{18006692-AFCC-49FD-95F6-66E8A0C49E9B}.Debug|x86.Build.0 = Debug|Any CPU
		{18006692-AFCC-49FD-95F6-66E8A0C49E9B}.Release|Any CPU.ActiveCfg = Release|Any CPU
		{18006692-AFCC-49FD-95F6-66E8A0C49E9B}.Release|Any CPU.Build.0 = Release|Any CPU
		{18006692-AFCC-49FD-95F6-66E8A0C49E9B}.Release|Mixed Platforms.ActiveCfg = Release|Any CPU
		{18006692-AFCC-49FD-95F6-66E8A0C49E9B}.Release|Mixed Platforms.Build.0 = Release|Any CPU
		{18006692-AFCC-49FD-95F6-66E8A0C49E9B}.Release|Win32.ActiveCfg = Release|Any CPU
		{18006692-AFCC-49FD-95F6-66E8A0C49E9B}.Release|Win32.Build.0 = Release|Any CPU
		{18006692-AFCC-49FD-95F6-66E8A0C49E9B}.Release|x64.ActiveCfg = Release|Any CPU
		{18006692-AFCC-49FD-95F6-66E8A0C49E9B}.Release|x64.Build.0 = Release|Any CPU
		{18006692-AFCC-49FD-95F6-66E8A0C49E9B}.Release|x86.ActiveCfg = Release|Any CPU
		{18006692-AFCC-49FD-95F6-66E8A0C49E9B}.Release|x86.Build.0 = Release|Any CPU
		{13883E8E-7DE1-4EDD-8E4A-C5357BA8CD81}.Debug|Any CPU.ActiveCfg = Debug|Any CPU
		{13883E8E-7DE1-4EDD-8E4A-C5357BA8CD81}.Debug|Any CPU.Build.0 = Debug|Any CPU
		{13883E8E-7DE1-4EDD-8E4A-C5357BA8CD81}.Debug|Mixed Platforms.ActiveCfg = Debug|Any CPU
		{13883E8E-7DE1-4EDD-8E4A-C5357BA8CD81}.Debug|Mixed Platforms.Build.0 = Debug|Any CPU
		{13883E8E-7DE1-4EDD-8E4A-C5357BA8CD81}.Debug|Win32.ActiveCfg = Debug|Any CPU
		{13883E8E-7DE1-4EDD-8E4A-C5357BA8CD81}.Debug|Win32.Build.0 = Debug|Any CPU
		{13883E8E-7DE1-4EDD-8E4A-C5357BA8CD81}.Debug|x64.ActiveCfg = Debug|Any CPU
		{13883E8E-7DE1-4EDD-8E4A-C5357BA8CD81}.Debug|x64.Build.0 = Debug|Any CPU
		{13883E8E-7DE1-4EDD-8E4A-C5357BA8CD81}.Debug|x86.ActiveCfg = Debug|Any CPU
		{13883E8E-7DE1-4EDD-8E4A-C5357BA8CD81}.Debug|x86.Build.0 = Debug|Any CPU
		{13883E8E-7DE1-4EDD-8E4A-C5357BA8CD81}.Release|Any CPU.ActiveCfg = Release|Any CPU
		{13883E8E-7DE1-4EDD-8E4A-C5357BA8CD81}.Release|Any CPU.Build.0 = Release|Any CPU
		{13883E8E-7DE1-4EDD-8E4A-C5357BA8CD81}.Release|Mixed Platforms.ActiveCfg = Release|Any CPU
		{13883E8E-7DE1-4EDD-8E4A-C5357BA8CD81}.Release|Mixed Platforms.Build.0 = Release|Any CPU
		{13883E8E-7DE1-4EDD-8E4A-C5357BA8CD81}.Release|Win32.ActiveCfg = Release|Any CPU
		{13883E8E-7DE1-4EDD-8E4A-C5357BA8CD81}.Release|Win32.Build.0 = Release|Any CPU
		{13883E8E-7DE1-4EDD-8E4A-C5357BA8CD81}.Release|x64.ActiveCfg = Release|Any CPU
		{13883E8E-7DE1-4EDD-8E4A-C5357BA8CD81}.Release|x64.Build.0 = Release|Any CPU
		{13883E8E-7DE1-4EDD-8E4A-C5357BA8CD81}.Release|x86.ActiveCfg = Release|Any CPU
		{13883E8E-7DE1-4EDD-8E4A-C5357BA8CD81}.Release|x86.Build.0 = Release|Any CPU
		{CF8E1753-EE98-410F-BB4B-6624B19C6B64}.Debug|Any CPU.ActiveCfg = Debug|Any CPU
		{CF8E1753-EE98-410F-BB4B-6624B19C6B64}.Debug|Any CPU.Build.0 = Debug|Any CPU
		{CF8E1753-EE98-410F-BB4B-6624B19C6B64}.Debug|Mixed Platforms.ActiveCfg = Debug|Any CPU
		{CF8E1753-EE98-410F-BB4B-6624B19C6B64}.Debug|Mixed Platforms.Build.0 = Debug|Any CPU
		{CF8E1753-EE98-410F-BB4B-6624B19C6B64}.Debug|Win32.ActiveCfg = Debug|Any CPU
		{CF8E1753-EE98-410F-BB4B-6624B19C6B64}.Debug|Win32.Build.0 = Debug|Any CPU
		{CF8E1753-EE98-410F-BB4B-6624B19C6B64}.Debug|x64.ActiveCfg = Debug|Any CPU
		{CF8E1753-EE98-410F-BB4B-6624B19C6B64}.Debug|x64.Build.0 = Debug|Any CPU
		{CF8E1753-EE98-410F-BB4B-6624B19C6B64}.Debug|x86.ActiveCfg = Debug|Any CPU
		{CF8E1753-EE98-410F-BB4B-6624B19C6B64}.Debug|x86.Build.0 = Debug|Any CPU
		{CF8E1753-EE98-410F-BB4B-6624B19C6B64}.Release|Any CPU.ActiveCfg = Release|Any CPU
		{CF8E1753-EE98-410F-BB4B-6624B19C6B64}.Release|Any CPU.Build.0 = Release|Any CPU
		{CF8E1753-EE98-410F-BB4B-6624B19C6B64}.Release|Mixed Platforms.ActiveCfg = Release|Any CPU
		{CF8E1753-EE98-410F-BB4B-6624B19C6B64}.Release|Mixed Platforms.Build.0 = Release|Any CPU
		{CF8E1753-EE98-410F-BB4B-6624B19C6B64}.Release|Win32.ActiveCfg = Release|Any CPU
		{CF8E1753-EE98-410F-BB4B-6624B19C6B64}.Release|Win32.Build.0 = Release|Any CPU
		{CF8E1753-EE98-410F-BB4B-6624B19C6B64}.Release|x64.ActiveCfg = Release|Any CPU
		{CF8E1753-EE98-410F-BB4B-6624B19C6B64}.Release|x64.Build.0 = Release|Any CPU
		{CF8E1753-EE98-410F-BB4B-6624B19C6B64}.Release|x86.ActiveCfg = Release|Any CPU
		{CF8E1753-EE98-410F-BB4B-6624B19C6B64}.Release|x86.Build.0 = Release|Any CPU
		{24DE9E2C-4ADC-48E6-ADF0-1E2B00596ECD}.Debug|Any CPU.ActiveCfg = Debug|Any CPU
		{24DE9E2C-4ADC-48E6-ADF0-1E2B00596ECD}.Debug|Any CPU.Build.0 = Debug|Any CPU
		{24DE9E2C-4ADC-48E6-ADF0-1E2B00596ECD}.Debug|Mixed Platforms.ActiveCfg = Debug|Any CPU
		{24DE9E2C-4ADC-48E6-ADF0-1E2B00596ECD}.Debug|Mixed Platforms.Build.0 = Debug|Any CPU
		{24DE9E2C-4ADC-48E6-ADF0-1E2B00596ECD}.Debug|Win32.ActiveCfg = Debug|Any CPU
		{24DE9E2C-4ADC-48E6-ADF0-1E2B00596ECD}.Debug|Win32.Build.0 = Debug|Any CPU
		{24DE9E2C-4ADC-48E6-ADF0-1E2B00596ECD}.Debug|x64.ActiveCfg = Debug|Any CPU
		{24DE9E2C-4ADC-48E6-ADF0-1E2B00596ECD}.Debug|x64.Build.0 = Debug|Any CPU
		{24DE9E2C-4ADC-48E6-ADF0-1E2B00596ECD}.Debug|x86.ActiveCfg = Debug|Any CPU
		{24DE9E2C-4ADC-48E6-ADF0-1E2B00596ECD}.Debug|x86.Build.0 = Debug|Any CPU
		{24DE9E2C-4ADC-48E6-ADF0-1E2B00596ECD}.Release|Any CPU.ActiveCfg = Release|Any CPU
		{24DE9E2C-4ADC-48E6-ADF0-1E2B00596ECD}.Release|Any CPU.Build.0 = Release|Any CPU
		{24DE9E2C-4ADC-48E6-ADF0-1E2B00596ECD}.Release|Mixed Platforms.ActiveCfg = Release|Any CPU
		{24DE9E2C-4ADC-48E6-ADF0-1E2B00596ECD}.Release|Mixed Platforms.Build.0 = Release|Any CPU
		{24DE9E2C-4ADC-48E6-ADF0-1E2B00596ECD}.Release|Win32.ActiveCfg = Release|Any CPU
		{24DE9E2C-4ADC-48E6-ADF0-1E2B00596ECD}.Release|Win32.Build.0 = Release|Any CPU
		{24DE9E2C-4ADC-48E6-ADF0-1E2B00596ECD}.Release|x64.ActiveCfg = Release|Any CPU
		{24DE9E2C-4ADC-48E6-ADF0-1E2B00596ECD}.Release|x64.Build.0 = Release|Any CPU
		{24DE9E2C-4ADC-48E6-ADF0-1E2B00596ECD}.Release|x86.ActiveCfg = Release|Any CPU
		{24DE9E2C-4ADC-48E6-ADF0-1E2B00596ECD}.Release|x86.Build.0 = Release|Any CPU
		{970449A2-3BBB-4E87-8513-C41F109B1A3E}.Debug|Any CPU.ActiveCfg = Debug|Any CPU
		{970449A2-3BBB-4E87-8513-C41F109B1A3E}.Debug|Any CPU.Build.0 = Debug|Any CPU
		{970449A2-3BBB-4E87-8513-C41F109B1A3E}.Debug|Mixed Platforms.ActiveCfg = Debug|Any CPU
		{970449A2-3BBB-4E87-8513-C41F109B1A3E}.Debug|Mixed Platforms.Build.0 = Debug|Any CPU
		{970449A2-3BBB-4E87-8513-C41F109B1A3E}.Debug|Win32.ActiveCfg = Debug|Any CPU
		{970449A2-3BBB-4E87-8513-C41F109B1A3E}.Debug|Win32.Build.0 = Debug|Any CPU
		{970449A2-3BBB-4E87-8513-C41F109B1A3E}.Debug|x64.ActiveCfg = Debug|Any CPU
		{970449A2-3BBB-4E87-8513-C41F109B1A3E}.Debug|x64.Build.0 = Debug|Any CPU
		{970449A2-3BBB-4E87-8513-C41F109B1A3E}.Debug|x86.ActiveCfg = Debug|Any CPU
		{970449A2-3BBB-4E87-8513-C41F109B1A3E}.Debug|x86.Build.0 = Debug|Any CPU
		{970449A2-3BBB-4E87-8513-C41F109B1A3E}.Release|Any CPU.ActiveCfg = Release|Any CPU
		{970449A2-3BBB-4E87-8513-C41F109B1A3E}.Release|Any CPU.Build.0 = Release|Any CPU
		{970449A2-3BBB-4E87-8513-C41F109B1A3E}.Release|Mixed Platforms.ActiveCfg = Release|Any CPU
		{970449A2-3BBB-4E87-8513-C41F109B1A3E}.Release|Mixed Platforms.Build.0 = Release|Any CPU
		{970449A2-3BBB-4E87-8513-C41F109B1A3E}.Release|Win32.ActiveCfg = Release|Any CPU
		{970449A2-3BBB-4E87-8513-C41F109B1A3E}.Release|Win32.Build.0 = Release|Any CPU
		{970449A2-3BBB-4E87-8513-C41F109B1A3E}.Release|x64.ActiveCfg = Release|Any CPU
		{970449A2-3BBB-4E87-8513-C41F109B1A3E}.Release|x64.Build.0 = Release|Any CPU
		{970449A2-3BBB-4E87-8513-C41F109B1A3E}.Release|x86.ActiveCfg = Release|Any CPU
		{970449A2-3BBB-4E87-8513-C41F109B1A3E}.Release|x86.Build.0 = Release|Any CPU
	EndGlobalSection
	GlobalSection(SolutionProperties) = preSolution
		HideSolutionNode = FALSE
	EndGlobalSection
	GlobalSection(NestedProjects) = preSolution
		{13ED5001-B871-4BC3-8499-29607F596C7C} = {AF391791-F4B7-41AC-8F08-9485DAC543C5}
		{CCC1F7F8-8D3B-49C3-BAD4-17C784499AF1} = {C43EE429-DE10-4906-BB09-54E6A080948A}
		{34E6FF7E-EACA-4542-A569-812738A83EB8} = {AF391791-F4B7-41AC-8F08-9485DAC543C5}
		{D346515A-D457-49AC-B74D-1A343D870449} = {AF391791-F4B7-41AC-8F08-9485DAC543C5}
		{FFA613E0-5AA7-4385-AD3D-B1B4ABD959FA} = {AF391791-F4B7-41AC-8F08-9485DAC543C5}
		{E2C080E8-EA5B-4F49-AFD8-2534C8F5CA78} = {C43EE429-DE10-4906-BB09-54E6A080948A}
		{8B24A782-7A34-4258-B397-733C6728952C} = {AF391791-F4B7-41AC-8F08-9485DAC543C5}
		{7829F696-AFC4-4011-B9DE-6F1C24846D67} = {AF391791-F4B7-41AC-8F08-9485DAC543C5}
		{C46A8C00-CD50-4478-8639-6A6CF8CDD05B} = {AF391791-F4B7-41AC-8F08-9485DAC543C5}
		{B8208D93-75C4-44BF-80BC-DEB9678FA05E} = {AF391791-F4B7-41AC-8F08-9485DAC543C5}
		{AE99F965-68E2-4E7A-947A-0D2C61992792} = {AF391791-F4B7-41AC-8F08-9485DAC543C5}
		{BF98054D-21EB-46B2-994B-007B145D32A1} = {3F68EE40-3C6A-4FD1-B057-0427A9BF88BE}
		{87F66056-D3D9-47E0-8F9B-DF385CCF03AD} = {3F68EE40-3C6A-4FD1-B057-0427A9BF88BE}
		{0D752D1C-3985-4E27-92C4-0BEE72B1F58D} = {AF391791-F4B7-41AC-8F08-9485DAC543C5}
		{7E6564C3-04E3-418C-B96A-463FE2906F09} = {C43EE429-DE10-4906-BB09-54E6A080948A}
		{C8404BE7-504E-477C-BC29-41A49B1BCBD9} = {C43EE429-DE10-4906-BB09-54E6A080948A}
		{C5E5BC63-37C2-44F1-B2CF-906CABE4B614} = {C43EE429-DE10-4906-BB09-54E6A080948A}
		{462B03CA-FF32-4DBE-AA73-9204F6AAAF66} = {AF391791-F4B7-41AC-8F08-9485DAC543C5}
		{51E18677-FBF2-4CF1-AA6F-06C79DE619C2} = {C43EE429-DE10-4906-BB09-54E6A080948A}
		{A296F9FC-B5BE-4C01-ACC1-8F3DD1549B72} = {C43EE429-DE10-4906-BB09-54E6A080948A}
		{AEC44752-F844-4396-A02A-160E66D1A78F} = {AF391791-F4B7-41AC-8F08-9485DAC543C5}
		{5DCA7A59-3B5E-4751-A563-B78201F97AE3} = {C43EE429-DE10-4906-BB09-54E6A080948A}
		{D0E2FB09-0FEA-478A-9068-D6AA420C6DED} = {13ED5001-B871-4BC3-8499-29607F596C7C}
		{0E4CB542-5E58-4D24-9CAE-DAC83D932DBE} = {13ED5001-B871-4BC3-8499-29607F596C7C}
		{2D50D502-E10A-4B1C-8A49-DBC52B5CE9CB} = {13ED5001-B871-4BC3-8499-29607F596C7C}
		{1F31D08E-DE21-48F6-ADE3-315EA6268DD1} = {13ED5001-B871-4BC3-8499-29607F596C7C}
		{1DEBD970-0B84-41F7-B247-D4E853432432} = {13ED5001-B871-4BC3-8499-29607F596C7C}
		{68048350-2996-4B4A-90BE-3405F088BD5A} = {13ED5001-B871-4BC3-8499-29607F596C7C}
		{FE569E9D-AAAE-43CE-BE29-2C2197C0DF8F} = {13ED5001-B871-4BC3-8499-29607F596C7C}
		{3F59A0B7-745D-4ADA-A913-6A1AD1A149C2} = {C43EE429-DE10-4906-BB09-54E6A080948A}
		{F6AA0E08-2A20-4019-9720-588D3A0DAF2C} = {AF391791-F4B7-41AC-8F08-9485DAC543C5}
		{88772B8E-1D5D-47D5-BDEB-1FDADA481845} = {AF391791-F4B7-41AC-8F08-9485DAC543C5}
		{F8DC9AE8-54E1-443C-BF04-60AB0D169E3A} = {AF391791-F4B7-41AC-8F08-9485DAC543C5}
		{D2B06998-051A-4BCA-B005-F9F03FA83AD6} = {C43EE429-DE10-4906-BB09-54E6A080948A}
		{A6FE6180-B68C-447F-9CD6-66287B329B80} = {D825D676-CEB4-4D32-8049-A6383AD1929B}
		{46C749A6-9957-4C9F-8B4D-08B8A00B1A95} = {D825D676-CEB4-4D32-8049-A6383AD1929B}
		{CAF3AE3C-D013-43E7-9AFD-AC6956B2999F} = {46C749A6-9957-4C9F-8B4D-08B8A00B1A95}
		{9A9A9F26-597A-4FA6-A4F1-415063484D9C} = {CAF3AE3C-D013-43E7-9AFD-AC6956B2999F}
		{24E62AB7-64E4-4975-9417-883559D1BC19} = {AF8C0E0F-D6F2-4F22-BF0D-0E904F46DD95}
		{D65583E4-8084-466A-BA4B-55A797EA047B} = {CAF3AE3C-D013-43E7-9AFD-AC6956B2999F}
		{BD6BBC90-60BE-4E7D-8458-91E9CDA66ABE} = {CAF3AE3C-D013-43E7-9AFD-AC6956B2999F}
		{AF8C0E0F-D6F2-4F22-BF0D-0E904F46DD95} = {A6FE6180-B68C-447F-9CD6-66287B329B80}
		{209FE200-D4E8-4E52-9AEA-7F77A10696A8} = {AF391791-F4B7-41AC-8F08-9485DAC543C5}
		{46275450-3B62-4E89-8F7E-3FE2EE8513D2} = {CAF3AE3C-D013-43E7-9AFD-AC6956B2999F}
		{18006692-AFCC-49FD-95F6-66E8A0C49E9B} = {CAF3AE3C-D013-43E7-9AFD-AC6956B2999F}
		{13883E8E-7DE1-4EDD-8E4A-C5357BA8CD81} = {CAF3AE3C-D013-43E7-9AFD-AC6956B2999F}
		{CF8E1753-EE98-410F-BB4B-6624B19C6B64} = {CAF3AE3C-D013-43E7-9AFD-AC6956B2999F}
		{24DE9E2C-4ADC-48E6-ADF0-1E2B00596ECD} = {CAF3AE3C-D013-43E7-9AFD-AC6956B2999F}
		{970449A2-3BBB-4E87-8513-C41F109B1A3E} = {0661BDE0-6471-49A4-B902-F826D92EB96D}
		{A95304E0-DA56-45EE-B5DA-BB6B46D83D88} = {D825D676-CEB4-4D32-8049-A6383AD1929B}
		{0661BDE0-6471-49A4-B902-F826D92EB96D} = {A95304E0-DA56-45EE-B5DA-BB6B46D83D88}
	EndGlobalSection
EndGlobal
