
Microsoft Visual Studio Solution File, Format Version 12.00
# Visual Studio 14
VisualStudioVersion = 14.0.22303.1
MinimumVisualStudioVersion = 10.0.40219.1
Project("{2150E333-8FDC-42A3-9474-1A3956D46DE8}") = "src", "src", "{7DABD5AE-2ABC-4D08-BA24-7118D5073F77}"
EndProject
Project("{8BB2217D-0F2D-49D1-97BC-3654ED321F3B}") = "ConsoleApp1", "src\ConsoleApp1\ConsoleApp1.xproj", "{EDB570D0-B826-4043-A449-9ED5FC05216C}"
EndProject
Project("{2150E333-8FDC-42A3-9474-1A3956D46DE8}") = "Solution Items", "Solution Items", "{15AC558F-FCD4-46C5-AADD-B5713085DFCA}"
	ProjectSection(SolutionItems) = preProject
		global.json = global.json
	EndProjectSection
EndProject
Project("{FAE04EC0-301F-11D3-BF4B-00C04F79EFBC}") = "LibraryEpsilon", "LibraryEpsilon\LibraryEpsilon.csproj", "{3169EC2C-763B-4175-B4FE-6DC9A48DA054}"
EndProject
Project("{FAE04EC0-301F-11D3-BF4B-00C04F79EFBC}") = "LibraryGamma", "LibraryGamma\LibraryGamma.csproj", "{E9216B4A-4FB9-4D79-B0DB-64BC66E11EA5}"
EndProject
Project("{8BB2217D-0F2D-49D1-97BC-3654ED321F3B}") = "LibraryAlpha", "src\LibraryAlpha\LibraryAlpha.xproj", "{D5CD5568-6E10-48CA-A871-AEBB9CE0A175}"
EndProject
Project("{FAE04EC0-301F-11D3-BF4B-00C04F79EFBC}") = "LibraryBeta.PCL", "LibraryBeta.PCL\LibraryBeta.PCL.csproj", "{602BAE3A-85EC-4A4C-BCD3-C6C5B7BC7FA3}"
EndProject
Project("{FAE04EC0-301F-11D3-BF4B-00C04F79EFBC}") = "LibraryBeta.PCL.Desktop", "LibraryBeta.PCL.Desktop\LibraryBeta.PCL.Desktop.csproj", "{01ADBDEA-3B6E-44DD-94A0-83349000C4DD}"
EndProject
Project("{FAE04EC0-301F-11D3-BF4B-00C04F79EFBC}") = "LibraryBeta.PCL.Phone", "LibraryBeta.PCL.Phone\LibraryBeta.PCL.Phone.csproj", "{9E80E9DB-D1BE-4C01-AEF9-D5DFC6547423}"
EndProject
Project("{8BB2217D-0F2D-49D1-97BC-3654ED321F3B}") = "LibraryBeta", "src\LibraryBeta\LibraryBeta.xproj", "{6BF9B47F-E3E5-4C1A-9F48-9690C7298ED6}"
EndProject
Global
	GlobalSection(SolutionConfigurationPlatforms) = preSolution
		Debug|Any CPU = Debug|Any CPU
		Debug|ARM = Debug|ARM
		Debug|x86 = Debug|x86
		Release|Any CPU = Release|Any CPU
		Release|ARM = Release|ARM
		Release|x86 = Release|x86
	EndGlobalSection
	GlobalSection(ProjectConfigurationPlatforms) = postSolution
		{EDB570D0-B826-4043-A449-9ED5FC05216C}.Debug|Any CPU.ActiveCfg = Debug|Any CPU
		{EDB570D0-B826-4043-A449-9ED5FC05216C}.Debug|Any CPU.Build.0 = Debug|Any CPU
		{EDB570D0-B826-4043-A449-9ED5FC05216C}.Debug|ARM.ActiveCfg = Debug|Any CPU
		{EDB570D0-B826-4043-A449-9ED5FC05216C}.Debug|ARM.Build.0 = Debug|Any CPU
		{EDB570D0-B826-4043-A449-9ED5FC05216C}.Debug|x86.ActiveCfg = Debug|Any CPU
		{EDB570D0-B826-4043-A449-9ED5FC05216C}.Debug|x86.Build.0 = Debug|Any CPU
		{EDB570D0-B826-4043-A449-9ED5FC05216C}.Release|Any CPU.ActiveCfg = Release|Any CPU
		{EDB570D0-B826-4043-A449-9ED5FC05216C}.Release|Any CPU.Build.0 = Release|Any CPU
		{EDB570D0-B826-4043-A449-9ED5FC05216C}.Release|ARM.ActiveCfg = Release|Any CPU
		{EDB570D0-B826-4043-A449-9ED5FC05216C}.Release|ARM.Build.0 = Release|Any CPU
		{EDB570D0-B826-4043-A449-9ED5FC05216C}.Release|x86.ActiveCfg = Release|Any CPU
		{EDB570D0-B826-4043-A449-9ED5FC05216C}.Release|x86.Build.0 = Release|Any CPU
		{3169EC2C-763B-4175-B4FE-6DC9A48DA054}.Debug|Any CPU.ActiveCfg = Debug|Any CPU
		{3169EC2C-763B-4175-B4FE-6DC9A48DA054}.Debug|Any CPU.Build.0 = Debug|Any CPU
		{3169EC2C-763B-4175-B4FE-6DC9A48DA054}.Debug|ARM.ActiveCfg = Debug|Any CPU
		{3169EC2C-763B-4175-B4FE-6DC9A48DA054}.Debug|ARM.Build.0 = Debug|Any CPU
		{3169EC2C-763B-4175-B4FE-6DC9A48DA054}.Debug|x86.ActiveCfg = Debug|Any CPU
		{3169EC2C-763B-4175-B4FE-6DC9A48DA054}.Debug|x86.Build.0 = Debug|Any CPU
		{3169EC2C-763B-4175-B4FE-6DC9A48DA054}.Release|Any CPU.ActiveCfg = Release|Any CPU
		{3169EC2C-763B-4175-B4FE-6DC9A48DA054}.Release|Any CPU.Build.0 = Release|Any CPU
		{3169EC2C-763B-4175-B4FE-6DC9A48DA054}.Release|ARM.ActiveCfg = Release|Any CPU
		{3169EC2C-763B-4175-B4FE-6DC9A48DA054}.Release|ARM.Build.0 = Release|Any CPU
		{3169EC2C-763B-4175-B4FE-6DC9A48DA054}.Release|x86.ActiveCfg = Release|Any CPU
		{3169EC2C-763B-4175-B4FE-6DC9A48DA054}.Release|x86.Build.0 = Release|Any CPU
		{E9216B4A-4FB9-4D79-B0DB-64BC66E11EA5}.Debug|Any CPU.ActiveCfg = Debug|Any CPU
		{E9216B4A-4FB9-4D79-B0DB-64BC66E11EA5}.Debug|Any CPU.Build.0 = Debug|Any CPU
		{E9216B4A-4FB9-4D79-B0DB-64BC66E11EA5}.Debug|ARM.ActiveCfg = Debug|Any CPU
		{E9216B4A-4FB9-4D79-B0DB-64BC66E11EA5}.Debug|ARM.Build.0 = Debug|Any CPU
		{E9216B4A-4FB9-4D79-B0DB-64BC66E11EA5}.Debug|x86.ActiveCfg = Debug|Any CPU
		{E9216B4A-4FB9-4D79-B0DB-64BC66E11EA5}.Debug|x86.Build.0 = Debug|Any CPU
		{E9216B4A-4FB9-4D79-B0DB-64BC66E11EA5}.Release|Any CPU.ActiveCfg = Release|Any CPU
		{E9216B4A-4FB9-4D79-B0DB-64BC66E11EA5}.Release|Any CPU.Build.0 = Release|Any CPU
		{E9216B4A-4FB9-4D79-B0DB-64BC66E11EA5}.Release|ARM.ActiveCfg = Release|Any CPU
		{E9216B4A-4FB9-4D79-B0DB-64BC66E11EA5}.Release|ARM.Build.0 = Release|Any CPU
		{E9216B4A-4FB9-4D79-B0DB-64BC66E11EA5}.Release|x86.ActiveCfg = Release|Any CPU
		{E9216B4A-4FB9-4D79-B0DB-64BC66E11EA5}.Release|x86.Build.0 = Release|Any CPU
		{D5CD5568-6E10-48CA-A871-AEBB9CE0A175}.Debug|Any CPU.ActiveCfg = Debug|Any CPU
		{D5CD5568-6E10-48CA-A871-AEBB9CE0A175}.Debug|Any CPU.Build.0 = Debug|Any CPU
		{D5CD5568-6E10-48CA-A871-AEBB9CE0A175}.Debug|ARM.ActiveCfg = Debug|Any CPU
		{D5CD5568-6E10-48CA-A871-AEBB9CE0A175}.Debug|ARM.Build.0 = Debug|Any CPU
		{D5CD5568-6E10-48CA-A871-AEBB9CE0A175}.Debug|x86.ActiveCfg = Debug|Any CPU
		{D5CD5568-6E10-48CA-A871-AEBB9CE0A175}.Debug|x86.Build.0 = Debug|Any CPU
		{D5CD5568-6E10-48CA-A871-AEBB9CE0A175}.Release|Any CPU.ActiveCfg = Release|Any CPU
		{D5CD5568-6E10-48CA-A871-AEBB9CE0A175}.Release|Any CPU.Build.0 = Release|Any CPU
		{D5CD5568-6E10-48CA-A871-AEBB9CE0A175}.Release|ARM.ActiveCfg = Release|Any CPU
		{D5CD5568-6E10-48CA-A871-AEBB9CE0A175}.Release|ARM.Build.0 = Release|Any CPU
		{D5CD5568-6E10-48CA-A871-AEBB9CE0A175}.Release|x86.ActiveCfg = Release|Any CPU
		{D5CD5568-6E10-48CA-A871-AEBB9CE0A175}.Release|x86.Build.0 = Release|Any CPU
		{602BAE3A-85EC-4A4C-BCD3-C6C5B7BC7FA3}.Debug|Any CPU.ActiveCfg = Debug|Any CPU
		{602BAE3A-85EC-4A4C-BCD3-C6C5B7BC7FA3}.Debug|Any CPU.Build.0 = Debug|Any CPU
		{602BAE3A-85EC-4A4C-BCD3-C6C5B7BC7FA3}.Debug|ARM.ActiveCfg = Debug|Any CPU
		{602BAE3A-85EC-4A4C-BCD3-C6C5B7BC7FA3}.Debug|ARM.Build.0 = Debug|Any CPU
		{602BAE3A-85EC-4A4C-BCD3-C6C5B7BC7FA3}.Debug|x86.ActiveCfg = Debug|Any CPU
		{602BAE3A-85EC-4A4C-BCD3-C6C5B7BC7FA3}.Debug|x86.Build.0 = Debug|Any CPU
		{602BAE3A-85EC-4A4C-BCD3-C6C5B7BC7FA3}.Release|Any CPU.ActiveCfg = Release|Any CPU
		{602BAE3A-85EC-4A4C-BCD3-C6C5B7BC7FA3}.Release|Any CPU.Build.0 = Release|Any CPU
		{602BAE3A-85EC-4A4C-BCD3-C6C5B7BC7FA3}.Release|ARM.ActiveCfg = Release|Any CPU
		{602BAE3A-85EC-4A4C-BCD3-C6C5B7BC7FA3}.Release|ARM.Build.0 = Release|Any CPU
		{602BAE3A-85EC-4A4C-BCD3-C6C5B7BC7FA3}.Release|x86.ActiveCfg = Release|Any CPU
		{602BAE3A-85EC-4A4C-BCD3-C6C5B7BC7FA3}.Release|x86.Build.0 = Release|Any CPU
		{01ADBDEA-3B6E-44DD-94A0-83349000C4DD}.Debug|Any CPU.ActiveCfg = Debug|Any CPU
		{01ADBDEA-3B6E-44DD-94A0-83349000C4DD}.Debug|Any CPU.Build.0 = Debug|Any CPU
		{01ADBDEA-3B6E-44DD-94A0-83349000C4DD}.Debug|ARM.ActiveCfg = Debug|Any CPU
		{01ADBDEA-3B6E-44DD-94A0-83349000C4DD}.Debug|ARM.Build.0 = Debug|Any CPU
		{01ADBDEA-3B6E-44DD-94A0-83349000C4DD}.Debug|x86.ActiveCfg = Debug|Any CPU
		{01ADBDEA-3B6E-44DD-94A0-83349000C4DD}.Debug|x86.Build.0 = Debug|Any CPU
		{01ADBDEA-3B6E-44DD-94A0-83349000C4DD}.Release|Any CPU.ActiveCfg = Release|Any CPU
		{01ADBDEA-3B6E-44DD-94A0-83349000C4DD}.Release|Any CPU.Build.0 = Release|Any CPU
		{01ADBDEA-3B6E-44DD-94A0-83349000C4DD}.Release|ARM.ActiveCfg = Release|Any CPU
		{01ADBDEA-3B6E-44DD-94A0-83349000C4DD}.Release|ARM.Build.0 = Release|Any CPU
		{01ADBDEA-3B6E-44DD-94A0-83349000C4DD}.Release|x86.ActiveCfg = Release|Any CPU
		{01ADBDEA-3B6E-44DD-94A0-83349000C4DD}.Release|x86.Build.0 = Release|Any CPU
		{9E80E9DB-D1BE-4C01-AEF9-D5DFC6547423}.Debug|Any CPU.ActiveCfg = Debug|Any CPU
		{9E80E9DB-D1BE-4C01-AEF9-D5DFC6547423}.Debug|Any CPU.Build.0 = Debug|Any CPU
		{9E80E9DB-D1BE-4C01-AEF9-D5DFC6547423}.Debug|ARM.ActiveCfg = Debug|ARM
		{9E80E9DB-D1BE-4C01-AEF9-D5DFC6547423}.Debug|ARM.Build.0 = Debug|ARM
		{9E80E9DB-D1BE-4C01-AEF9-D5DFC6547423}.Debug|x86.ActiveCfg = Debug|x86
		{9E80E9DB-D1BE-4C01-AEF9-D5DFC6547423}.Debug|x86.Build.0 = Debug|x86
		{9E80E9DB-D1BE-4C01-AEF9-D5DFC6547423}.Release|Any CPU.ActiveCfg = Release|Any CPU
		{9E80E9DB-D1BE-4C01-AEF9-D5DFC6547423}.Release|Any CPU.Build.0 = Release|Any CPU
		{9E80E9DB-D1BE-4C01-AEF9-D5DFC6547423}.Release|ARM.ActiveCfg = Release|ARM
		{9E80E9DB-D1BE-4C01-AEF9-D5DFC6547423}.Release|ARM.Build.0 = Release|ARM
		{9E80E9DB-D1BE-4C01-AEF9-D5DFC6547423}.Release|x86.ActiveCfg = Release|x86
		{9E80E9DB-D1BE-4C01-AEF9-D5DFC6547423}.Release|x86.Build.0 = Release|x86
		{6BF9B47F-E3E5-4C1A-9F48-9690C7298ED6}.Debug|Any CPU.ActiveCfg = Debug|Any CPU
		{6BF9B47F-E3E5-4C1A-9F48-9690C7298ED6}.Debug|Any CPU.Build.0 = Debug|Any CPU
		{6BF9B47F-E3E5-4C1A-9F48-9690C7298ED6}.Debug|ARM.ActiveCfg = Debug|Any CPU
		{6BF9B47F-E3E5-4C1A-9F48-9690C7298ED6}.Debug|ARM.Build.0 = Debug|Any CPU
		{6BF9B47F-E3E5-4C1A-9F48-9690C7298ED6}.Debug|x86.ActiveCfg = Debug|Any CPU
		{6BF9B47F-E3E5-4C1A-9F48-9690C7298ED6}.Debug|x86.Build.0 = Debug|Any CPU
		{6BF9B47F-E3E5-4C1A-9F48-9690C7298ED6}.Release|Any CPU.ActiveCfg = Release|Any CPU
		{6BF9B47F-E3E5-4C1A-9F48-9690C7298ED6}.Release|Any CPU.Build.0 = Release|Any CPU
		{6BF9B47F-E3E5-4C1A-9F48-9690C7298ED6}.Release|ARM.ActiveCfg = Release|Any CPU
		{6BF9B47F-E3E5-4C1A-9F48-9690C7298ED6}.Release|ARM.Build.0 = Release|Any CPU
		{6BF9B47F-E3E5-4C1A-9F48-9690C7298ED6}.Release|x86.ActiveCfg = Release|Any CPU
		{6BF9B47F-E3E5-4C1A-9F48-9690C7298ED6}.Release|x86.Build.0 = Release|Any CPU
	EndGlobalSection
	GlobalSection(SolutionProperties) = preSolution
		HideSolutionNode = FALSE
	EndGlobalSection
	GlobalSection(NestedProjects) = preSolution
		{EDB570D0-B826-4043-A449-9ED5FC05216C} = {7DABD5AE-2ABC-4D08-BA24-7118D5073F77}
		{D5CD5568-6E10-48CA-A871-AEBB9CE0A175} = {7DABD5AE-2ABC-4D08-BA24-7118D5073F77}
	EndGlobalSection
EndGlobal
